// !$*UTF8*$!
{
	archiveVersion = 1;
	classes = {
	};
	objectVersion = 51;
	objects = {

/* Begin PBXBuildFile section */
		04EA543F170C770F1092B593 /* Pods_DiceKeysTests.framework in Frameworks */ = {isa = PBXBuildFile; fileRef = 2C745A8B1CC38B6B0C65BE2E /* Pods_DiceKeysTests.framework */; };
		17426E2C2564FA6000FB0FAB /* Face.swift in Sources */ = {isa = PBXBuildFile; fileRef = 17426E2B2564FA6000FB0FAB /* Face.swift */; };
		17426E2D2564FA6000FB0FAB /* Face.swift in Sources */ = {isa = PBXBuildFile; fileRef = 17426E2B2564FA6000FB0FAB /* Face.swift */; };
		17426E2E2564FA6000FB0FAB /* Face.swift in Sources */ = {isa = PBXBuildFile; fileRef = 17426E2B2564FA6000FB0FAB /* Face.swift */; };
		17426E322564FA8000FB0FAB /* FaceSpecification.swift in Sources */ = {isa = PBXBuildFile; fileRef = 17426E312564FA8000FB0FAB /* FaceSpecification.swift */; };
		17426E332564FA8000FB0FAB /* FaceSpecification.swift in Sources */ = {isa = PBXBuildFile; fileRef = 17426E312564FA8000FB0FAB /* FaceSpecification.swift */; };
		17426E342564FA8000FB0FAB /* FaceSpecification.swift in Sources */ = {isa = PBXBuildFile; fileRef = 17426E312564FA8000FB0FAB /* FaceSpecification.swift */; };
		17426E3A2564FAAF00FB0FAB /* FaceRead.swift in Sources */ = {isa = PBXBuildFile; fileRef = 17426E392564FAAF00FB0FAB /* FaceRead.swift */; };
		17426E3B2564FAAF00FB0FAB /* FaceRead.swift in Sources */ = {isa = PBXBuildFile; fileRef = 17426E392564FAAF00FB0FAB /* FaceRead.swift */; };
		17426E3C2564FAAF00FB0FAB /* FaceRead.swift in Sources */ = {isa = PBXBuildFile; fileRef = 17426E392564FAAF00FB0FAB /* FaceRead.swift */; };
		17426E422564FAB700FB0FAB /* DiceKey.swift in Sources */ = {isa = PBXBuildFile; fileRef = 17426E412564FAB700FB0FAB /* DiceKey.swift */; };
		17426E432564FAB700FB0FAB /* DiceKey.swift in Sources */ = {isa = PBXBuildFile; fileRef = 17426E412564FAB700FB0FAB /* DiceKey.swift */; };
		17426E442564FAB700FB0FAB /* DiceKey.swift in Sources */ = {isa = PBXBuildFile; fileRef = 17426E412564FAB700FB0FAB /* DiceKey.swift */; };
		17426E4A2564FADA00FB0FAB /* ApiInterfaces.swift in Sources */ = {isa = PBXBuildFile; fileRef = 17426E492564FADA00FB0FAB /* ApiInterfaces.swift */; };
		17426E4B2564FADA00FB0FAB /* ApiInterfaces.swift in Sources */ = {isa = PBXBuildFile; fileRef = 17426E492564FADA00FB0FAB /* ApiInterfaces.swift */; };
		17426E4C2564FADA00FB0FAB /* ApiInterfaces.swift in Sources */ = {isa = PBXBuildFile; fileRef = 17426E492564FADA00FB0FAB /* ApiInterfaces.swift */; };
		17426E532564FAFB00FB0FAB /* ApiRequest.swift in Sources */ = {isa = PBXBuildFile; fileRef = 17426E522564FAFB00FB0FAB /* ApiRequest.swift */; };
		17426E542564FAFB00FB0FAB /* ApiRequest.swift in Sources */ = {isa = PBXBuildFile; fileRef = 17426E522564FAFB00FB0FAB /* ApiRequest.swift */; };
		17426E5D2564FB0B00FB0FAB /* UnsealingInstructions.swift in Sources */ = {isa = PBXBuildFile; fileRef = 17426E592564FB0B00FB0FAB /* UnsealingInstructions.swift */; };
		17426E5E2564FB0B00FB0FAB /* UnsealingInstructions.swift in Sources */ = {isa = PBXBuildFile; fileRef = 17426E592564FB0B00FB0FAB /* UnsealingInstructions.swift */; };
		17426E5F2564FB0B00FB0FAB /* DerivationOptions.swift in Sources */ = {isa = PBXBuildFile; fileRef = 17426E5A2564FB0B00FB0FAB /* DerivationOptions.swift */; };
		17426E602564FB0B00FB0FAB /* DerivationOptions.swift in Sources */ = {isa = PBXBuildFile; fileRef = 17426E5A2564FB0B00FB0FAB /* DerivationOptions.swift */; };
		17426E612564FB0B00FB0FAB /* PermissionChecks.swift in Sources */ = {isa = PBXBuildFile; fileRef = 17426E5B2564FB0B00FB0FAB /* PermissionChecks.swift */; };
		17426E622564FB0B00FB0FAB /* PermissionChecks.swift in Sources */ = {isa = PBXBuildFile; fileRef = 17426E5B2564FB0B00FB0FAB /* PermissionChecks.swift */; };
		17426E632564FB0B00FB0FAB /* WebBasedApplicationIdentity.swift in Sources */ = {isa = PBXBuildFile; fileRef = 17426E5C2564FB0B00FB0FAB /* WebBasedApplicationIdentity.swift */; };
		17426E642564FB0B00FB0FAB /* WebBasedApplicationIdentity.swift in Sources */ = {isa = PBXBuildFile; fileRef = 17426E5C2564FB0B00FB0FAB /* WebBasedApplicationIdentity.swift */; };
		17426E792564FB7300FB0FAB /* DiceKeyView.swift in Sources */ = {isa = PBXBuildFile; fileRef = 17426E772564FB7200FB0FAB /* DiceKeyView.swift */; };
		17426E7A2564FB7300FB0FAB /* DiceKeyView.swift in Sources */ = {isa = PBXBuildFile; fileRef = 17426E772564FB7200FB0FAB /* DiceKeyView.swift */; };
		17426E7B2564FB7300FB0FAB /* DiceKeyView.swift in Sources */ = {isa = PBXBuildFile; fileRef = 17426E772564FB7200FB0FAB /* DiceKeyView.swift */; };
		17426E882565E1CE00FB0FAB /* Inconsolata-Bold.otf in Resources */ = {isa = PBXBuildFile; fileRef = 17426E872565E1CD00FB0FAB /* Inconsolata-Bold.otf */; };
		17426E892565E1CE00FB0FAB /* Inconsolata-Bold.otf in Resources */ = {isa = PBXBuildFile; fileRef = 17426E872565E1CD00FB0FAB /* Inconsolata-Bold.otf */; };
		17426E8A2565E1CE00FB0FAB /* Inconsolata-Bold.otf in Resources */ = {isa = PBXBuildFile; fileRef = 17426E872565E1CD00FB0FAB /* Inconsolata-Bold.otf */; };
		17426E932566316100FB0FAB /* DiceKeysCameraView.swift in Sources */ = {isa = PBXBuildFile; fileRef = 17426E922566316100FB0FAB /* DiceKeysCameraView.swift */; };
		17426E942566316100FB0FAB /* DiceKeysCameraView.swift in Sources */ = {isa = PBXBuildFile; fileRef = 17426E922566316100FB0FAB /* DiceKeysCameraView.swift */; };
		17426E952566316100FB0FAB /* DiceKeysCameraView.swift in Sources */ = {isa = PBXBuildFile; fileRef = 17426E922566316100FB0FAB /* DiceKeysCameraView.swift */; };
		17426EB62567C03500FB0FAB /* FacesReadOverlay.swift in Sources */ = {isa = PBXBuildFile; fileRef = 17426EB52567C03400FB0FAB /* FacesReadOverlay.swift */; };
		17426EB72567C03500FB0FAB /* FacesReadOverlay.swift in Sources */ = {isa = PBXBuildFile; fileRef = 17426EB52567C03400FB0FAB /* FacesReadOverlay.swift */; };
		17426EB82567C03500FB0FAB /* FacesReadOverlay.swift in Sources */ = {isa = PBXBuildFile; fileRef = 17426EB52567C03400FB0FAB /* FacesReadOverlay.swift */; };
		17426ED02567CC7700FB0FAB /* DieFaceView.swift in Sources */ = {isa = PBXBuildFile; fileRef = 17426ECF2567CC7700FB0FAB /* DieFaceView.swift */; };
		17426ED12567CC7700FB0FAB /* DieFaceView.swift in Sources */ = {isa = PBXBuildFile; fileRef = 17426ECF2567CC7700FB0FAB /* DieFaceView.swift */; };
		17426ED22567CC7700FB0FAB /* DieFaceView.swift in Sources */ = {isa = PBXBuildFile; fileRef = 17426ECF2567CC7700FB0FAB /* DieFaceView.swift */; };
		17533912256B2BCB00E090BC /* CameraController.swift in Sources */ = {isa = PBXBuildFile; fileRef = 17533911256B2BCB00E090BC /* CameraController.swift */; };
		17533916256B3AC500E090BC /* AppView.swift in Sources */ = {isa = PBXBuildFile; fileRef = 17533915256B3AC500E090BC /* AppView.swift */; };
		6185ECF52F55E701A7D44A6F /* Pods_DiceKeys.framework in Frameworks */ = {isa = PBXBuildFile; fileRef = AAD0DF73F2796056AF2C9CA0 /* Pods_DiceKeys.framework */; };
		6F3EE4E22549B2BB002602CD /* test.png in Resources */ = {isa = PBXBuildFile; fileRef = 6F3EE4E12549B2BB002602CD /* test.png */; };
		6F846B45254AAC5200ABE33B /* Bitmap.swift in Sources */ = {isa = PBXBuildFile; fileRef = 6F846B44254AAC5200ABE33B /* Bitmap.swift */; };
		6F846C04254B2BCF00ABE33B /* UIWindow+Orientation.swift in Sources */ = {isa = PBXBuildFile; fileRef = 6F846C03254B2BCF00ABE33B /* UIWindow+Orientation.swift */; };
		6FAC6AB325480DE200AA8249 /* Assets.xcassets in Resources */ = {isa = PBXBuildFile; fileRef = 6FAC6AB225480DE200AA8249 /* Assets.xcassets */; };
		6FAC6AC125480DE200AA8249 /* DiceKeysTests.swift in Sources */ = {isa = PBXBuildFile; fileRef = 6FAC6AC025480DE200AA8249 /* DiceKeysTests.swift */; };
		6FAC6ACC25480DE200AA8249 /* DiceKeysUITests.swift in Sources */ = {isa = PBXBuildFile; fileRef = 6FAC6ACB25480DE200AA8249 /* DiceKeysUITests.swift */; };
		B5D66895958DCA98A0B25D61 /* Pods_DiceKeys_DiceKeysUITests.framework in Frameworks */ = {isa = PBXBuildFile; fileRef = A8FF34CD70539F7AB4106E41 /* Pods_DiceKeys_DiceKeysUITests.framework */; };
/* End PBXBuildFile section */

/* Begin PBXContainerItemProxy section */
		6FAC6ABD25480DE200AA8249 /* PBXContainerItemProxy */ = {
			isa = PBXContainerItemProxy;
			containerPortal = 6FAC6A9E25480DE000AA8249 /* Project object */;
			proxyType = 1;
			remoteGlobalIDString = 6FAC6AA525480DE000AA8249;
			remoteInfo = DiceKeys;
		};
		6FAC6AC825480DE200AA8249 /* PBXContainerItemProxy */ = {
			isa = PBXContainerItemProxy;
			containerPortal = 6FAC6A9E25480DE000AA8249 /* Project object */;
			proxyType = 1;
			remoteGlobalIDString = 6FAC6AA525480DE000AA8249;
			remoteInfo = DiceKeys;
		};
/* End PBXContainerItemProxy section */

/* Begin PBXCopyFilesBuildPhase section */
		6F565C5F2551736100B6B3B1 /* Embed Frameworks */ = {
			isa = PBXCopyFilesBuildPhase;
			buildActionMask = 2147483647;
			dstPath = "";
			dstSubfolderSpec = 10;
			files = (
			);
			name = "Embed Frameworks";
			runOnlyForDeploymentPostprocessing = 0;
		};
/* End PBXCopyFilesBuildPhase section */

/* Begin PBXFileReference section */
		17426E2B2564FA6000FB0FAB /* Face.swift */ = {isa = PBXFileReference; lastKnownFileType = sourcecode.swift; path = Face.swift; sourceTree = "<group>"; };
		17426E312564FA8000FB0FAB /* FaceSpecification.swift */ = {isa = PBXFileReference; fileEncoding = 4; lastKnownFileType = sourcecode.swift; path = FaceSpecification.swift; sourceTree = "<group>"; };
		17426E392564FAAF00FB0FAB /* FaceRead.swift */ = {isa = PBXFileReference; fileEncoding = 4; lastKnownFileType = sourcecode.swift; path = FaceRead.swift; sourceTree = "<group>"; };
		17426E412564FAB700FB0FAB /* DiceKey.swift */ = {isa = PBXFileReference; fileEncoding = 4; lastKnownFileType = sourcecode.swift; path = DiceKey.swift; sourceTree = "<group>"; };
		17426E492564FADA00FB0FAB /* ApiInterfaces.swift */ = {isa = PBXFileReference; fileEncoding = 4; lastKnownFileType = sourcecode.swift; path = ApiInterfaces.swift; sourceTree = "<group>"; };
		17426E522564FAFB00FB0FAB /* ApiRequest.swift */ = {isa = PBXFileReference; fileEncoding = 4; lastKnownFileType = sourcecode.swift; path = ApiRequest.swift; sourceTree = "<group>"; };
		17426E592564FB0B00FB0FAB /* UnsealingInstructions.swift */ = {isa = PBXFileReference; fileEncoding = 4; lastKnownFileType = sourcecode.swift; path = UnsealingInstructions.swift; sourceTree = "<group>"; };
		17426E5A2564FB0B00FB0FAB /* DerivationOptions.swift */ = {isa = PBXFileReference; fileEncoding = 4; lastKnownFileType = sourcecode.swift; path = DerivationOptions.swift; sourceTree = "<group>"; };
		17426E5B2564FB0B00FB0FAB /* PermissionChecks.swift */ = {isa = PBXFileReference; fileEncoding = 4; lastKnownFileType = sourcecode.swift; path = PermissionChecks.swift; sourceTree = "<group>"; };
		17426E5C2564FB0B00FB0FAB /* WebBasedApplicationIdentity.swift */ = {isa = PBXFileReference; fileEncoding = 4; lastKnownFileType = sourcecode.swift; path = WebBasedApplicationIdentity.swift; sourceTree = "<group>"; };
		17426E772564FB7200FB0FAB /* DiceKeyView.swift */ = {isa = PBXFileReference; fileEncoding = 4; lastKnownFileType = sourcecode.swift; path = DiceKeyView.swift; sourceTree = "<group>"; };
		17426E872565E1CD00FB0FAB /* Inconsolata-Bold.otf */ = {isa = PBXFileReference; lastKnownFileType = file; path = "Inconsolata-Bold.otf"; sourceTree = "<group>"; };
		17426E922566316100FB0FAB /* DiceKeysCameraView.swift */ = {isa = PBXFileReference; lastKnownFileType = sourcecode.swift; path = DiceKeysCameraView.swift; sourceTree = "<group>"; };
		17426EB52567C03400FB0FAB /* FacesReadOverlay.swift */ = {isa = PBXFileReference; lastKnownFileType = sourcecode.swift; path = FacesReadOverlay.swift; sourceTree = "<group>"; };
		17426ECF2567CC7700FB0FAB /* DieFaceView.swift */ = {isa = PBXFileReference; lastKnownFileType = sourcecode.swift; path = DieFaceView.swift; sourceTree = "<group>"; };
		17533911256B2BCB00E090BC /* CameraController.swift */ = {isa = PBXFileReference; lastKnownFileType = sourcecode.swift; path = CameraController.swift; sourceTree = "<group>"; };
		17533915256B3AC500E090BC /* AppView.swift */ = {isa = PBXFileReference; lastKnownFileType = sourcecode.swift; path = AppView.swift; sourceTree = "<group>"; };
		2C745A8B1CC38B6B0C65BE2E /* Pods_DiceKeysTests.framework */ = {isa = PBXFileReference; explicitFileType = wrapper.framework; includeInIndex = 0; path = Pods_DiceKeysTests.framework; sourceTree = BUILT_PRODUCTS_DIR; };
		336285FF67EA50C62F01AC19 /* Pods-DiceKeys.release.xcconfig */ = {isa = PBXFileReference; includeInIndex = 1; lastKnownFileType = text.xcconfig; name = "Pods-DiceKeys.release.xcconfig"; path = "Target Support Files/Pods-DiceKeys/Pods-DiceKeys.release.xcconfig"; sourceTree = "<group>"; };
		3D5F184BC3A8DD2234A00D0F /* Pods-DiceKeysTests.debug.xcconfig */ = {isa = PBXFileReference; includeInIndex = 1; lastKnownFileType = text.xcconfig; name = "Pods-DiceKeysTests.debug.xcconfig"; path = "Target Support Files/Pods-DiceKeysTests/Pods-DiceKeysTests.debug.xcconfig"; sourceTree = "<group>"; };
		6F3EE4E12549B2BB002602CD /* test.png */ = {isa = PBXFileReference; lastKnownFileType = image.png; path = test.png; sourceTree = "<group>"; };
		6F846B44254AAC5200ABE33B /* Bitmap.swift */ = {isa = PBXFileReference; lastKnownFileType = sourcecode.swift; path = Bitmap.swift; sourceTree = "<group>"; };
		6F846C03254B2BCF00ABE33B /* UIWindow+Orientation.swift */ = {isa = PBXFileReference; lastKnownFileType = sourcecode.swift; path = "UIWindow+Orientation.swift"; sourceTree = "<group>"; };
		6FAC6AA625480DE000AA8249 /* DiceKeys.app */ = {isa = PBXFileReference; explicitFileType = wrapper.application; includeInIndex = 0; path = DiceKeys.app; sourceTree = BUILT_PRODUCTS_DIR; };
		6FAC6AB225480DE200AA8249 /* Assets.xcassets */ = {isa = PBXFileReference; lastKnownFileType = folder.assetcatalog; path = Assets.xcassets; sourceTree = "<group>"; };
		6FAC6AB725480DE200AA8249 /* Info.plist */ = {isa = PBXFileReference; lastKnownFileType = text.plist.xml; path = Info.plist; sourceTree = "<group>"; };
		6FAC6ABC25480DE200AA8249 /* DiceKeysTests.xctest */ = {isa = PBXFileReference; explicitFileType = wrapper.cfbundle; includeInIndex = 0; path = DiceKeysTests.xctest; sourceTree = BUILT_PRODUCTS_DIR; };
		6FAC6AC025480DE200AA8249 /* DiceKeysTests.swift */ = {isa = PBXFileReference; lastKnownFileType = sourcecode.swift; path = DiceKeysTests.swift; sourceTree = "<group>"; };
		6FAC6AC225480DE200AA8249 /* Info.plist */ = {isa = PBXFileReference; lastKnownFileType = text.plist.xml; path = Info.plist; sourceTree = "<group>"; };
		6FAC6AC725480DE200AA8249 /* DiceKeysUITests.xctest */ = {isa = PBXFileReference; explicitFileType = wrapper.cfbundle; includeInIndex = 0; path = DiceKeysUITests.xctest; sourceTree = BUILT_PRODUCTS_DIR; };
		6FAC6ACB25480DE200AA8249 /* DiceKeysUITests.swift */ = {isa = PBXFileReference; lastKnownFileType = sourcecode.swift; path = DiceKeysUITests.swift; sourceTree = "<group>"; };
		6FAC6ACD25480DE200AA8249 /* Info.plist */ = {isa = PBXFileReference; lastKnownFileType = text.plist.xml; path = Info.plist; sourceTree = "<group>"; };
		6FAC6D852548873000AA8249 /* .swift-version */ = {isa = PBXFileReference; lastKnownFileType = text; path = ".swift-version"; sourceTree = "<group>"; };
		6FAC6D862548873000AA8249 /* .swiftlint.yml */ = {isa = PBXFileReference; lastKnownFileType = text.yaml; path = .swiftlint.yml; sourceTree = "<group>"; };
		6FAC6DA625488BCB00AA8249 /* DiceKeys-Bridging-Header.h */ = {isa = PBXFileReference; lastKnownFileType = sourcecode.c.h; path = "DiceKeys-Bridging-Header.h"; sourceTree = "<group>"; };
		A8FF34CD70539F7AB4106E41 /* Pods_DiceKeys_DiceKeysUITests.framework */ = {isa = PBXFileReference; explicitFileType = wrapper.framework; includeInIndex = 0; path = Pods_DiceKeys_DiceKeysUITests.framework; sourceTree = BUILT_PRODUCTS_DIR; };
		AAD0DF73F2796056AF2C9CA0 /* Pods_DiceKeys.framework */ = {isa = PBXFileReference; explicitFileType = wrapper.framework; includeInIndex = 0; path = Pods_DiceKeys.framework; sourceTree = BUILT_PRODUCTS_DIR; };
		B4CF76E3ABEDC8F66941F330 /* Pods-DiceKeys-DiceKeysUITests.debug.xcconfig */ = {isa = PBXFileReference; includeInIndex = 1; lastKnownFileType = text.xcconfig; name = "Pods-DiceKeys-DiceKeysUITests.debug.xcconfig"; path = "Target Support Files/Pods-DiceKeys-DiceKeysUITests/Pods-DiceKeys-DiceKeysUITests.debug.xcconfig"; sourceTree = "<group>"; };
		D62952D418B79F6700259BAD /* Pods-DiceKeys-DiceKeysUITests.release.xcconfig */ = {isa = PBXFileReference; includeInIndex = 1; lastKnownFileType = text.xcconfig; name = "Pods-DiceKeys-DiceKeysUITests.release.xcconfig"; path = "Target Support Files/Pods-DiceKeys-DiceKeysUITests/Pods-DiceKeys-DiceKeysUITests.release.xcconfig"; sourceTree = "<group>"; };
		DB881CF2AEECEBA83A4A2040 /* Pods-DiceKeys.debug.xcconfig */ = {isa = PBXFileReference; includeInIndex = 1; lastKnownFileType = text.xcconfig; name = "Pods-DiceKeys.debug.xcconfig"; path = "Target Support Files/Pods-DiceKeys/Pods-DiceKeys.debug.xcconfig"; sourceTree = "<group>"; };
		F5E037741A28CC6CA9137A98 /* Pods-DiceKeysTests.release.xcconfig */ = {isa = PBXFileReference; includeInIndex = 1; lastKnownFileType = text.xcconfig; name = "Pods-DiceKeysTests.release.xcconfig"; path = "Target Support Files/Pods-DiceKeysTests/Pods-DiceKeysTests.release.xcconfig"; sourceTree = "<group>"; };
/* End PBXFileReference section */

/* Begin PBXFrameworksBuildPhase section */
		6FAC6AA325480DE000AA8249 /* Frameworks */ = {
			isa = PBXFrameworksBuildPhase;
			buildActionMask = 2147483647;
			files = (
				6185ECF52F55E701A7D44A6F /* Pods_DiceKeys.framework in Frameworks */,
			);
			runOnlyForDeploymentPostprocessing = 0;
		};
		6FAC6AB925480DE200AA8249 /* Frameworks */ = {
			isa = PBXFrameworksBuildPhase;
			buildActionMask = 2147483647;
			files = (
				04EA543F170C770F1092B593 /* Pods_DiceKeysTests.framework in Frameworks */,
			);
			runOnlyForDeploymentPostprocessing = 0;
		};
		6FAC6AC425480DE200AA8249 /* Frameworks */ = {
			isa = PBXFrameworksBuildPhase;
			buildActionMask = 2147483647;
			files = (
				B5D66895958DCA98A0B25D61 /* Pods_DiceKeys_DiceKeysUITests.framework in Frameworks */,
			);
			runOnlyForDeploymentPostprocessing = 0;
		};
/* End PBXFrameworksBuildPhase section */

/* Begin PBXGroup section */
		17426E122564F91E00FB0FAB /* DiceKey */ = {
			isa = PBXGroup;
			children = (
				17426E312564FA8000FB0FAB /* FaceSpecification.swift */,
				17426E412564FAB700FB0FAB /* DiceKey.swift */,
				17426E392564FAAF00FB0FAB /* FaceRead.swift */,
				17426E2B2564FA6000FB0FAB /* Face.swift */,
			);
			path = DiceKey;
			sourceTree = "<group>";
		};
		17426E512564FAE000FB0FAB /* Api */ = {
			isa = PBXGroup;
			children = (
				17426E522564FAFB00FB0FAB /* ApiRequest.swift */,
				17426E5A2564FB0B00FB0FAB /* DerivationOptions.swift */,
				17426E5B2564FB0B00FB0FAB /* PermissionChecks.swift */,
				17426E592564FB0B00FB0FAB /* UnsealingInstructions.swift */,
				17426E5C2564FB0B00FB0FAB /* WebBasedApplicationIdentity.swift */,
				17426E492564FADA00FB0FAB /* ApiInterfaces.swift */,
			);
			path = Api;
			sourceTree = "<group>";
		};
		17426E742564FB4600FB0FAB /* Views */ = {
			isa = PBXGroup;
			children = (
				17426E772564FB7200FB0FAB /* DiceKeyView.swift */,
				17426E922566316100FB0FAB /* DiceKeysCameraView.swift */,
				17533915256B3AC500E090BC /* AppView.swift */,
				17533911256B2BCB00E090BC /* CameraController.swift */,
				17426EB52567C03400FB0FAB /* FacesReadOverlay.swift */,
				17426ECF2567CC7700FB0FAB /* DieFaceView.swift */,
			);
			path = Views;
			sourceTree = "<group>";
		};
		17426E8F2565E20800FB0FAB /* fonts */ = {
			isa = PBXGroup;
			children = (
				17426E872565E1CD00FB0FAB /* Inconsolata-Bold.otf */,
			);
			path = fonts;
			sourceTree = "<group>";
		};
		6F3EE4E02549B2B1002602CD /* Resources */ = {
			isa = PBXGroup;
			children = (
				6F3EE4E12549B2BB002602CD /* test.png */,
				6FAC6AB225480DE200AA8249 /* Assets.xcassets */,
			);
			path = Resources;
			sourceTree = "<group>";
		};
		6F565C3F25516F9500B6B3B1 /* Frameworks */ = {
			isa = PBXGroup;
			children = (
				AAD0DF73F2796056AF2C9CA0 /* Pods_DiceKeys.framework */,
				A8FF34CD70539F7AB4106E41 /* Pods_DiceKeys_DiceKeysUITests.framework */,
				2C745A8B1CC38B6B0C65BE2E /* Pods_DiceKeysTests.framework */,
			);
			name = Frameworks;
			sourceTree = "<group>";
		};
		6F846B43254AAC3100ABE33B /* Extensions */ = {
			isa = PBXGroup;
			children = (
				6F846B44254AAC5200ABE33B /* Bitmap.swift */,
				6F846C03254B2BCF00ABE33B /* UIWindow+Orientation.swift */,
			);
			path = Extensions;
			sourceTree = "<group>";
		};
		6FAC6A9D25480DE000AA8249 = {
			isa = PBXGroup;
			children = (
				6FAC6D852548873000AA8249 /* .swift-version */,
				6FAC6D862548873000AA8249 /* .swiftlint.yml */,
				6FAC6AA825480DE000AA8249 /* DiceKeys */,
				6FAC6ABF25480DE200AA8249 /* DiceKeysTests */,
				6FAC6ACA25480DE200AA8249 /* DiceKeysUITests */,
				6FAC6AA725480DE000AA8249 /* Products */,
				6F565C3F25516F9500B6B3B1 /* Frameworks */,
				E2B878D0BDEA1D91C5A1FFAE /* Pods */,
			);
			sourceTree = "<group>";
		};
		6FAC6AA725480DE000AA8249 /* Products */ = {
			isa = PBXGroup;
			children = (
				6FAC6AA625480DE000AA8249 /* DiceKeys.app */,
				6FAC6ABC25480DE200AA8249 /* DiceKeysTests.xctest */,
				6FAC6AC725480DE200AA8249 /* DiceKeysUITests.xctest */,
			);
			name = Products;
			sourceTree = "<group>";
		};
		6FAC6AA825480DE000AA8249 /* DiceKeys */ = {
			isa = PBXGroup;
			children = (
				17426E8F2565E20800FB0FAB /* fonts */,
				17426E742564FB4600FB0FAB /* Views */,
				17426E512564FAE000FB0FAB /* Api */,
				17426E122564F91E00FB0FAB /* DiceKey */,
				6FAC6DA625488BCB00AA8249 /* DiceKeys-Bridging-Header.h */,
				6FAC6AB725480DE200AA8249 /* Info.plist */,
				6F846B43254AAC3100ABE33B /* Extensions */,
				6F3EE4E02549B2B1002602CD /* Resources */,
			);
			path = DiceKeys;
			sourceTree = "<group>";
		};
		6FAC6ABF25480DE200AA8249 /* DiceKeysTests */ = {
			isa = PBXGroup;
			children = (
				6FAC6AC025480DE200AA8249 /* DiceKeysTests.swift */,
				6FAC6AC225480DE200AA8249 /* Info.plist */,
			);
			path = DiceKeysTests;
			sourceTree = "<group>";
		};
		6FAC6ACA25480DE200AA8249 /* DiceKeysUITests */ = {
			isa = PBXGroup;
			children = (
				6FAC6ACB25480DE200AA8249 /* DiceKeysUITests.swift */,
				6FAC6ACD25480DE200AA8249 /* Info.plist */,
			);
			path = DiceKeysUITests;
			sourceTree = "<group>";
		};
		E2B878D0BDEA1D91C5A1FFAE /* Pods */ = {
			isa = PBXGroup;
			children = (
				DB881CF2AEECEBA83A4A2040 /* Pods-DiceKeys.debug.xcconfig */,
				336285FF67EA50C62F01AC19 /* Pods-DiceKeys.release.xcconfig */,
				B4CF76E3ABEDC8F66941F330 /* Pods-DiceKeys-DiceKeysUITests.debug.xcconfig */,
				D62952D418B79F6700259BAD /* Pods-DiceKeys-DiceKeysUITests.release.xcconfig */,
				3D5F184BC3A8DD2234A00D0F /* Pods-DiceKeysTests.debug.xcconfig */,
				F5E037741A28CC6CA9137A98 /* Pods-DiceKeysTests.release.xcconfig */,
			);
			path = Pods;
			sourceTree = "<group>";
		};
/* End PBXGroup section */

/* Begin PBXNativeTarget section */
		6FAC6AA525480DE000AA8249 /* DiceKeys */ = {
			isa = PBXNativeTarget;
			buildConfigurationList = 6FAC6AD025480DE200AA8249 /* Build configuration list for PBXNativeTarget "DiceKeys" */;
			buildPhases = (
				F27FC1EB2BA6BCB99546AC6B /* [CP] Check Pods Manifest.lock */,
				6FAC6D8A2548886E00AA8249 /* Run Script: Swift Lint */,
				6FAC6AA225480DE000AA8249 /* Sources */,
				6FAC6AA325480DE000AA8249 /* Frameworks */,
				6FAC6AA425480DE000AA8249 /* Resources */,
				6F565C5F2551736100B6B3B1 /* Embed Frameworks */,
				CA9BB091A4288A3D3017F297 /* [CP] Embed Pods Frameworks */,
			);
			buildRules = (
			);
			dependencies = (
			);
			name = DiceKeys;
			productName = DiceKeys;
			productReference = 6FAC6AA625480DE000AA8249 /* DiceKeys.app */;
			productType = "com.apple.product-type.application";
		};
		6FAC6ABB25480DE200AA8249 /* DiceKeysTests */ = {
			isa = PBXNativeTarget;
			buildConfigurationList = 6FAC6AD325480DE200AA8249 /* Build configuration list for PBXNativeTarget "DiceKeysTests" */;
			buildPhases = (
				255B0FFF8FC50C46D6D93818 /* [CP] Check Pods Manifest.lock */,
				6FAC6AB825480DE200AA8249 /* Sources */,
				6FAC6AB925480DE200AA8249 /* Frameworks */,
				6FAC6ABA25480DE200AA8249 /* Resources */,
			);
			buildRules = (
			);
			dependencies = (
				6FAC6ABE25480DE200AA8249 /* PBXTargetDependency */,
			);
			name = DiceKeysTests;
			productName = DiceKeysTests;
			productReference = 6FAC6ABC25480DE200AA8249 /* DiceKeysTests.xctest */;
			productType = "com.apple.product-type.bundle.unit-test";
		};
		6FAC6AC625480DE200AA8249 /* DiceKeysUITests */ = {
			isa = PBXNativeTarget;
			buildConfigurationList = 6FAC6AD625480DE200AA8249 /* Build configuration list for PBXNativeTarget "DiceKeysUITests" */;
			buildPhases = (
				CEB6721DA555B0B1625E1B29 /* [CP] Check Pods Manifest.lock */,
				6FAC6AC325480DE200AA8249 /* Sources */,
				6FAC6AC425480DE200AA8249 /* Frameworks */,
				6FAC6AC525480DE200AA8249 /* Resources */,
				4035568018E95AD3B4CDFA88 /* [CP] Embed Pods Frameworks */,
			);
			buildRules = (
			);
			dependencies = (
				6FAC6AC925480DE200AA8249 /* PBXTargetDependency */,
			);
			name = DiceKeysUITests;
			productName = DiceKeysUITests;
			productReference = 6FAC6AC725480DE200AA8249 /* DiceKeysUITests.xctest */;
			productType = "com.apple.product-type.bundle.ui-testing";
		};
/* End PBXNativeTarget section */

/* Begin PBXProject section */
		6FAC6A9E25480DE000AA8249 /* Project object */ = {
			isa = PBXProject;
			attributes = {
				LastSwiftUpdateCheck = 1200;
				LastUpgradeCheck = 1200;
				TargetAttributes = {
					6FAC6AA525480DE000AA8249 = {
						CreatedOnToolsVersion = 12.0.1;
						LastSwiftMigration = 1200;
					};
					6FAC6ABB25480DE200AA8249 = {
						CreatedOnToolsVersion = 12.0.1;
						TestTargetID = 6FAC6AA525480DE000AA8249;
					};
					6FAC6AC625480DE200AA8249 = {
						CreatedOnToolsVersion = 12.0.1;
						TestTargetID = 6FAC6AA525480DE000AA8249;
					};
				};
			};
			buildConfigurationList = 6FAC6AA125480DE000AA8249 /* Build configuration list for PBXProject "DiceKeys" */;
			compatibilityVersion = "Xcode 9.3";
			developmentRegion = en;
			hasScannedForEncodings = 0;
			knownRegions = (
				en,
				Base,
			);
			mainGroup = 6FAC6A9D25480DE000AA8249;
			productRefGroup = 6FAC6AA725480DE000AA8249 /* Products */;
			projectDirPath = "";
			projectRoot = "";
			targets = (
				6FAC6AA525480DE000AA8249 /* DiceKeys */,
				6FAC6ABB25480DE200AA8249 /* DiceKeysTests */,
				6FAC6AC625480DE200AA8249 /* DiceKeysUITests */,
			);
		};
/* End PBXProject section */

/* Begin PBXResourcesBuildPhase section */
		6FAC6AA425480DE000AA8249 /* Resources */ = {
			isa = PBXResourcesBuildPhase;
			buildActionMask = 2147483647;
			files = (
				6FAC6AB325480DE200AA8249 /* Assets.xcassets in Resources */,
				6F3EE4E22549B2BB002602CD /* test.png in Resources */,
				17426E882565E1CE00FB0FAB /* Inconsolata-Bold.otf in Resources */,
			);
			runOnlyForDeploymentPostprocessing = 0;
		};
		6FAC6ABA25480DE200AA8249 /* Resources */ = {
			isa = PBXResourcesBuildPhase;
			buildActionMask = 2147483647;
			files = (
				17426E892565E1CE00FB0FAB /* Inconsolata-Bold.otf in Resources */,
			);
			runOnlyForDeploymentPostprocessing = 0;
		};
		6FAC6AC525480DE200AA8249 /* Resources */ = {
			isa = PBXResourcesBuildPhase;
			buildActionMask = 2147483647;
			files = (
				17426E8A2565E1CE00FB0FAB /* Inconsolata-Bold.otf in Resources */,
			);
			runOnlyForDeploymentPostprocessing = 0;
		};
/* End PBXResourcesBuildPhase section */

/* Begin PBXShellScriptBuildPhase section */
		255B0FFF8FC50C46D6D93818 /* [CP] Check Pods Manifest.lock */ = {
			isa = PBXShellScriptBuildPhase;
			buildActionMask = 2147483647;
			files = (
			);
			inputFileListPaths = (
			);
			inputPaths = (
				"${PODS_PODFILE_DIR_PATH}/Podfile.lock",
				"${PODS_ROOT}/Manifest.lock",
			);
			name = "[CP] Check Pods Manifest.lock";
			outputFileListPaths = (
			);
			outputPaths = (
				"$(DERIVED_FILE_DIR)/Pods-DiceKeysTests-checkManifestLockResult.txt",
			);
			runOnlyForDeploymentPostprocessing = 0;
			shellPath = /bin/sh;
			shellScript = "diff \"${PODS_PODFILE_DIR_PATH}/Podfile.lock\" \"${PODS_ROOT}/Manifest.lock\" > /dev/null\nif [ $? != 0 ] ; then\n    # print error to STDERR\n    echo \"error: The sandbox is not in sync with the Podfile.lock. Run 'pod install' or update your CocoaPods installation.\" >&2\n    exit 1\nfi\n# This output is used by Xcode 'outputs' to avoid re-running this script phase.\necho \"SUCCESS\" > \"${SCRIPT_OUTPUT_FILE_0}\"\n";
			showEnvVarsInLog = 0;
		};
		4035568018E95AD3B4CDFA88 /* [CP] Embed Pods Frameworks */ = {
			isa = PBXShellScriptBuildPhase;
			buildActionMask = 2147483647;
			files = (
			);
			inputFileListPaths = (
				"${PODS_ROOT}/Target Support Files/Pods-DiceKeys-DiceKeysUITests/Pods-DiceKeys-DiceKeysUITests-frameworks-${CONFIGURATION}-input-files.xcfilelist",
			);
			name = "[CP] Embed Pods Frameworks";
			outputFileListPaths = (
				"${PODS_ROOT}/Target Support Files/Pods-DiceKeys-DiceKeysUITests/Pods-DiceKeys-DiceKeysUITests-frameworks-${CONFIGURATION}-output-files.xcfilelist",
			);
			runOnlyForDeploymentPostprocessing = 0;
			shellPath = /bin/sh;
			shellScript = "\"${PODS_ROOT}/Target Support Files/Pods-DiceKeys-DiceKeysUITests/Pods-DiceKeys-DiceKeysUITests-frameworks.sh\"\n";
			showEnvVarsInLog = 0;
		};
		6FAC6D8A2548886E00AA8249 /* Run Script: Swift Lint */ = {
			isa = PBXShellScriptBuildPhase;
			buildActionMask = 2147483647;
			files = (
			);
			inputFileListPaths = (
			);
			inputPaths = (
			);
			name = "Run Script: Swift Lint";
			outputFileListPaths = (
			);
			outputPaths = (
			);
			runOnlyForDeploymentPostprocessing = 0;
			shellPath = /bin/sh;
			shellScript = "if which swiftlint >/dev/null; then\n  swiftlint\nelse\n  echo \"warning: SwiftLint not installed, download from https://github.com/realm/SwiftLint\"\nfi\n";
		};
		CA9BB091A4288A3D3017F297 /* [CP] Embed Pods Frameworks */ = {
			isa = PBXShellScriptBuildPhase;
			buildActionMask = 2147483647;
			files = (
			);
			inputFileListPaths = (
				"${PODS_ROOT}/Target Support Files/Pods-DiceKeys/Pods-DiceKeys-frameworks-${CONFIGURATION}-input-files.xcfilelist",
			);
			name = "[CP] Embed Pods Frameworks";
			outputFileListPaths = (
				"${PODS_ROOT}/Target Support Files/Pods-DiceKeys/Pods-DiceKeys-frameworks-${CONFIGURATION}-output-files.xcfilelist",
			);
			runOnlyForDeploymentPostprocessing = 0;
			shellPath = /bin/sh;
			shellScript = "\"${PODS_ROOT}/Target Support Files/Pods-DiceKeys/Pods-DiceKeys-frameworks.sh\"\n";
			showEnvVarsInLog = 0;
		};
		CEB6721DA555B0B1625E1B29 /* [CP] Check Pods Manifest.lock */ = {
			isa = PBXShellScriptBuildPhase;
			buildActionMask = 2147483647;
			files = (
			);
			inputFileListPaths = (
			);
			inputPaths = (
				"${PODS_PODFILE_DIR_PATH}/Podfile.lock",
				"${PODS_ROOT}/Manifest.lock",
			);
			name = "[CP] Check Pods Manifest.lock";
			outputFileListPaths = (
			);
			outputPaths = (
				"$(DERIVED_FILE_DIR)/Pods-DiceKeys-DiceKeysUITests-checkManifestLockResult.txt",
			);
			runOnlyForDeploymentPostprocessing = 0;
			shellPath = /bin/sh;
			shellScript = "diff \"${PODS_PODFILE_DIR_PATH}/Podfile.lock\" \"${PODS_ROOT}/Manifest.lock\" > /dev/null\nif [ $? != 0 ] ; then\n    # print error to STDERR\n    echo \"error: The sandbox is not in sync with the Podfile.lock. Run 'pod install' or update your CocoaPods installation.\" >&2\n    exit 1\nfi\n# This output is used by Xcode 'outputs' to avoid re-running this script phase.\necho \"SUCCESS\" > \"${SCRIPT_OUTPUT_FILE_0}\"\n";
			showEnvVarsInLog = 0;
		};
		F27FC1EB2BA6BCB99546AC6B /* [CP] Check Pods Manifest.lock */ = {
			isa = PBXShellScriptBuildPhase;
			buildActionMask = 2147483647;
			files = (
			);
			inputFileListPaths = (
			);
			inputPaths = (
				"${PODS_PODFILE_DIR_PATH}/Podfile.lock",
				"${PODS_ROOT}/Manifest.lock",
			);
			name = "[CP] Check Pods Manifest.lock";
			outputFileListPaths = (
			);
			outputPaths = (
				"$(DERIVED_FILE_DIR)/Pods-DiceKeys-checkManifestLockResult.txt",
			);
			runOnlyForDeploymentPostprocessing = 0;
			shellPath = /bin/sh;
			shellScript = "diff \"${PODS_PODFILE_DIR_PATH}/Podfile.lock\" \"${PODS_ROOT}/Manifest.lock\" > /dev/null\nif [ $? != 0 ] ; then\n    # print error to STDERR\n    echo \"error: The sandbox is not in sync with the Podfile.lock. Run 'pod install' or update your CocoaPods installation.\" >&2\n    exit 1\nfi\n# This output is used by Xcode 'outputs' to avoid re-running this script phase.\necho \"SUCCESS\" > \"${SCRIPT_OUTPUT_FILE_0}\"\n";
			showEnvVarsInLog = 0;
		};
/* End PBXShellScriptBuildPhase section */

/* Begin PBXSourcesBuildPhase section */
		6FAC6AA225480DE000AA8249 /* Sources */ = {
			isa = PBXSourcesBuildPhase;
			buildActionMask = 2147483647;
			files = (
				17426ED02567CC7700FB0FAB /* DieFaceView.swift in Sources */,
				6F846C04254B2BCF00ABE33B /* UIWindow+Orientation.swift in Sources */,
				17533916256B3AC500E090BC /* AppView.swift in Sources */,
				17426E5F2564FB0B00FB0FAB /* DerivationOptions.swift in Sources */,
				17426E612564FB0B00FB0FAB /* PermissionChecks.swift in Sources */,
				6F846B45254AAC5200ABE33B /* Bitmap.swift in Sources */,
				17426E322564FA8000FB0FAB /* FaceSpecification.swift in Sources */,
				17426EB62567C03500FB0FAB /* FacesReadOverlay.swift in Sources */,
				17426E3A2564FAAF00FB0FAB /* FaceRead.swift in Sources */,
				17426E5D2564FB0B00FB0FAB /* UnsealingInstructions.swift in Sources */,
				17426E422564FAB700FB0FAB /* DiceKey.swift in Sources */,
				17426E2C2564FA6000FB0FAB /* Face.swift in Sources */,
				17426E792564FB7300FB0FAB /* DiceKeyView.swift in Sources */,
				17426E4A2564FADA00FB0FAB /* ApiInterfaces.swift in Sources */,
				17426E932566316100FB0FAB /* DiceKeysCameraView.swift in Sources */,
				17426E632564FB0B00FB0FAB /* WebBasedApplicationIdentity.swift in Sources */,
				17533912256B2BCB00E090BC /* CameraController.swift in Sources */,
				17426E532564FAFB00FB0FAB /* ApiRequest.swift in Sources */,
			);
			runOnlyForDeploymentPostprocessing = 0;
		};
		6FAC6AB825480DE200AA8249 /* Sources */ = {
			isa = PBXSourcesBuildPhase;
			buildActionMask = 2147483647;
			files = (
				17426E642564FB0B00FB0FAB /* WebBasedApplicationIdentity.swift in Sources */,
				17426E432564FAB700FB0FAB /* DiceKey.swift in Sources */,
				17426ED12567CC7700FB0FAB /* DieFaceView.swift in Sources */,
				17426E5E2564FB0B00FB0FAB /* UnsealingInstructions.swift in Sources */,
				17426E942566316100FB0FAB /* DiceKeysCameraView.swift in Sources */,
				17426E3B2564FAAF00FB0FAB /* FaceRead.swift in Sources */,
				17426E622564FB0B00FB0FAB /* PermissionChecks.swift in Sources */,
				17426EB72567C03500FB0FAB /* FacesReadOverlay.swift in Sources */,
				17426E7A2564FB7300FB0FAB /* DiceKeyView.swift in Sources */,
				17426E4B2564FADA00FB0FAB /* ApiInterfaces.swift in Sources */,
				17426E2D2564FA6000FB0FAB /* Face.swift in Sources */,
				6FAC6AC125480DE200AA8249 /* DiceKeysTests.swift in Sources */,
				17426E542564FAFB00FB0FAB /* ApiRequest.swift in Sources */,
				17426E602564FB0B00FB0FAB /* DerivationOptions.swift in Sources */,
				17426E332564FA8000FB0FAB /* FaceSpecification.swift in Sources */,
			);
			runOnlyForDeploymentPostprocessing = 0;
		};
		6FAC6AC325480DE200AA8249 /* Sources */ = {
			isa = PBXSourcesBuildPhase;
			buildActionMask = 2147483647;
			files = (
				17426EB82567C03500FB0FAB /* FacesReadOverlay.swift in Sources */,
				17426E442564FAB700FB0FAB /* DiceKey.swift in Sources */,
				17426ED22567CC7700FB0FAB /* DieFaceView.swift in Sources */,
				17426E7B2564FB7300FB0FAB /* DiceKeyView.swift in Sources */,
				17426E3C2564FAAF00FB0FAB /* FaceRead.swift in Sources */,
				17426E4C2564FADA00FB0FAB /* ApiInterfaces.swift in Sources */,
				17426E2E2564FA6000FB0FAB /* Face.swift in Sources */,
				6FAC6ACC25480DE200AA8249 /* DiceKeysUITests.swift in Sources */,
				17426E342564FA8000FB0FAB /* FaceSpecification.swift in Sources */,
				17426E952566316100FB0FAB /* DiceKeysCameraView.swift in Sources */,
			);
			runOnlyForDeploymentPostprocessing = 0;
		};
/* End PBXSourcesBuildPhase section */

/* Begin PBXTargetDependency section */
		6FAC6ABE25480DE200AA8249 /* PBXTargetDependency */ = {
			isa = PBXTargetDependency;
			target = 6FAC6AA525480DE000AA8249 /* DiceKeys */;
			targetProxy = 6FAC6ABD25480DE200AA8249 /* PBXContainerItemProxy */;
		};
		6FAC6AC925480DE200AA8249 /* PBXTargetDependency */ = {
			isa = PBXTargetDependency;
			target = 6FAC6AA525480DE000AA8249 /* DiceKeys */;
			targetProxy = 6FAC6AC825480DE200AA8249 /* PBXContainerItemProxy */;
		};
/* End PBXTargetDependency section */

/* Begin XCBuildConfiguration section */
		6FAC6ACE25480DE200AA8249 /* Debug */ = {
			isa = XCBuildConfiguration;
			buildSettings = {
				ALWAYS_SEARCH_USER_PATHS = NO;
				CLANG_ANALYZER_NONNULL = YES;
				CLANG_ANALYZER_NUMBER_OBJECT_CONVERSION = YES_AGGRESSIVE;
				CLANG_CXX_LANGUAGE_STANDARD = "gnu++14";
				CLANG_CXX_LIBRARY = "libc++";
				CLANG_ENABLE_MODULES = YES;
				CLANG_ENABLE_OBJC_ARC = YES;
				CLANG_ENABLE_OBJC_WEAK = YES;
				CLANG_WARN_BLOCK_CAPTURE_AUTORELEASING = YES;
				CLANG_WARN_BOOL_CONVERSION = YES;
				CLANG_WARN_COMMA = YES;
				CLANG_WARN_CONSTANT_CONVERSION = YES;
				CLANG_WARN_DEPRECATED_OBJC_IMPLEMENTATIONS = YES;
				CLANG_WARN_DIRECT_OBJC_ISA_USAGE = YES_ERROR;
				CLANG_WARN_DOCUMENTATION_COMMENTS = YES;
				CLANG_WARN_EMPTY_BODY = YES;
				CLANG_WARN_ENUM_CONVERSION = YES;
				CLANG_WARN_INFINITE_RECURSION = YES;
				CLANG_WARN_INT_CONVERSION = YES;
				CLANG_WARN_NON_LITERAL_NULL_CONVERSION = YES;
				CLANG_WARN_OBJC_IMPLICIT_RETAIN_SELF = YES;
				CLANG_WARN_OBJC_LITERAL_CONVERSION = YES;
				CLANG_WARN_OBJC_ROOT_CLASS = YES_ERROR;
				CLANG_WARN_QUOTED_INCLUDE_IN_FRAMEWORK_HEADER = YES;
				CLANG_WARN_RANGE_LOOP_ANALYSIS = YES;
				CLANG_WARN_STRICT_PROTOTYPES = YES;
				CLANG_WARN_SUSPICIOUS_MOVE = YES;
				CLANG_WARN_UNGUARDED_AVAILABILITY = YES_AGGRESSIVE;
				CLANG_WARN_UNREACHABLE_CODE = YES;
				CLANG_WARN__DUPLICATE_METHOD_MATCH = YES;
				COPY_PHASE_STRIP = NO;
				DEBUG_INFORMATION_FORMAT = dwarf;
				ENABLE_STRICT_OBJC_MSGSEND = YES;
				ENABLE_TESTABILITY = YES;
				GCC_C_LANGUAGE_STANDARD = gnu11;
				GCC_DYNAMIC_NO_PIC = NO;
				GCC_NO_COMMON_BLOCKS = YES;
				GCC_OPTIMIZATION_LEVEL = 0;
				GCC_PREPROCESSOR_DEFINITIONS = (
					"DEBUG=1",
					"$(inherited)",
				);
				GCC_WARN_64_TO_32_BIT_CONVERSION = YES;
				GCC_WARN_ABOUT_RETURN_TYPE = YES_ERROR;
				GCC_WARN_UNDECLARED_SELECTOR = YES;
				GCC_WARN_UNINITIALIZED_AUTOS = YES_AGGRESSIVE;
				GCC_WARN_UNUSED_FUNCTION = YES;
				GCC_WARN_UNUSED_VARIABLE = YES;
				IPHONEOS_DEPLOYMENT_TARGET = 14.0;
				MTL_ENABLE_DEBUG_INFO = INCLUDE_SOURCE;
				MTL_FAST_MATH = YES;
				ONLY_ACTIVE_ARCH = YES;
				SDKROOT = iphoneos;
				SWIFT_ACTIVE_COMPILATION_CONDITIONS = DEBUG;
				SWIFT_OPTIMIZATION_LEVEL = "-Onone";
			};
			name = Debug;
		};
		6FAC6ACF25480DE200AA8249 /* Release */ = {
			isa = XCBuildConfiguration;
			buildSettings = {
				ALWAYS_SEARCH_USER_PATHS = NO;
				CLANG_ANALYZER_NONNULL = YES;
				CLANG_ANALYZER_NUMBER_OBJECT_CONVERSION = YES_AGGRESSIVE;
				CLANG_CXX_LANGUAGE_STANDARD = "gnu++14";
				CLANG_CXX_LIBRARY = "libc++";
				CLANG_ENABLE_MODULES = YES;
				CLANG_ENABLE_OBJC_ARC = YES;
				CLANG_ENABLE_OBJC_WEAK = YES;
				CLANG_WARN_BLOCK_CAPTURE_AUTORELEASING = YES;
				CLANG_WARN_BOOL_CONVERSION = YES;
				CLANG_WARN_COMMA = YES;
				CLANG_WARN_CONSTANT_CONVERSION = YES;
				CLANG_WARN_DEPRECATED_OBJC_IMPLEMENTATIONS = YES;
				CLANG_WARN_DIRECT_OBJC_ISA_USAGE = YES_ERROR;
				CLANG_WARN_DOCUMENTATION_COMMENTS = YES;
				CLANG_WARN_EMPTY_BODY = YES;
				CLANG_WARN_ENUM_CONVERSION = YES;
				CLANG_WARN_INFINITE_RECURSION = YES;
				CLANG_WARN_INT_CONVERSION = YES;
				CLANG_WARN_NON_LITERAL_NULL_CONVERSION = YES;
				CLANG_WARN_OBJC_IMPLICIT_RETAIN_SELF = YES;
				CLANG_WARN_OBJC_LITERAL_CONVERSION = YES;
				CLANG_WARN_OBJC_ROOT_CLASS = YES_ERROR;
				CLANG_WARN_QUOTED_INCLUDE_IN_FRAMEWORK_HEADER = YES;
				CLANG_WARN_RANGE_LOOP_ANALYSIS = YES;
				CLANG_WARN_STRICT_PROTOTYPES = YES;
				CLANG_WARN_SUSPICIOUS_MOVE = YES;
				CLANG_WARN_UNGUARDED_AVAILABILITY = YES_AGGRESSIVE;
				CLANG_WARN_UNREACHABLE_CODE = YES;
				CLANG_WARN__DUPLICATE_METHOD_MATCH = YES;
				COPY_PHASE_STRIP = NO;
				DEBUG_INFORMATION_FORMAT = "dwarf-with-dsym";
				ENABLE_NS_ASSERTIONS = NO;
				ENABLE_STRICT_OBJC_MSGSEND = YES;
				GCC_C_LANGUAGE_STANDARD = gnu11;
				GCC_NO_COMMON_BLOCKS = YES;
				GCC_WARN_64_TO_32_BIT_CONVERSION = YES;
				GCC_WARN_ABOUT_RETURN_TYPE = YES_ERROR;
				GCC_WARN_UNDECLARED_SELECTOR = YES;
				GCC_WARN_UNINITIALIZED_AUTOS = YES_AGGRESSIVE;
				GCC_WARN_UNUSED_FUNCTION = YES;
				GCC_WARN_UNUSED_VARIABLE = YES;
				IPHONEOS_DEPLOYMENT_TARGET = 14.0;
				MTL_ENABLE_DEBUG_INFO = NO;
				MTL_FAST_MATH = YES;
				SDKROOT = iphoneos;
				SWIFT_COMPILATION_MODE = wholemodule;
				SWIFT_OPTIMIZATION_LEVEL = "-O";
				VALIDATE_PRODUCT = YES;
			};
			name = Release;
		};
		6FAC6AD125480DE200AA8249 /* Debug */ = {
			isa = XCBuildConfiguration;
			baseConfigurationReference = DB881CF2AEECEBA83A4A2040 /* Pods-DiceKeys.debug.xcconfig */;
			buildSettings = {
				ASSETCATALOG_COMPILER_APPICON_NAME = AppIcon;
				ASSETCATALOG_COMPILER_GLOBAL_ACCENT_COLOR_NAME = AccentColor;
				CLANG_CXX_LANGUAGE_STANDARD = "c++17";
				CLANG_ENABLE_MODULES = YES;
				CODE_SIGN_STYLE = Automatic;
				DEVELOPMENT_TEAM = PZRJ539VW8;
				INFOPLIST_FILE = DiceKeys/Info.plist;
				LD_RUNPATH_SEARCH_PATHS = (
					"$(inherited)",
					"@executable_path/Frameworks",
				);
				PRODUCT_BUNDLE_IDENTIFIER = com.dicekeys.app;
				PRODUCT_NAME = "$(TARGET_NAME)";
				SWIFT_OBJC_BRIDGING_HEADER = "DiceKeys/DiceKeys-Bridging-Header.h";
				SWIFT_OPTIMIZATION_LEVEL = "-Onone";
				SWIFT_VERSION = 5.0;
				TARGETED_DEVICE_FAMILY = "1,2";
			};
			name = Debug;
		};
		6FAC6AD225480DE200AA8249 /* Release */ = {
			isa = XCBuildConfiguration;
			baseConfigurationReference = 336285FF67EA50C62F01AC19 /* Pods-DiceKeys.release.xcconfig */;
			buildSettings = {
				ASSETCATALOG_COMPILER_APPICON_NAME = AppIcon;
				ASSETCATALOG_COMPILER_GLOBAL_ACCENT_COLOR_NAME = AccentColor;
				CLANG_CXX_LANGUAGE_STANDARD = "c++17";
				CLANG_ENABLE_MODULES = YES;
				CODE_SIGN_STYLE = Automatic;
				DEVELOPMENT_TEAM = PZRJ539VW8;
				INFOPLIST_FILE = DiceKeys/Info.plist;
				LD_RUNPATH_SEARCH_PATHS = (
					"$(inherited)",
					"@executable_path/Frameworks",
				);
				PRODUCT_BUNDLE_IDENTIFIER = com.dicekeys.app;
				PRODUCT_NAME = "$(TARGET_NAME)";
				SWIFT_OBJC_BRIDGING_HEADER = "DiceKeys/DiceKeys-Bridging-Header.h";
				SWIFT_VERSION = 5.0;
				TARGETED_DEVICE_FAMILY = "1,2";
			};
			name = Release;
		};
		6FAC6AD425480DE200AA8249 /* Debug */ = {
			isa = XCBuildConfiguration;
			baseConfigurationReference = 3D5F184BC3A8DD2234A00D0F /* Pods-DiceKeysTests.debug.xcconfig */;
			buildSettings = {
				BUNDLE_LOADER = "$(TEST_HOST)";
				CODE_SIGN_STYLE = Automatic;
				DEVELOPMENT_TEAM = PZRJ539VW8;
				INFOPLIST_FILE = DiceKeysTests/Info.plist;
				IPHONEOS_DEPLOYMENT_TARGET = 14.0;
				LD_RUNPATH_SEARCH_PATHS = (
					"$(inherited)",
					"@executable_path/Frameworks",
					"@loader_path/Frameworks",
				);
				PRODUCT_BUNDLE_IDENTIFIER = com.dicekeys.DiceKeysTests;
				PRODUCT_NAME = "$(TARGET_NAME)";
				SWIFT_VERSION = 5.0;
				TARGETED_DEVICE_FAMILY = "1,2";
				TEST_HOST = "$(BUILT_PRODUCTS_DIR)/DiceKeys.app/DiceKeys";
			};
			name = Debug;
		};
		6FAC6AD525480DE200AA8249 /* Release */ = {
			isa = XCBuildConfiguration;
			baseConfigurationReference = F5E037741A28CC6CA9137A98 /* Pods-DiceKeysTests.release.xcconfig */;
			buildSettings = {
				BUNDLE_LOADER = "$(TEST_HOST)";
				CODE_SIGN_STYLE = Automatic;
				DEVELOPMENT_TEAM = PZRJ539VW8;
				INFOPLIST_FILE = DiceKeysTests/Info.plist;
				IPHONEOS_DEPLOYMENT_TARGET = 14.0;
				LD_RUNPATH_SEARCH_PATHS = (
					"$(inherited)",
					"@executable_path/Frameworks",
					"@loader_path/Frameworks",
				);
				PRODUCT_BUNDLE_IDENTIFIER = com.dicekeys.DiceKeysTests;
				PRODUCT_NAME = "$(TARGET_NAME)";
				SWIFT_VERSION = 5.0;
				TARGETED_DEVICE_FAMILY = "1,2";
				TEST_HOST = "$(BUILT_PRODUCTS_DIR)/DiceKeys.app/DiceKeys";
			};
			name = Release;
		};
		6FAC6AD725480DE200AA8249 /* Debug */ = {
			isa = XCBuildConfiguration;
			baseConfigurationReference = B4CF76E3ABEDC8F66941F330 /* Pods-DiceKeys-DiceKeysUITests.debug.xcconfig */;
			buildSettings = {
				CODE_SIGN_STYLE = Automatic;
				DEVELOPMENT_TEAM = PZRJ539VW8;
				INFOPLIST_FILE = DiceKeysUITests/Info.plist;
				LD_RUNPATH_SEARCH_PATHS = (
					"$(inherited)",
					"@executable_path/Frameworks",
					"@loader_path/Frameworks",
				);
				PRODUCT_BUNDLE_IDENTIFIER = com.dicekeys.DiceKeysUITests;
				PRODUCT_NAME = "$(TARGET_NAME)";
				SWIFT_VERSION = 5.0;
				TARGETED_DEVICE_FAMILY = "1,2";
				TEST_TARGET_NAME = DiceKeys;
			};
			name = Debug;
		};
		6FAC6AD825480DE200AA8249 /* Release */ = {
			isa = XCBuildConfiguration;
			baseConfigurationReference = D62952D418B79F6700259BAD /* Pods-DiceKeys-DiceKeysUITests.release.xcconfig */;
			buildSettings = {
				CODE_SIGN_STYLE = Automatic;
				DEVELOPMENT_TEAM = PZRJ539VW8;
				INFOPLIST_FILE = DiceKeysUITests/Info.plist;
				LD_RUNPATH_SEARCH_PATHS = (
					"$(inherited)",
					"@executable_path/Frameworks",
					"@loader_path/Frameworks",
				);
				PRODUCT_BUNDLE_IDENTIFIER = com.dicekeys.DiceKeysUITests;
				PRODUCT_NAME = "$(TARGET_NAME)";
				SWIFT_VERSION = 5.0;
				TARGETED_DEVICE_FAMILY = "1,2";
				TEST_TARGET_NAME = DiceKeys;
			};
			name = Release;
		};
/* End XCBuildConfiguration section */

/* Begin XCConfigurationList section */
		6FAC6AA125480DE000AA8249 /* Build configuration list for PBXProject "DiceKeys" */ = {
			isa = XCConfigurationList;
			buildConfigurations = (
				6FAC6ACE25480DE200AA8249 /* Debug */,
				6FAC6ACF25480DE200AA8249 /* Release */,
			);
			defaultConfigurationIsVisible = 0;
			defaultConfigurationName = Release;
		};
		6FAC6AD025480DE200AA8249 /* Build configuration list for PBXNativeTarget "DiceKeys" */ = {
			isa = XCConfigurationList;
			buildConfigurations = (
				6FAC6AD125480DE200AA8249 /* Debug */,
				6FAC6AD225480DE200AA8249 /* Release */,
			);
			defaultConfigurationIsVisible = 0;
			defaultConfigurationName = Release;
		};
		6FAC6AD325480DE200AA8249 /* Build configuration list for PBXNativeTarget "DiceKeysTests" */ = {
			isa = XCConfigurationList;
			buildConfigurations = (
				6FAC6AD425480DE200AA8249 /* Debug */,
				6FAC6AD525480DE200AA8249 /* Release */,
			);
			defaultConfigurationIsVisible = 0;
			defaultConfigurationName = Release;
		};
		6FAC6AD625480DE200AA8249 /* Build configuration list for PBXNativeTarget "DiceKeysUITests" */ = {
			isa = XCConfigurationList;
			buildConfigurations = (
				6FAC6AD725480DE200AA8249 /* Debug */,
				6FAC6AD825480DE200AA8249 /* Release */,
			);
			defaultConfigurationIsVisible = 0;
			defaultConfigurationName = Release;
		};
/* End XCConfigurationList section */
	};
	rootObject = 6FAC6A9E25480DE000AA8249 /* Project object */;
}
