// !$*UTF8*$!
{
	archiveVersion = 1;
	classes = {
	};
	objectVersion = 51;
	objects = {

/* Begin PBXBuildFile section */
		0FF7F731929DF324410FCCEA /* Pods_DiceKeys__iOS_.framework in Frameworks */ = {isa = PBXBuildFile; fileRef = 25A6B06AB3C071EB2999AE67 /* Pods_DiceKeys__iOS_.framework */; };
		ACF9E6A9B1E79E881EEE4C09 /* Pods_DiceKeys__macOS_.framework in Frameworks */ = {isa = PBXBuildFile; fileRef = 19FCCD61505F4C2ED9F6ED0B /* Pods_DiceKeys__macOS_.framework */; };
		EC5091ED259480BE007D2B91 /* GlobalState.swift in Sources */ = {isa = PBXBuildFile; fileRef = EC5091EA259480BE007D2B91 /* GlobalState.swift */; };
		EC5091EE259480BE007D2B91 /* GlobalState.swift in Sources */ = {isa = PBXBuildFile; fileRef = EC5091EA259480BE007D2B91 /* GlobalState.swift */; };
		EC5091EF259480BE007D2B91 /* UnlockedDiceKeyState.swift in Sources */ = {isa = PBXBuildFile; fileRef = EC5091EB259480BE007D2B91 /* UnlockedDiceKeyState.swift */; };
		EC5091F0259480BE007D2B91 /* UnlockedDiceKeyState.swift in Sources */ = {isa = PBXBuildFile; fileRef = EC5091EB259480BE007D2B91 /* UnlockedDiceKeyState.swift */; };
		EC5091F1259480BE007D2B91 /* ObservableObjectUpdatingOnAllChangesToUserDefaults.swift in Sources */ = {isa = PBXBuildFile; fileRef = EC5091EC259480BE007D2B91 /* ObservableObjectUpdatingOnAllChangesToUserDefaults.swift */; };
		EC5091F2259480BE007D2B91 /* ObservableObjectUpdatingOnAllChangesToUserDefaults.swift in Sources */ = {isa = PBXBuildFile; fileRef = EC5091EC259480BE007D2B91 /* ObservableObjectUpdatingOnAllChangesToUserDefaults.swift */; };
		EC50920725948124007D2B91 /* DiceKeyMedium.swift in Sources */ = {isa = PBXBuildFile; fileRef = EC5091F925948124007D2B91 /* DiceKeyMedium.swift */; };
		EC50920825948124007D2B91 /* DiceKeyMedium.swift in Sources */ = {isa = PBXBuildFile; fileRef = EC5091F925948124007D2B91 /* DiceKeyMedium.swift */; };
		EC50920925948124007D2B91 /* EncryptedDiceKeyFileAccessor.swift in Sources */ = {isa = PBXBuildFile; fileRef = EC5091FA25948124007D2B91 /* EncryptedDiceKeyFileAccessor.swift */; };
		EC50920A25948124007D2B91 /* EncryptedDiceKeyFileAccessor.swift in Sources */ = {isa = PBXBuildFile; fileRef = EC5091FA25948124007D2B91 /* EncryptedDiceKeyFileAccessor.swift */; };
		EC50920B25948124007D2B91 /* Face.swift in Sources */ = {isa = PBXBuildFile; fileRef = EC5091FB25948124007D2B91 /* Face.swift */; };
		EC50920C25948124007D2B91 /* Face.swift in Sources */ = {isa = PBXBuildFile; fileRef = EC5091FB25948124007D2B91 /* Face.swift */; };
		EC50920D25948124007D2B91 /* FaceRead.swift in Sources */ = {isa = PBXBuildFile; fileRef = EC5091FC25948124007D2B91 /* FaceRead.swift */; };
		EC50920E25948124007D2B91 /* FaceRead.swift in Sources */ = {isa = PBXBuildFile; fileRef = EC5091FC25948124007D2B91 /* FaceRead.swift */; };
		EC50920F25948124007D2B91 /* DiceKey.swift in Sources */ = {isa = PBXBuildFile; fileRef = EC5091FD25948124007D2B91 /* DiceKey.swift */; };
		EC50921025948124007D2B91 /* DiceKey.swift in Sources */ = {isa = PBXBuildFile; fileRef = EC5091FD25948124007D2B91 /* DiceKey.swift */; };
		EC50921125948124007D2B91 /* FaceSpecification.swift in Sources */ = {isa = PBXBuildFile; fileRef = EC5091FE25948124007D2B91 /* FaceSpecification.swift */; };
		EC50921225948124007D2B91 /* FaceSpecification.swift in Sources */ = {isa = PBXBuildFile; fileRef = EC5091FE25948124007D2B91 /* FaceSpecification.swift */; };
		EC50921325948124007D2B91 /* Derivables.swift in Sources */ = {isa = PBXBuildFile; fileRef = EC5091FF25948124007D2B91 /* Derivables.swift */; };
		EC50921425948124007D2B91 /* Derivables.swift in Sources */ = {isa = PBXBuildFile; fileRef = EC5091FF25948124007D2B91 /* Derivables.swift */; };
		EC50921525948124007D2B91 /* DerivationOptions.swift in Sources */ = {isa = PBXBuildFile; fileRef = EC50920125948124007D2B91 /* DerivationOptions.swift */; };
		EC50921625948124007D2B91 /* DerivationOptions.swift in Sources */ = {isa = PBXBuildFile; fileRef = EC50920125948124007D2B91 /* DerivationOptions.swift */; };
		EC50921725948124007D2B91 /* UnsealingInstructions.swift in Sources */ = {isa = PBXBuildFile; fileRef = EC50920225948124007D2B91 /* UnsealingInstructions.swift */; };
		EC50921825948124007D2B91 /* UnsealingInstructions.swift in Sources */ = {isa = PBXBuildFile; fileRef = EC50920225948124007D2B91 /* UnsealingInstructions.swift */; };
		EC50921925948124007D2B91 /* PermissionChecks.swift in Sources */ = {isa = PBXBuildFile; fileRef = EC50920325948124007D2B91 /* PermissionChecks.swift */; };
		EC50921A25948124007D2B91 /* PermissionChecks.swift in Sources */ = {isa = PBXBuildFile; fileRef = EC50920325948124007D2B91 /* PermissionChecks.swift */; };
		EC50921B25948124007D2B91 /* WebBasedApplicationIdentity.swift in Sources */ = {isa = PBXBuildFile; fileRef = EC50920425948124007D2B91 /* WebBasedApplicationIdentity.swift */; };
		EC50921C25948124007D2B91 /* WebBasedApplicationIdentity.swift in Sources */ = {isa = PBXBuildFile; fileRef = EC50920425948124007D2B91 /* WebBasedApplicationIdentity.swift */; };
		EC50921D25948124007D2B91 /* ApiRequest.swift in Sources */ = {isa = PBXBuildFile; fileRef = EC50920525948124007D2B91 /* ApiRequest.swift */; };
		EC50921E25948124007D2B91 /* ApiRequest.swift in Sources */ = {isa = PBXBuildFile; fileRef = EC50920525948124007D2B91 /* ApiRequest.swift */; };
		EC50921F25948124007D2B91 /* ApiInterfaces.swift in Sources */ = {isa = PBXBuildFile; fileRef = EC50920625948124007D2B91 /* ApiInterfaces.swift */; };
		EC50922025948124007D2B91 /* ApiInterfaces.swift in Sources */ = {isa = PBXBuildFile; fileRef = EC50920625948124007D2B91 /* ApiInterfaces.swift */; };
		EC50922F2594818F007D2B91 /* UIWindow+Orientation.swift in Sources */ = {isa = PBXBuildFile; fileRef = EC50922A2594818F007D2B91 /* UIWindow+Orientation.swift */; };
		EC5092302594818F007D2B91 /* UIWindow+Orientation.swift in Sources */ = {isa = PBXBuildFile; fileRef = EC50922A2594818F007D2B91 /* UIWindow+Orientation.swift */; };
		EC5092312594818F007D2B91 /* View.swift in Sources */ = {isa = PBXBuildFile; fileRef = EC50922B2594818F007D2B91 /* View.swift */; };
		EC5092322594818F007D2B91 /* View.swift in Sources */ = {isa = PBXBuildFile; fileRef = EC50922B2594818F007D2B91 /* View.swift */; };
		EC5092332594818F007D2B91 /* Properties.swift in Sources */ = {isa = PBXBuildFile; fileRef = EC50922C2594818F007D2B91 /* Properties.swift */; };
		EC5092342594818F007D2B91 /* Properties.swift in Sources */ = {isa = PBXBuildFile; fileRef = EC50922C2594818F007D2B91 /* Properties.swift */; };
		EC5092352594818F007D2B91 /* Size.swift in Sources */ = {isa = PBXBuildFile; fileRef = EC50922D2594818F007D2B91 /* Size.swift */; };
		EC5092362594818F007D2B91 /* Size.swift in Sources */ = {isa = PBXBuildFile; fileRef = EC50922D2594818F007D2B91 /* Size.swift */; };
		EC5092372594818F007D2B91 /* Color.swift in Sources */ = {isa = PBXBuildFile; fileRef = EC50922E2594818F007D2B91 /* Color.swift */; };
		EC5092382594818F007D2B91 /* Color.swift in Sources */ = {isa = PBXBuildFile; fileRef = EC50922E2594818F007D2B91 /* Color.swift */; };
		EC509240259481E2007D2B91 /* Assets.xcassets in Resources */ = {isa = PBXBuildFile; fileRef = EC50923E259481E2007D2B91 /* Assets.xcassets */; };
		EC509241259481E2007D2B91 /* Assets.xcassets in Resources */ = {isa = PBXBuildFile; fileRef = EC50923E259481E2007D2B91 /* Assets.xcassets */; };
		EC509242259481E2007D2B91 /* test.png in Resources */ = {isa = PBXBuildFile; fileRef = EC50923F259481E2007D2B91 /* test.png */; };
		EC509243259481E2007D2B91 /* test.png in Resources */ = {isa = PBXBuildFile; fileRef = EC50923F259481E2007D2B91 /* test.png */; };
		EC509259259482CA007D2B91 /* Inconsolata-Bold.otf in Resources */ = {isa = PBXBuildFile; fileRef = EC509258259482CA007D2B91 /* Inconsolata-Bold.otf */; };
		EC50925A259482CA007D2B91 /* Inconsolata-Bold.otf in Resources */ = {isa = PBXBuildFile; fileRef = EC509258259482CA007D2B91 /* Inconsolata-Bold.otf */; };
		EC50928D259482F4007D2B91 /* KeyScanningIllustration.swift in Sources */ = {isa = PBXBuildFile; fileRef = EC509261259482F4007D2B91 /* KeyScanningIllustration.swift */; };
		EC50928E259482F4007D2B91 /* KeyScanningIllustration.swift in Sources */ = {isa = PBXBuildFile; fileRef = EC509261259482F4007D2B91 /* KeyScanningIllustration.swift */; };
		EC50928F259482F4007D2B91 /* Funnel.swift in Sources */ = {isa = PBXBuildFile; fileRef = EC509263259482F4007D2B91 /* Funnel.swift */; };
		EC509290259482F4007D2B91 /* Funnel.swift in Sources */ = {isa = PBXBuildFile; fileRef = EC509263259482F4007D2B91 /* Funnel.swift */; };
		EC509291259482F4007D2B91 /* DiceKeyCenterFaceOnlyView.swift in Sources */ = {isa = PBXBuildFile; fileRef = EC509265259482F4007D2B91 /* DiceKeyCenterFaceOnlyView.swift */; };
		EC509292259482F4007D2B91 /* DiceKeyCenterFaceOnlyView.swift in Sources */ = {isa = PBXBuildFile; fileRef = EC509265259482F4007D2B91 /* DiceKeyCenterFaceOnlyView.swift */; };
		EC509293259482F4007D2B91 /* DiceKeyView.swift in Sources */ = {isa = PBXBuildFile; fileRef = EC509266259482F4007D2B91 /* DiceKeyView.swift */; };
		EC509294259482F4007D2B91 /* DiceKeyView.swift in Sources */ = {isa = PBXBuildFile; fileRef = EC509266259482F4007D2B91 /* DiceKeyView.swift */; };
		EC509295259482F4007D2B91 /* DieView.swift in Sources */ = {isa = PBXBuildFile; fileRef = EC509267259482F4007D2B91 /* DieView.swift */; };
		EC509296259482F4007D2B91 /* DieView.swift in Sources */ = {isa = PBXBuildFile; fileRef = EC509267259482F4007D2B91 /* DieView.swift */; };
		EC509297259482F4007D2B91 /* DerivedFromDiceKey.swift in Sources */ = {isa = PBXBuildFile; fileRef = EC509268259482F4007D2B91 /* DerivedFromDiceKey.swift */; };
		EC509298259482F4007D2B91 /* DerivedFromDiceKey.swift in Sources */ = {isa = PBXBuildFile; fileRef = EC509268259482F4007D2B91 /* DerivedFromDiceKey.swift */; };
		EC509299259482F4007D2B91 /* CameraController.swift in Sources */ = {isa = PBXBuildFile; fileRef = EC50926A259482F4007D2B91 /* CameraController.swift */; };
		EC50929B259482F4007D2B91 /* FacesReadOverlay.swift in Sources */ = {isa = PBXBuildFile; fileRef = EC50926B259482F4007D2B91 /* FacesReadOverlay.swift */; };
		EC50929D259482F4007D2B91 /* ScanDiceKey.swift in Sources */ = {isa = PBXBuildFile; fileRef = EC50926C259482F4007D2B91 /* ScanDiceKey.swift */; };
		EC50929E259482F4007D2B91 /* ScanDiceKey.swift in Sources */ = {isa = PBXBuildFile; fileRef = EC50926C259482F4007D2B91 /* ScanDiceKey.swift */; };
		EC50929F259482F4007D2B91 /* DiceKeysCameraView.swift in Sources */ = {isa = PBXBuildFile; fileRef = EC50926D259482F4007D2B91 /* DiceKeysCameraView.swift */; };
		EC5092A1259482F4007D2B91 /* DiceKeyPresent.swift in Sources */ = {isa = PBXBuildFile; fileRef = EC50926F259482F4007D2B91 /* DiceKeyPresent.swift */; };
		EC5092A2259482F4007D2B91 /* DiceKeyPresent.swift in Sources */ = {isa = PBXBuildFile; fileRef = EC50926F259482F4007D2B91 /* DiceKeyPresent.swift */; };
		EC5092A3259482F4007D2B91 /* AppMainView.swift in Sources */ = {isa = PBXBuildFile; fileRef = EC509270259482F4007D2B91 /* AppMainView.swift */; };
		EC5092A4259482F4007D2B91 /* AppMainView.swift in Sources */ = {isa = PBXBuildFile; fileRef = EC509270259482F4007D2B91 /* AppMainView.swift */; };
		EC5092A5259482F5007D2B91 /* SeedHardwareSecurityKey.swift in Sources */ = {isa = PBXBuildFile; fileRef = EC509271259482F4007D2B91 /* SeedHardwareSecurityKey.swift */; };
		EC5092A6259482F5007D2B91 /* SeedHardwareSecurityKey.swift in Sources */ = {isa = PBXBuildFile; fileRef = EC509271259482F4007D2B91 /* SeedHardwareSecurityKey.swift */; };
		EC5092A7259482F5007D2B91 /* DiceKeyStorageOptions.swift in Sources */ = {isa = PBXBuildFile; fileRef = EC509272259482F4007D2B91 /* DiceKeyStorageOptions.swift */; };
		EC5092A8259482F5007D2B91 /* DiceKeyStorageOptions.swift in Sources */ = {isa = PBXBuildFile; fileRef = EC509272259482F4007D2B91 /* DiceKeyStorageOptions.swift */; };
		EC5092A9259482F5007D2B91 /* UIViewController.swift in Sources */ = {isa = PBXBuildFile; fileRef = EC509273259482F4007D2B91 /* UIViewController.swift */; };
		EC5092AB259482F5007D2B91 /* DiceKeyWithDerivedValue.swift in Sources */ = {isa = PBXBuildFile; fileRef = EC509274259482F4007D2B91 /* DiceKeyWithDerivedValue.swift */; };
		EC5092AC259482F5007D2B91 /* DiceKeyWithDerivedValue.swift in Sources */ = {isa = PBXBuildFile; fileRef = EC509274259482F4007D2B91 /* DiceKeyWithDerivedValue.swift */; };
		EC5092AD259482F5007D2B91 /* AssemblyInstructions.swift in Sources */ = {isa = PBXBuildFile; fileRef = EC509275259482F4007D2B91 /* AssemblyInstructions.swift */; };
		EC5092AE259482F5007D2B91 /* AssemblyInstructions.swift in Sources */ = {isa = PBXBuildFile; fileRef = EC509275259482F4007D2B91 /* AssemblyInstructions.swift */; };
		EC5092AF259482F5007D2B91 /* NavigationBar.swift in Sources */ = {isa = PBXBuildFile; fileRef = EC509277259482F4007D2B91 /* NavigationBar.swift */; };
		EC5092B1259482F5007D2B91 /* Instruction.swift in Sources */ = {isa = PBXBuildFile; fileRef = EC509278259482F4007D2B91 /* Instruction.swift */; };
		EC5092B2259482F5007D2B91 /* Instruction.swift in Sources */ = {isa = PBXBuildFile; fileRef = EC509278259482F4007D2B91 /* Instruction.swift */; };
		EC5092B3259482F5007D2B91 /* ChildSizeReader.swift in Sources */ = {isa = PBXBuildFile; fileRef = EC509279259482F4007D2B91 /* ChildSizeReader.swift */; };
		EC5092B4259482F5007D2B91 /* ChildSizeReader.swift in Sources */ = {isa = PBXBuildFile; fileRef = EC509279259482F4007D2B91 /* ChildSizeReader.swift */; };
		EC5092B5259482F5007D2B91 /* StepFooter.swift in Sources */ = {isa = PBXBuildFile; fileRef = EC50927A259482F4007D2B91 /* StepFooter.swift */; };
		EC5092B6259482F5007D2B91 /* StepFooter.swift in Sources */ = {isa = PBXBuildFile; fileRef = EC50927A259482F4007D2B91 /* StepFooter.swift */; };
		EC5092B7259482F5007D2B91 /* RoundedTextButton.swift in Sources */ = {isa = PBXBuildFile; fileRef = EC50927B259482F4007D2B91 /* RoundedTextButton.swift */; };
		EC5092B8259482F5007D2B91 /* RoundedTextButton.swift in Sources */ = {isa = PBXBuildFile; fileRef = EC50927B259482F4007D2B91 /* RoundedTextButton.swift */; };
		EC5092B9259482F5007D2B91 /* DerivationRecipeBuilders.swift in Sources */ = {isa = PBXBuildFile; fileRef = EC50927D259482F4007D2B91 /* DerivationRecipeBuilders.swift */; };
		EC5092BA259482F5007D2B91 /* DerivationRecipeBuilders.swift in Sources */ = {isa = PBXBuildFile; fileRef = EC50927D259482F4007D2B91 /* DerivationRecipeBuilders.swift */; };
		EC5092BB259482F5007D2B91 /* DerivationRecipeMenu.swift in Sources */ = {isa = PBXBuildFile; fileRef = EC50927E259482F4007D2B91 /* DerivationRecipeMenu.swift */; };
		EC5092BC259482F5007D2B91 /* DerivationRecipeMenu.swift in Sources */ = {isa = PBXBuildFile; fileRef = EC50927E259482F4007D2B91 /* DerivationRecipeMenu.swift */; };
		EC5092BD259482F5007D2B91 /* StickerSheetForFace.swift in Sources */ = {isa = PBXBuildFile; fileRef = EC509281259482F4007D2B91 /* StickerSheetForFace.swift */; };
		EC5092BE259482F5007D2B91 /* StickerSheetForFace.swift in Sources */ = {isa = PBXBuildFile; fileRef = EC509281259482F4007D2B91 /* StickerSheetForFace.swift */; };
		EC5092BF259482F5007D2B91 /* BackupToStickeysIntroduction.swift in Sources */ = {isa = PBXBuildFile; fileRef = EC509282259482F4007D2B91 /* BackupToStickeysIntroduction.swift */; };
		EC5092C0259482F5007D2B91 /* BackupToStickeysIntroduction.swift in Sources */ = {isa = PBXBuildFile; fileRef = EC509282259482F4007D2B91 /* BackupToStickeysIntroduction.swift */; };
		EC5092C1259482F5007D2B91 /* TransferSticker.swift in Sources */ = {isa = PBXBuildFile; fileRef = EC509283259482F4007D2B91 /* TransferSticker.swift */; };
		EC5092C2259482F5007D2B91 /* TransferSticker.swift in Sources */ = {isa = PBXBuildFile; fileRef = EC509283259482F4007D2B91 /* TransferSticker.swift */; };
		EC5092C3259482F5007D2B91 /* StickerTargetSheet.swift in Sources */ = {isa = PBXBuildFile; fileRef = EC509284259482F4007D2B91 /* StickerTargetSheet.swift */; };
		EC5092C4259482F5007D2B91 /* StickerTargetSheet.swift in Sources */ = {isa = PBXBuildFile; fileRef = EC509284259482F4007D2B91 /* StickerTargetSheet.swift */; };
		EC5092C5259482F5007D2B91 /* StickerSheet.swift in Sources */ = {isa = PBXBuildFile; fileRef = EC509285259482F4007D2B91 /* StickerSheet.swift */; };
		EC5092C6259482F5007D2B91 /* StickerSheet.swift in Sources */ = {isa = PBXBuildFile; fileRef = EC509285259482F4007D2B91 /* StickerSheet.swift */; };
		EC5092C7259482F5007D2B91 /* ValidateBackup.swift in Sources */ = {isa = PBXBuildFile; fileRef = EC509286259482F4007D2B91 /* ValidateBackup.swift */; };
		EC5092C8259482F5007D2B91 /* ValidateBackup.swift in Sources */ = {isa = PBXBuildFile; fileRef = EC509286259482F4007D2B91 /* ValidateBackup.swift */; };
		EC5092C9259482F5007D2B91 /* BackupDiceKey.swift in Sources */ = {isa = PBXBuildFile; fileRef = EC509287259482F4007D2B91 /* BackupDiceKey.swift */; };
		EC5092CA259482F5007D2B91 /* BackupDiceKey.swift in Sources */ = {isa = PBXBuildFile; fileRef = EC509287259482F4007D2B91 /* BackupDiceKey.swift */; };
		EC5092CB259482F5007D2B91 /* BackupToDiceKeysKitIntroduction.swift in Sources */ = {isa = PBXBuildFile; fileRef = EC509289259482F4007D2B91 /* BackupToDiceKeysKitIntroduction.swift */; };
		EC5092CC259482F5007D2B91 /* BackupToDiceKeysKitIntroduction.swift in Sources */ = {isa = PBXBuildFile; fileRef = EC509289259482F4007D2B91 /* BackupToDiceKeysKitIntroduction.swift */; };
		EC5092CD259482F5007D2B91 /* TransferDie.swift in Sources */ = {isa = PBXBuildFile; fileRef = EC50928A259482F4007D2B91 /* TransferDie.swift */; };
		EC5092CE259482F5007D2B91 /* TransferDie.swift in Sources */ = {isa = PBXBuildFile; fileRef = EC50928A259482F4007D2B91 /* TransferDie.swift */; };
		EC5092CF259482F5007D2B91 /* DiceKeyCopyInProgress.swift in Sources */ = {isa = PBXBuildFile; fileRef = EC50928B259482F4007D2B91 /* DiceKeyCopyInProgress.swift */; };
		EC5092D0259482F5007D2B91 /* DiceKeyCopyInProgress.swift in Sources */ = {isa = PBXBuildFile; fileRef = EC50928B259482F4007D2B91 /* DiceKeyCopyInProgress.swift */; };
		EC5092D1259482F5007D2B91 /* App.swift in Sources */ = {isa = PBXBuildFile; fileRef = EC50928C259482F4007D2B91 /* App.swift */; };
		EC5092D2259482F5007D2B91 /* App.swift in Sources */ = {isa = PBXBuildFile; fileRef = EC50928C259482F4007D2B91 /* App.swift */; };
		EC561299258B827300A056B8 /* Tests_iOS.swift in Sources */ = {isa = PBXBuildFile; fileRef = EC561298258B827300A056B8 /* Tests_iOS.swift */; };
		EC5612A4258B827300A056B8 /* Tests_macOS.swift in Sources */ = {isa = PBXBuildFile; fileRef = EC5612A3258B827300A056B8 /* Tests_macOS.swift */; };
/* End PBXBuildFile section */

/* Begin PBXContainerItemProxy section */
		EC561295258B827300A056B8 /* PBXContainerItemProxy */ = {
			isa = PBXContainerItemProxy;
			containerPortal = EC561278258B827200A056B8 /* Project object */;
			proxyType = 1;
			remoteGlobalIDString = EC561283258B827300A056B8;
			remoteInfo = "DiceKeys (iOS)";
		};
		EC5612A0258B827300A056B8 /* PBXContainerItemProxy */ = {
			isa = PBXContainerItemProxy;
			containerPortal = EC561278258B827200A056B8 /* Project object */;
			proxyType = 1;
			remoteGlobalIDString = EC56128B258B827300A056B8;
			remoteInfo = "DiceKeys (macOS)";
		};
/* End PBXContainerItemProxy section */

/* Begin PBXFileReference section */
		14C38080E39571B13473B619 /* Pods-DiceKeys (iOS).release.xcconfig */ = {isa = PBXFileReference; includeInIndex = 1; lastKnownFileType = text.xcconfig; name = "Pods-DiceKeys (iOS).release.xcconfig"; path = "Target Support Files/Pods-DiceKeys (iOS)/Pods-DiceKeys (iOS).release.xcconfig"; sourceTree = "<group>"; };
		19FCCD61505F4C2ED9F6ED0B /* Pods_DiceKeys__macOS_.framework */ = {isa = PBXFileReference; explicitFileType = wrapper.framework; includeInIndex = 0; path = Pods_DiceKeys__macOS_.framework; sourceTree = BUILT_PRODUCTS_DIR; };
		25A6B06AB3C071EB2999AE67 /* Pods_DiceKeys__iOS_.framework */ = {isa = PBXFileReference; explicitFileType = wrapper.framework; includeInIndex = 0; path = Pods_DiceKeys__iOS_.framework; sourceTree = BUILT_PRODUCTS_DIR; };
		A12F40698764C98F698C6350 /* Pods-DiceKeys (macOS).release.xcconfig */ = {isa = PBXFileReference; includeInIndex = 1; lastKnownFileType = text.xcconfig; name = "Pods-DiceKeys (macOS).release.xcconfig"; path = "Target Support Files/Pods-DiceKeys (macOS)/Pods-DiceKeys (macOS).release.xcconfig"; sourceTree = "<group>"; };
		B09CA29A4B28E9D780FE3E0E /* Pods-DiceKeys (macOS).debug.xcconfig */ = {isa = PBXFileReference; includeInIndex = 1; lastKnownFileType = text.xcconfig; name = "Pods-DiceKeys (macOS).debug.xcconfig"; path = "Target Support Files/Pods-DiceKeys (macOS)/Pods-DiceKeys (macOS).debug.xcconfig"; sourceTree = "<group>"; };
		D6328E5B71C2EFE82AB1D100 /* Pods-DiceKeys (iOS).debug.xcconfig */ = {isa = PBXFileReference; includeInIndex = 1; lastKnownFileType = text.xcconfig; name = "Pods-DiceKeys (iOS).debug.xcconfig"; path = "Target Support Files/Pods-DiceKeys (iOS)/Pods-DiceKeys (iOS).debug.xcconfig"; sourceTree = "<group>"; };
		EC5091EA259480BE007D2B91 /* GlobalState.swift */ = {isa = PBXFileReference; fileEncoding = 4; lastKnownFileType = sourcecode.swift; path = GlobalState.swift; sourceTree = "<group>"; };
		EC5091EB259480BE007D2B91 /* UnlockedDiceKeyState.swift */ = {isa = PBXFileReference; fileEncoding = 4; lastKnownFileType = sourcecode.swift; path = UnlockedDiceKeyState.swift; sourceTree = "<group>"; };
		EC5091EC259480BE007D2B91 /* ObservableObjectUpdatingOnAllChangesToUserDefaults.swift */ = {isa = PBXFileReference; fileEncoding = 4; lastKnownFileType = sourcecode.swift; path = ObservableObjectUpdatingOnAllChangesToUserDefaults.swift; sourceTree = "<group>"; };
		EC5091F925948124007D2B91 /* DiceKeyMedium.swift */ = {isa = PBXFileReference; fileEncoding = 4; lastKnownFileType = sourcecode.swift; path = DiceKeyMedium.swift; sourceTree = "<group>"; };
		EC5091FA25948124007D2B91 /* EncryptedDiceKeyFileAccessor.swift */ = {isa = PBXFileReference; fileEncoding = 4; lastKnownFileType = sourcecode.swift; path = EncryptedDiceKeyFileAccessor.swift; sourceTree = "<group>"; };
		EC5091FB25948124007D2B91 /* Face.swift */ = {isa = PBXFileReference; fileEncoding = 4; lastKnownFileType = sourcecode.swift; path = Face.swift; sourceTree = "<group>"; };
		EC5091FC25948124007D2B91 /* FaceRead.swift */ = {isa = PBXFileReference; fileEncoding = 4; lastKnownFileType = sourcecode.swift; path = FaceRead.swift; sourceTree = "<group>"; };
		EC5091FD25948124007D2B91 /* DiceKey.swift */ = {isa = PBXFileReference; fileEncoding = 4; lastKnownFileType = sourcecode.swift; path = DiceKey.swift; sourceTree = "<group>"; };
		EC5091FE25948124007D2B91 /* FaceSpecification.swift */ = {isa = PBXFileReference; fileEncoding = 4; lastKnownFileType = sourcecode.swift; path = FaceSpecification.swift; sourceTree = "<group>"; };
		EC5091FF25948124007D2B91 /* Derivables.swift */ = {isa = PBXFileReference; fileEncoding = 4; lastKnownFileType = sourcecode.swift; path = Derivables.swift; sourceTree = "<group>"; };
		EC50920125948124007D2B91 /* DerivationOptions.swift */ = {isa = PBXFileReference; fileEncoding = 4; lastKnownFileType = sourcecode.swift; path = DerivationOptions.swift; sourceTree = "<group>"; };
		EC50920225948124007D2B91 /* UnsealingInstructions.swift */ = {isa = PBXFileReference; fileEncoding = 4; lastKnownFileType = sourcecode.swift; path = UnsealingInstructions.swift; sourceTree = "<group>"; };
		EC50920325948124007D2B91 /* PermissionChecks.swift */ = {isa = PBXFileReference; fileEncoding = 4; lastKnownFileType = sourcecode.swift; path = PermissionChecks.swift; sourceTree = "<group>"; };
		EC50920425948124007D2B91 /* WebBasedApplicationIdentity.swift */ = {isa = PBXFileReference; fileEncoding = 4; lastKnownFileType = sourcecode.swift; path = WebBasedApplicationIdentity.swift; sourceTree = "<group>"; };
		EC50920525948124007D2B91 /* ApiRequest.swift */ = {isa = PBXFileReference; fileEncoding = 4; lastKnownFileType = sourcecode.swift; path = ApiRequest.swift; sourceTree = "<group>"; };
		EC50920625948124007D2B91 /* ApiInterfaces.swift */ = {isa = PBXFileReference; fileEncoding = 4; lastKnownFileType = sourcecode.swift; path = ApiInterfaces.swift; sourceTree = "<group>"; };
		EC50922A2594818F007D2B91 /* UIWindow+Orientation.swift */ = {isa = PBXFileReference; fileEncoding = 4; lastKnownFileType = sourcecode.swift; path = "UIWindow+Orientation.swift"; sourceTree = "<group>"; };
		EC50922B2594818F007D2B91 /* View.swift */ = {isa = PBXFileReference; fileEncoding = 4; lastKnownFileType = sourcecode.swift; path = View.swift; sourceTree = "<group>"; };
		EC50922C2594818F007D2B91 /* Properties.swift */ = {isa = PBXFileReference; fileEncoding = 4; lastKnownFileType = sourcecode.swift; path = Properties.swift; sourceTree = "<group>"; };
		EC50922D2594818F007D2B91 /* Size.swift */ = {isa = PBXFileReference; fileEncoding = 4; lastKnownFileType = sourcecode.swift; path = Size.swift; sourceTree = "<group>"; };
		EC50922E2594818F007D2B91 /* Color.swift */ = {isa = PBXFileReference; fileEncoding = 4; lastKnownFileType = sourcecode.swift; path = Color.swift; sourceTree = "<group>"; };
		EC50923E259481E2007D2B91 /* Assets.xcassets */ = {isa = PBXFileReference; lastKnownFileType = folder.assetcatalog; path = Assets.xcassets; sourceTree = "<group>"; };
		EC50923F259481E2007D2B91 /* test.png */ = {isa = PBXFileReference; lastKnownFileType = image.png; path = test.png; sourceTree = "<group>"; };
		EC509258259482CA007D2B91 /* Inconsolata-Bold.otf */ = {isa = PBXFileReference; lastKnownFileType = file; path = "Inconsolata-Bold.otf"; sourceTree = "<group>"; };
		EC509261259482F4007D2B91 /* KeyScanningIllustration.swift */ = {isa = PBXFileReference; fileEncoding = 4; lastKnownFileType = sourcecode.swift; path = KeyScanningIllustration.swift; sourceTree = "<group>"; };
		EC509263259482F4007D2B91 /* Funnel.swift */ = {isa = PBXFileReference; fileEncoding = 4; lastKnownFileType = sourcecode.swift; path = Funnel.swift; sourceTree = "<group>"; };
		EC509265259482F4007D2B91 /* DiceKeyCenterFaceOnlyView.swift */ = {isa = PBXFileReference; fileEncoding = 4; lastKnownFileType = sourcecode.swift; path = DiceKeyCenterFaceOnlyView.swift; sourceTree = "<group>"; };
		EC509266259482F4007D2B91 /* DiceKeyView.swift */ = {isa = PBXFileReference; fileEncoding = 4; lastKnownFileType = sourcecode.swift; path = DiceKeyView.swift; sourceTree = "<group>"; };
		EC509267259482F4007D2B91 /* DieView.swift */ = {isa = PBXFileReference; fileEncoding = 4; lastKnownFileType = sourcecode.swift; path = DieView.swift; sourceTree = "<group>"; };
		EC509268259482F4007D2B91 /* DerivedFromDiceKey.swift */ = {isa = PBXFileReference; fileEncoding = 4; lastKnownFileType = sourcecode.swift; path = DerivedFromDiceKey.swift; sourceTree = "<group>"; };
		EC50926A259482F4007D2B91 /* CameraController.swift */ = {isa = PBXFileReference; fileEncoding = 4; lastKnownFileType = sourcecode.swift; path = CameraController.swift; sourceTree = "<group>"; };
		EC50926B259482F4007D2B91 /* FacesReadOverlay.swift */ = {isa = PBXFileReference; fileEncoding = 4; lastKnownFileType = sourcecode.swift; path = FacesReadOverlay.swift; sourceTree = "<group>"; };
		EC50926C259482F4007D2B91 /* ScanDiceKey.swift */ = {isa = PBXFileReference; fileEncoding = 4; lastKnownFileType = sourcecode.swift; path = ScanDiceKey.swift; sourceTree = "<group>"; };
		EC50926D259482F4007D2B91 /* DiceKeysCameraView.swift */ = {isa = PBXFileReference; fileEncoding = 4; lastKnownFileType = sourcecode.swift; path = DiceKeysCameraView.swift; sourceTree = "<group>"; };
		EC50926F259482F4007D2B91 /* DiceKeyPresent.swift */ = {isa = PBXFileReference; fileEncoding = 4; lastKnownFileType = sourcecode.swift; path = DiceKeyPresent.swift; sourceTree = "<group>"; };
		EC509270259482F4007D2B91 /* AppMainView.swift */ = {isa = PBXFileReference; fileEncoding = 4; lastKnownFileType = sourcecode.swift; path = AppMainView.swift; sourceTree = "<group>"; };
		EC509271259482F4007D2B91 /* SeedHardwareSecurityKey.swift */ = {isa = PBXFileReference; fileEncoding = 4; lastKnownFileType = sourcecode.swift; path = SeedHardwareSecurityKey.swift; sourceTree = "<group>"; };
		EC509272259482F4007D2B91 /* DiceKeyStorageOptions.swift */ = {isa = PBXFileReference; fileEncoding = 4; lastKnownFileType = sourcecode.swift; path = DiceKeyStorageOptions.swift; sourceTree = "<group>"; };
		EC509273259482F4007D2B91 /* UIViewController.swift */ = {isa = PBXFileReference; fileEncoding = 4; lastKnownFileType = sourcecode.swift; path = UIViewController.swift; sourceTree = "<group>"; };
		EC509274259482F4007D2B91 /* DiceKeyWithDerivedValue.swift */ = {isa = PBXFileReference; fileEncoding = 4; lastKnownFileType = sourcecode.swift; path = DiceKeyWithDerivedValue.swift; sourceTree = "<group>"; };
		EC509275259482F4007D2B91 /* AssemblyInstructions.swift */ = {isa = PBXFileReference; fileEncoding = 4; lastKnownFileType = sourcecode.swift; path = AssemblyInstructions.swift; sourceTree = "<group>"; };
		EC509277259482F4007D2B91 /* NavigationBar.swift */ = {isa = PBXFileReference; fileEncoding = 4; lastKnownFileType = sourcecode.swift; path = NavigationBar.swift; sourceTree = "<group>"; };
		EC509278259482F4007D2B91 /* Instruction.swift */ = {isa = PBXFileReference; fileEncoding = 4; lastKnownFileType = sourcecode.swift; path = Instruction.swift; sourceTree = "<group>"; };
		EC509279259482F4007D2B91 /* ChildSizeReader.swift */ = {isa = PBXFileReference; fileEncoding = 4; lastKnownFileType = sourcecode.swift; path = ChildSizeReader.swift; sourceTree = "<group>"; };
		EC50927A259482F4007D2B91 /* StepFooter.swift */ = {isa = PBXFileReference; fileEncoding = 4; lastKnownFileType = sourcecode.swift; path = StepFooter.swift; sourceTree = "<group>"; };
		EC50927B259482F4007D2B91 /* RoundedTextButton.swift */ = {isa = PBXFileReference; fileEncoding = 4; lastKnownFileType = sourcecode.swift; path = RoundedTextButton.swift; sourceTree = "<group>"; };
		EC50927D259482F4007D2B91 /* DerivationRecipeBuilders.swift */ = {isa = PBXFileReference; fileEncoding = 4; lastKnownFileType = sourcecode.swift; path = DerivationRecipeBuilders.swift; sourceTree = "<group>"; };
		EC50927E259482F4007D2B91 /* DerivationRecipeMenu.swift */ = {isa = PBXFileReference; fileEncoding = 4; lastKnownFileType = sourcecode.swift; path = DerivationRecipeMenu.swift; sourceTree = "<group>"; };
		EC509281259482F4007D2B91 /* StickerSheetForFace.swift */ = {isa = PBXFileReference; fileEncoding = 4; lastKnownFileType = sourcecode.swift; path = StickerSheetForFace.swift; sourceTree = "<group>"; };
		EC509282259482F4007D2B91 /* BackupToStickeysIntroduction.swift */ = {isa = PBXFileReference; fileEncoding = 4; lastKnownFileType = sourcecode.swift; path = BackupToStickeysIntroduction.swift; sourceTree = "<group>"; };
		EC509283259482F4007D2B91 /* TransferSticker.swift */ = {isa = PBXFileReference; fileEncoding = 4; lastKnownFileType = sourcecode.swift; path = TransferSticker.swift; sourceTree = "<group>"; };
		EC509284259482F4007D2B91 /* StickerTargetSheet.swift */ = {isa = PBXFileReference; fileEncoding = 4; lastKnownFileType = sourcecode.swift; path = StickerTargetSheet.swift; sourceTree = "<group>"; };
		EC509285259482F4007D2B91 /* StickerSheet.swift */ = {isa = PBXFileReference; fileEncoding = 4; lastKnownFileType = sourcecode.swift; path = StickerSheet.swift; sourceTree = "<group>"; };
		EC509286259482F4007D2B91 /* ValidateBackup.swift */ = {isa = PBXFileReference; fileEncoding = 4; lastKnownFileType = sourcecode.swift; path = ValidateBackup.swift; sourceTree = "<group>"; };
		EC509287259482F4007D2B91 /* BackupDiceKey.swift */ = {isa = PBXFileReference; fileEncoding = 4; lastKnownFileType = sourcecode.swift; path = BackupDiceKey.swift; sourceTree = "<group>"; };
		EC509289259482F4007D2B91 /* BackupToDiceKeysKitIntroduction.swift */ = {isa = PBXFileReference; fileEncoding = 4; lastKnownFileType = sourcecode.swift; path = BackupToDiceKeysKitIntroduction.swift; sourceTree = "<group>"; };
		EC50928A259482F4007D2B91 /* TransferDie.swift */ = {isa = PBXFileReference; fileEncoding = 4; lastKnownFileType = sourcecode.swift; path = TransferDie.swift; sourceTree = "<group>"; };
		EC50928B259482F4007D2B91 /* DiceKeyCopyInProgress.swift */ = {isa = PBXFileReference; fileEncoding = 4; lastKnownFileType = sourcecode.swift; path = DiceKeyCopyInProgress.swift; sourceTree = "<group>"; };
		EC50928C259482F4007D2B91 /* App.swift */ = {isa = PBXFileReference; fileEncoding = 4; lastKnownFileType = sourcecode.swift; path = App.swift; sourceTree = "<group>"; };
		EC5092D72594830F007D2B91 /* DiceKeys-Bridging-Header.h */ = {isa = PBXFileReference; lastKnownFileType = sourcecode.c.h; path = "DiceKeys-Bridging-Header.h"; sourceTree = "<group>"; };
		EC561284258B827300A056B8 /* DiceKeys.app */ = {isa = PBXFileReference; explicitFileType = wrapper.application; includeInIndex = 0; path = DiceKeys.app; sourceTree = BUILT_PRODUCTS_DIR; };
		EC561287258B827300A056B8 /* Info.plist */ = {isa = PBXFileReference; lastKnownFileType = text.plist.xml; path = Info.plist; sourceTree = "<group>"; };
		EC56128C258B827300A056B8 /* DiceKeys.app */ = {isa = PBXFileReference; explicitFileType = wrapper.application; includeInIndex = 0; path = DiceKeys.app; sourceTree = BUILT_PRODUCTS_DIR; };
		EC56128E258B827300A056B8 /* Info.plist */ = {isa = PBXFileReference; lastKnownFileType = text.plist.xml; path = Info.plist; sourceTree = "<group>"; };
		EC56128F258B827300A056B8 /* macOS.entitlements */ = {isa = PBXFileReference; lastKnownFileType = text.plist.entitlements; path = macOS.entitlements; sourceTree = "<group>"; };
		EC561294258B827300A056B8 /* Tests iOS.xctest */ = {isa = PBXFileReference; explicitFileType = wrapper.cfbundle; includeInIndex = 0; path = "Tests iOS.xctest"; sourceTree = BUILT_PRODUCTS_DIR; };
		EC561298258B827300A056B8 /* Tests_iOS.swift */ = {isa = PBXFileReference; lastKnownFileType = sourcecode.swift; path = Tests_iOS.swift; sourceTree = "<group>"; };
		EC56129A258B827300A056B8 /* Info.plist */ = {isa = PBXFileReference; lastKnownFileType = text.plist.xml; path = Info.plist; sourceTree = "<group>"; };
		EC56129F258B827300A056B8 /* Tests macOS.xctest */ = {isa = PBXFileReference; explicitFileType = wrapper.cfbundle; includeInIndex = 0; path = "Tests macOS.xctest"; sourceTree = BUILT_PRODUCTS_DIR; };
		EC5612A3258B827300A056B8 /* Tests_macOS.swift */ = {isa = PBXFileReference; lastKnownFileType = sourcecode.swift; path = Tests_macOS.swift; sourceTree = "<group>"; };
		EC5612A5258B827300A056B8 /* Info.plist */ = {isa = PBXFileReference; lastKnownFileType = text.plist.xml; path = Info.plist; sourceTree = "<group>"; };
/* End PBXFileReference section */

/* Begin PBXFrameworksBuildPhase section */
		EC561281258B827300A056B8 /* Frameworks */ = {
			isa = PBXFrameworksBuildPhase;
			buildActionMask = 2147483647;
			files = (
				0FF7F731929DF324410FCCEA /* Pods_DiceKeys__iOS_.framework in Frameworks */,
			);
			runOnlyForDeploymentPostprocessing = 0;
		};
		EC561289258B827300A056B8 /* Frameworks */ = {
			isa = PBXFrameworksBuildPhase;
			buildActionMask = 2147483647;
			files = (
				ACF9E6A9B1E79E881EEE4C09 /* Pods_DiceKeys__macOS_.framework in Frameworks */,
			);
			runOnlyForDeploymentPostprocessing = 0;
		};
		EC561291258B827300A056B8 /* Frameworks */ = {
			isa = PBXFrameworksBuildPhase;
			buildActionMask = 2147483647;
			files = (
			);
			runOnlyForDeploymentPostprocessing = 0;
		};
		EC56129C258B827300A056B8 /* Frameworks */ = {
			isa = PBXFrameworksBuildPhase;
			buildActionMask = 2147483647;
			files = (
			);
			runOnlyForDeploymentPostprocessing = 0;
		};
/* End PBXFrameworksBuildPhase section */

/* Begin PBXGroup section */
		8BCE0DBCE05C749853CDC99E /* Pods */ = {
			isa = PBXGroup;
			children = (
				D6328E5B71C2EFE82AB1D100 /* Pods-DiceKeys (iOS).debug.xcconfig */,
				14C38080E39571B13473B619 /* Pods-DiceKeys (iOS).release.xcconfig */,
				B09CA29A4B28E9D780FE3E0E /* Pods-DiceKeys (macOS).debug.xcconfig */,
				A12F40698764C98F698C6350 /* Pods-DiceKeys (macOS).release.xcconfig */,
			);
			path = Pods;
			sourceTree = "<group>";
		};
		E3C92F6F84F8D8E47D8983A4 /* Frameworks */ = {
			isa = PBXGroup;
			children = (
				25A6B06AB3C071EB2999AE67 /* Pods_DiceKeys__iOS_.framework */,
				19FCCD61505F4C2ED9F6ED0B /* Pods_DiceKeys__macOS_.framework */,
			);
			name = Frameworks;
			sourceTree = "<group>";
		};
		EC5091E9259480BE007D2B91 /* State */ = {
			isa = PBXGroup;
			children = (
				EC5091EA259480BE007D2B91 /* GlobalState.swift */,
				EC5091EB259480BE007D2B91 /* UnlockedDiceKeyState.swift */,
				EC5091EC259480BE007D2B91 /* ObservableObjectUpdatingOnAllChangesToUserDefaults.swift */,
			);
			path = State;
			sourceTree = "<group>";
		};
		EC5091F725948124007D2B91 /* Core */ = {
			isa = PBXGroup;
			children = (
				EC5091F825948124007D2B91 /* DiceKey */,
				EC50920025948124007D2B91 /* Api */,
			);
			path = Core;
			sourceTree = "<group>";
		};
		EC5091F825948124007D2B91 /* DiceKey */ = {
			isa = PBXGroup;
			children = (
				EC5091F925948124007D2B91 /* DiceKeyMedium.swift */,
				EC5091FA25948124007D2B91 /* EncryptedDiceKeyFileAccessor.swift */,
				EC5091FB25948124007D2B91 /* Face.swift */,
				EC5091FC25948124007D2B91 /* FaceRead.swift */,
				EC5091FD25948124007D2B91 /* DiceKey.swift */,
				EC5091FE25948124007D2B91 /* FaceSpecification.swift */,
				EC5091FF25948124007D2B91 /* Derivables.swift */,
			);
			path = DiceKey;
			sourceTree = "<group>";
		};
		EC50920025948124007D2B91 /* Api */ = {
			isa = PBXGroup;
			children = (
				EC50920125948124007D2B91 /* DerivationOptions.swift */,
				EC50920225948124007D2B91 /* UnsealingInstructions.swift */,
				EC50920325948124007D2B91 /* PermissionChecks.swift */,
				EC50920425948124007D2B91 /* WebBasedApplicationIdentity.swift */,
				EC50920525948124007D2B91 /* ApiRequest.swift */,
				EC50920625948124007D2B91 /* ApiInterfaces.swift */,
			);
			path = Api;
			sourceTree = "<group>";
		};
		EC5092292594818F007D2B91 /* Extensions */ = {
			isa = PBXGroup;
			children = (
				EC50922A2594818F007D2B91 /* UIWindow+Orientation.swift */,
				EC50922B2594818F007D2B91 /* View.swift */,
				EC50922C2594818F007D2B91 /* Properties.swift */,
				EC50922D2594818F007D2B91 /* Size.swift */,
				EC50922E2594818F007D2B91 /* Color.swift */,
			);
			path = Extensions;
			sourceTree = "<group>";
		};
		EC50923D259481E2007D2B91 /* Resources */ = {
			isa = PBXGroup;
			children = (
				EC50923E259481E2007D2B91 /* Assets.xcassets */,
				EC50923F259481E2007D2B91 /* test.png */,
			);
			path = Resources;
			sourceTree = "<group>";
		};
		EC509257259482CA007D2B91 /* fonts */ = {
			isa = PBXGroup;
			children = (
				EC509258259482CA007D2B91 /* Inconsolata-Bold.otf */,
			);
			path = fonts;
			sourceTree = "<group>";
		};
		EC50925F259482F4007D2B91 /* Views */ = {
			isa = PBXGroup;
			children = (
				EC509260259482F4007D2B91 /* Illustrations */,
				EC509262259482F4007D2B91 /* Shapes */,
				EC509264259482F4007D2B91 /* DiceKey */,
				EC509269259482F4007D2B91 /* Scanning */,
				EC50926E259482F4007D2B91 /* Screens */,
				EC509276259482F4007D2B91 /* Components */,
				EC50927C259482F4007D2B91 /* Derivables */,
				EC50927F259482F4007D2B91 /* Backup */,
				EC50928C259482F4007D2B91 /* App.swift */,
			);
			path = Views;
			sourceTree = "<group>";
		};
		EC509260259482F4007D2B91 /* Illustrations */ = {
			isa = PBXGroup;
			children = (
				EC509261259482F4007D2B91 /* KeyScanningIllustration.swift */,
			);
			path = Illustrations;
			sourceTree = "<group>";
		};
		EC509262259482F4007D2B91 /* Shapes */ = {
			isa = PBXGroup;
			children = (
				EC509263259482F4007D2B91 /* Funnel.swift */,
			);
			path = Shapes;
			sourceTree = "<group>";
		};
		EC509264259482F4007D2B91 /* DiceKey */ = {
			isa = PBXGroup;
			children = (
				EC509265259482F4007D2B91 /* DiceKeyCenterFaceOnlyView.swift */,
				EC509266259482F4007D2B91 /* DiceKeyView.swift */,
				EC509267259482F4007D2B91 /* DieView.swift */,
				EC509268259482F4007D2B91 /* DerivedFromDiceKey.swift */,
			);
			path = DiceKey;
			sourceTree = "<group>";
		};
		EC509269259482F4007D2B91 /* Scanning */ = {
			isa = PBXGroup;
			children = (
				EC50926A259482F4007D2B91 /* CameraController.swift */,
				EC50926B259482F4007D2B91 /* FacesReadOverlay.swift */,
				EC50926C259482F4007D2B91 /* ScanDiceKey.swift */,
				EC50926D259482F4007D2B91 /* DiceKeysCameraView.swift */,
			);
			path = Scanning;
			sourceTree = "<group>";
		};
		EC50926E259482F4007D2B91 /* Screens */ = {
			isa = PBXGroup;
			children = (
				EC50926F259482F4007D2B91 /* DiceKeyPresent.swift */,
				EC509270259482F4007D2B91 /* AppMainView.swift */,
				EC509271259482F4007D2B91 /* SeedHardwareSecurityKey.swift */,
				EC509272259482F4007D2B91 /* DiceKeyStorageOptions.swift */,
				EC509273259482F4007D2B91 /* UIViewController.swift */,
				EC509274259482F4007D2B91 /* DiceKeyWithDerivedValue.swift */,
				EC509275259482F4007D2B91 /* AssemblyInstructions.swift */,
			);
			path = Screens;
			sourceTree = "<group>";
		};
		EC509276259482F4007D2B91 /* Components */ = {
			isa = PBXGroup;
			children = (
				EC509277259482F4007D2B91 /* NavigationBar.swift */,
				EC509278259482F4007D2B91 /* Instruction.swift */,
				EC509279259482F4007D2B91 /* ChildSizeReader.swift */,
				EC50927A259482F4007D2B91 /* StepFooter.swift */,
				EC50927B259482F4007D2B91 /* RoundedTextButton.swift */,
			);
			path = Components;
			sourceTree = "<group>";
		};
		EC50927C259482F4007D2B91 /* Derivables */ = {
			isa = PBXGroup;
			children = (
				EC50927D259482F4007D2B91 /* DerivationRecipeBuilders.swift */,
				EC50927E259482F4007D2B91 /* DerivationRecipeMenu.swift */,
			);
			path = Derivables;
			sourceTree = "<group>";
		};
		EC50927F259482F4007D2B91 /* Backup */ = {
			isa = PBXGroup;
			children = (
				EC509280259482F4007D2B91 /* StickeysKit */,
				EC509286259482F4007D2B91 /* ValidateBackup.swift */,
				EC509287259482F4007D2B91 /* BackupDiceKey.swift */,
				EC509288259482F4007D2B91 /* Stickeys */,
			);
			path = Backup;
			sourceTree = "<group>";
		};
		EC509280259482F4007D2B91 /* StickeysKit */ = {
			isa = PBXGroup;
			children = (
				EC509281259482F4007D2B91 /* StickerSheetForFace.swift */,
				EC509282259482F4007D2B91 /* BackupToStickeysIntroduction.swift */,
				EC509283259482F4007D2B91 /* TransferSticker.swift */,
				EC509284259482F4007D2B91 /* StickerTargetSheet.swift */,
				EC509285259482F4007D2B91 /* StickerSheet.swift */,
			);
			path = StickeysKit;
			sourceTree = "<group>";
		};
		EC509288259482F4007D2B91 /* Stickeys */ = {
			isa = PBXGroup;
			children = (
				EC509289259482F4007D2B91 /* BackupToDiceKeysKitIntroduction.swift */,
				EC50928A259482F4007D2B91 /* TransferDie.swift */,
				EC50928B259482F4007D2B91 /* DiceKeyCopyInProgress.swift */,
			);
			path = Stickeys;
			sourceTree = "<group>";
		};
		EC561277258B827200A056B8 = {
			isa = PBXGroup;
			children = (
				EC56127C258B827200A056B8 /* DiceKeys */,
				EC561286258B827300A056B8 /* iOS */,
				EC56128D258B827300A056B8 /* macOS */,
				EC561297258B827300A056B8 /* Tests iOS */,
				EC5612A2258B827300A056B8 /* Tests macOS */,
				EC561285258B827300A056B8 /* Products */,
				8BCE0DBCE05C749853CDC99E /* Pods */,
				E3C92F6F84F8D8E47D8983A4 /* Frameworks */,
			);
			sourceTree = "<group>";
		};
		EC56127C258B827200A056B8 /* DiceKeys */ = {
			isa = PBXGroup;
			children = (
				EC5091E9259480BE007D2B91 /* State */,
				EC5091F725948124007D2B91 /* Core */,
				EC5092D72594830F007D2B91 /* DiceKeys-Bridging-Header.h */,
				EC50925F259482F4007D2B91 /* Views */,
				EC509257259482CA007D2B91 /* fonts */,
				EC50923D259481E2007D2B91 /* Resources */,
				EC5092292594818F007D2B91 /* Extensions */,
			);
			path = DiceKeys;
			sourceTree = "<group>";
		};
		EC561285258B827300A056B8 /* Products */ = {
			isa = PBXGroup;
			children = (
				EC561284258B827300A056B8 /* DiceKeys.app */,
				EC56128C258B827300A056B8 /* DiceKeys.app */,
				EC561294258B827300A056B8 /* Tests iOS.xctest */,
				EC56129F258B827300A056B8 /* Tests macOS.xctest */,
			);
			name = Products;
			sourceTree = "<group>";
		};
		EC561286258B827300A056B8 /* iOS */ = {
			isa = PBXGroup;
			children = (
				EC561287258B827300A056B8 /* Info.plist */,
			);
			path = iOS;
			sourceTree = "<group>";
		};
		EC56128D258B827300A056B8 /* macOS */ = {
			isa = PBXGroup;
			children = (
				EC56128E258B827300A056B8 /* Info.plist */,
				EC56128F258B827300A056B8 /* macOS.entitlements */,
			);
			path = macOS;
			sourceTree = "<group>";
		};
		EC561297258B827300A056B8 /* Tests iOS */ = {
			isa = PBXGroup;
			children = (
				EC561298258B827300A056B8 /* Tests_iOS.swift */,
				EC56129A258B827300A056B8 /* Info.plist */,
			);
			path = "Tests iOS";
			sourceTree = "<group>";
		};
		EC5612A2258B827300A056B8 /* Tests macOS */ = {
			isa = PBXGroup;
			children = (
				EC5612A3258B827300A056B8 /* Tests_macOS.swift */,
				EC5612A5258B827300A056B8 /* Info.plist */,
			);
			path = "Tests macOS";
			sourceTree = "<group>";
		};
/* End PBXGroup section */

/* Begin PBXNativeTarget section */
		EC561283258B827300A056B8 /* DiceKeys (iOS) */ = {
			isa = PBXNativeTarget;
			buildConfigurationList = EC5612AE258B827300A056B8 /* Build configuration list for PBXNativeTarget "DiceKeys (iOS)" */;
			buildPhases = (
				9F42E1F9A15CDF587A953B33 /* [CP] Check Pods Manifest.lock */,
				EC561280258B827300A056B8 /* Sources */,
				EC561281258B827300A056B8 /* Frameworks */,
				EC561282258B827300A056B8 /* Resources */,
				7089064DC75FE356585A21AA /* [CP] Embed Pods Frameworks */,
			);
			buildRules = (
			);
			dependencies = (
			);
			name = "DiceKeys (iOS)";
			productName = "DiceKeys (iOS)";
			productReference = EC561284258B827300A056B8 /* DiceKeys.app */;
			productType = "com.apple.product-type.application";
		};
		EC56128B258B827300A056B8 /* DiceKeys (macOS) */ = {
			isa = PBXNativeTarget;
			buildConfigurationList = EC5612B1258B827300A056B8 /* Build configuration list for PBXNativeTarget "DiceKeys (macOS)" */;
			buildPhases = (
				DF673C82531249488B44C288 /* [CP] Check Pods Manifest.lock */,
				EC561288258B827300A056B8 /* Sources */,
				EC561289258B827300A056B8 /* Frameworks */,
				EC56128A258B827300A056B8 /* Resources */,
				1BA84882CD207698B9D160C4 /* [CP] Embed Pods Frameworks */,
			);
			buildRules = (
			);
			dependencies = (
			);
			name = "DiceKeys (macOS)";
			productName = "DiceKeys (macOS)";
			productReference = EC56128C258B827300A056B8 /* DiceKeys.app */;
			productType = "com.apple.product-type.application";
		};
		EC561293258B827300A056B8 /* Tests iOS */ = {
			isa = PBXNativeTarget;
			buildConfigurationList = EC5612B4258B827300A056B8 /* Build configuration list for PBXNativeTarget "Tests iOS" */;
			buildPhases = (
				EC561290258B827300A056B8 /* Sources */,
				EC561291258B827300A056B8 /* Frameworks */,
				EC561292258B827300A056B8 /* Resources */,
			);
			buildRules = (
			);
			dependencies = (
				EC561296258B827300A056B8 /* PBXTargetDependency */,
			);
			name = "Tests iOS";
			productName = "Tests iOS";
			productReference = EC561294258B827300A056B8 /* Tests iOS.xctest */;
			productType = "com.apple.product-type.bundle.ui-testing";
		};
		EC56129E258B827300A056B8 /* Tests macOS */ = {
			isa = PBXNativeTarget;
			buildConfigurationList = EC5612B7258B827300A056B8 /* Build configuration list for PBXNativeTarget "Tests macOS" */;
			buildPhases = (
				EC56129B258B827300A056B8 /* Sources */,
				EC56129C258B827300A056B8 /* Frameworks */,
				EC56129D258B827300A056B8 /* Resources */,
			);
			buildRules = (
			);
			dependencies = (
				EC5612A1258B827300A056B8 /* PBXTargetDependency */,
			);
			name = "Tests macOS";
			productName = "Tests macOS";
			productReference = EC56129F258B827300A056B8 /* Tests macOS.xctest */;
			productType = "com.apple.product-type.bundle.ui-testing";
		};
/* End PBXNativeTarget section */

/* Begin PBXProject section */
		EC561278258B827200A056B8 /* Project object */ = {
			isa = PBXProject;
			attributes = {
				LastSwiftUpdateCheck = 1230;
				LastUpgradeCheck = 1230;
				TargetAttributes = {
					EC561283258B827300A056B8 = {
						CreatedOnToolsVersion = 12.3;
					};
					EC56128B258B827300A056B8 = {
						CreatedOnToolsVersion = 12.3;
					};
					EC561293258B827300A056B8 = {
						CreatedOnToolsVersion = 12.3;
						TestTargetID = EC561283258B827300A056B8;
					};
					EC56129E258B827300A056B8 = {
						CreatedOnToolsVersion = 12.3;
						TestTargetID = EC56128B258B827300A056B8;
					};
				};
			};
			buildConfigurationList = EC56127B258B827200A056B8 /* Build configuration list for PBXProject "DiceKeys" */;
			compatibilityVersion = "Xcode 9.3";
			developmentRegion = en;
			hasScannedForEncodings = 0;
			knownRegions = (
				en,
				Base,
			);
			mainGroup = EC561277258B827200A056B8;
			productRefGroup = EC561285258B827300A056B8 /* Products */;
			projectDirPath = "";
			projectRoot = "";
			targets = (
				EC561283258B827300A056B8 /* DiceKeys (iOS) */,
				EC56128B258B827300A056B8 /* DiceKeys (macOS) */,
				EC561293258B827300A056B8 /* Tests iOS */,
				EC56129E258B827300A056B8 /* Tests macOS */,
			);
		};
/* End PBXProject section */

/* Begin PBXResourcesBuildPhase section */
		EC561282258B827300A056B8 /* Resources */ = {
			isa = PBXResourcesBuildPhase;
			buildActionMask = 2147483647;
			files = (
				EC509259259482CA007D2B91 /* Inconsolata-Bold.otf in Resources */,
				EC509240259481E2007D2B91 /* Assets.xcassets in Resources */,
				EC509242259481E2007D2B91 /* test.png in Resources */,
			);
			runOnlyForDeploymentPostprocessing = 0;
		};
		EC56128A258B827300A056B8 /* Resources */ = {
			isa = PBXResourcesBuildPhase;
			buildActionMask = 2147483647;
			files = (
				EC50925A259482CA007D2B91 /* Inconsolata-Bold.otf in Resources */,
				EC509241259481E2007D2B91 /* Assets.xcassets in Resources */,
				EC509243259481E2007D2B91 /* test.png in Resources */,
			);
			runOnlyForDeploymentPostprocessing = 0;
		};
		EC561292258B827300A056B8 /* Resources */ = {
			isa = PBXResourcesBuildPhase;
			buildActionMask = 2147483647;
			files = (
			);
			runOnlyForDeploymentPostprocessing = 0;
		};
		EC56129D258B827300A056B8 /* Resources */ = {
			isa = PBXResourcesBuildPhase;
			buildActionMask = 2147483647;
			files = (
			);
			runOnlyForDeploymentPostprocessing = 0;
		};
/* End PBXResourcesBuildPhase section */

/* Begin PBXShellScriptBuildPhase section */
		1BA84882CD207698B9D160C4 /* [CP] Embed Pods Frameworks */ = {
			isa = PBXShellScriptBuildPhase;
			buildActionMask = 2147483647;
			files = (
			);
			inputFileListPaths = (
				"${PODS_ROOT}/Target Support Files/Pods-DiceKeys (macOS)/Pods-DiceKeys (macOS)-frameworks-${CONFIGURATION}-input-files.xcfilelist",
			);
			name = "[CP] Embed Pods Frameworks";
			outputFileListPaths = (
				"${PODS_ROOT}/Target Support Files/Pods-DiceKeys (macOS)/Pods-DiceKeys (macOS)-frameworks-${CONFIGURATION}-output-files.xcfilelist",
			);
			runOnlyForDeploymentPostprocessing = 0;
			shellPath = /bin/sh;
			shellScript = "\"${PODS_ROOT}/Target Support Files/Pods-DiceKeys (macOS)/Pods-DiceKeys (macOS)-frameworks.sh\"\n";
			showEnvVarsInLog = 0;
		};
		7089064DC75FE356585A21AA /* [CP] Embed Pods Frameworks */ = {
			isa = PBXShellScriptBuildPhase;
			buildActionMask = 2147483647;
			files = (
			);
			inputFileListPaths = (
				"${PODS_ROOT}/Target Support Files/Pods-DiceKeys (iOS)/Pods-DiceKeys (iOS)-frameworks-${CONFIGURATION}-input-files.xcfilelist",
			);
			name = "[CP] Embed Pods Frameworks";
			outputFileListPaths = (
				"${PODS_ROOT}/Target Support Files/Pods-DiceKeys (iOS)/Pods-DiceKeys (iOS)-frameworks-${CONFIGURATION}-output-files.xcfilelist",
			);
			runOnlyForDeploymentPostprocessing = 0;
			shellPath = /bin/sh;
			shellScript = "\"${PODS_ROOT}/Target Support Files/Pods-DiceKeys (iOS)/Pods-DiceKeys (iOS)-frameworks.sh\"\n";
			showEnvVarsInLog = 0;
		};
		9F42E1F9A15CDF587A953B33 /* [CP] Check Pods Manifest.lock */ = {
			isa = PBXShellScriptBuildPhase;
			buildActionMask = 2147483647;
			files = (
			);
			inputFileListPaths = (
			);
			inputPaths = (
				"${PODS_PODFILE_DIR_PATH}/Podfile.lock",
				"${PODS_ROOT}/Manifest.lock",
			);
			name = "[CP] Check Pods Manifest.lock";
			outputFileListPaths = (
			);
			outputPaths = (
				"$(DERIVED_FILE_DIR)/Pods-DiceKeys (iOS)-checkManifestLockResult.txt",
			);
			runOnlyForDeploymentPostprocessing = 0;
			shellPath = /bin/sh;
			shellScript = "diff \"${PODS_PODFILE_DIR_PATH}/Podfile.lock\" \"${PODS_ROOT}/Manifest.lock\" > /dev/null\nif [ $? != 0 ] ; then\n    # print error to STDERR\n    echo \"error: The sandbox is not in sync with the Podfile.lock. Run 'pod install' or update your CocoaPods installation.\" >&2\n    exit 1\nfi\n# This output is used by Xcode 'outputs' to avoid re-running this script phase.\necho \"SUCCESS\" > \"${SCRIPT_OUTPUT_FILE_0}\"\n";
			showEnvVarsInLog = 0;
		};
		DF673C82531249488B44C288 /* [CP] Check Pods Manifest.lock */ = {
			isa = PBXShellScriptBuildPhase;
			buildActionMask = 2147483647;
			files = (
			);
			inputFileListPaths = (
			);
			inputPaths = (
				"${PODS_PODFILE_DIR_PATH}/Podfile.lock",
				"${PODS_ROOT}/Manifest.lock",
			);
			name = "[CP] Check Pods Manifest.lock";
			outputFileListPaths = (
			);
			outputPaths = (
				"$(DERIVED_FILE_DIR)/Pods-DiceKeys (macOS)-checkManifestLockResult.txt",
			);
			runOnlyForDeploymentPostprocessing = 0;
			shellPath = /bin/sh;
			shellScript = "diff \"${PODS_PODFILE_DIR_PATH}/Podfile.lock\" \"${PODS_ROOT}/Manifest.lock\" > /dev/null\nif [ $? != 0 ] ; then\n    # print error to STDERR\n    echo \"error: The sandbox is not in sync with the Podfile.lock. Run 'pod install' or update your CocoaPods installation.\" >&2\n    exit 1\nfi\n# This output is used by Xcode 'outputs' to avoid re-running this script phase.\necho \"SUCCESS\" > \"${SCRIPT_OUTPUT_FILE_0}\"\n";
			showEnvVarsInLog = 0;
		};
/* End PBXShellScriptBuildPhase section */

/* Begin PBXSourcesBuildPhase section */
		EC561280258B827300A056B8 /* Sources */ = {
			isa = PBXSourcesBuildPhase;
			buildActionMask = 2147483647;
			files = (
				EC5092B9259482F5007D2B91 /* DerivationRecipeBuilders.swift in Sources */,
				EC5092352594818F007D2B91 /* Size.swift in Sources */,
				EC50921325948124007D2B91 /* Derivables.swift in Sources */,
				EC5092D1259482F5007D2B91 /* App.swift in Sources */,
				EC50929B259482F4007D2B91 /* FacesReadOverlay.swift in Sources */,
				EC5092372594818F007D2B91 /* Color.swift in Sources */,
				EC50921125948124007D2B91 /* FaceSpecification.swift in Sources */,
				EC50921F25948124007D2B91 /* ApiInterfaces.swift in Sources */,
				EC5092B5259482F5007D2B91 /* StepFooter.swift in Sources */,
				EC509295259482F4007D2B91 /* DieView.swift in Sources */,
				EC50922F2594818F007D2B91 /* UIWindow+Orientation.swift in Sources */,
				EC50920F25948124007D2B91 /* DiceKey.swift in Sources */,
				EC5092B7259482F5007D2B91 /* RoundedTextButton.swift in Sources */,
				EC5092BB259482F5007D2B91 /* DerivationRecipeMenu.swift in Sources */,
				EC509291259482F4007D2B91 /* DiceKeyCenterFaceOnlyView.swift in Sources */,
				EC5092A1259482F4007D2B91 /* DiceKeyPresent.swift in Sources */,
				EC5092BF259482F5007D2B91 /* BackupToStickeysIntroduction.swift in Sources */,
				EC50920D25948124007D2B91 /* FaceRead.swift in Sources */,
				EC5092332594818F007D2B91 /* Properties.swift in Sources */,
				EC50921B25948124007D2B91 /* WebBasedApplicationIdentity.swift in Sources */,
				EC5092CB259482F5007D2B91 /* BackupToDiceKeysKitIntroduction.swift in Sources */,
				EC50920725948124007D2B91 /* DiceKeyMedium.swift in Sources */,
				EC50929D259482F4007D2B91 /* ScanDiceKey.swift in Sources */,
				EC5092C1259482F5007D2B91 /* TransferSticker.swift in Sources */,
				EC5092C7259482F5007D2B91 /* ValidateBackup.swift in Sources */,
				EC50928D259482F4007D2B91 /* KeyScanningIllustration.swift in Sources */,
				EC5092CF259482F5007D2B91 /* DiceKeyCopyInProgress.swift in Sources */,
				EC5092A7259482F5007D2B91 /* DiceKeyStorageOptions.swift in Sources */,
				EC5092AB259482F5007D2B91 /* DiceKeyWithDerivedValue.swift in Sources */,
				EC5092BD259482F5007D2B91 /* StickerSheetForFace.swift in Sources */,
				EC5092C5259482F5007D2B91 /* StickerSheet.swift in Sources */,
				EC5091EF259480BE007D2B91 /* UnlockedDiceKeyState.swift in Sources */,
				EC50921925948124007D2B91 /* PermissionChecks.swift in Sources */,
				EC5092A9259482F5007D2B91 /* UIViewController.swift in Sources */,
				EC5092B1259482F5007D2B91 /* Instruction.swift in Sources */,
				EC509297259482F4007D2B91 /* DerivedFromDiceKey.swift in Sources */,
				EC5092312594818F007D2B91 /* View.swift in Sources */,
				EC5092AD259482F5007D2B91 /* AssemblyInstructions.swift in Sources */,
				EC50921525948124007D2B91 /* DerivationOptions.swift in Sources */,
				EC50921725948124007D2B91 /* UnsealingInstructions.swift in Sources */,
				EC50929F259482F4007D2B91 /* DiceKeysCameraView.swift in Sources */,
				EC5092C9259482F5007D2B91 /* BackupDiceKey.swift in Sources */,
				EC50928F259482F4007D2B91 /* Funnel.swift in Sources */,
				EC50920B25948124007D2B91 /* Face.swift in Sources */,
				EC5092A5259482F5007D2B91 /* SeedHardwareSecurityKey.swift in Sources */,
				EC509299259482F4007D2B91 /* CameraController.swift in Sources */,
				EC5092B3259482F5007D2B91 /* ChildSizeReader.swift in Sources */,
				EC5091F1259480BE007D2B91 /* ObservableObjectUpdatingOnAllChangesToUserDefaults.swift in Sources */,
				EC5092C3259482F5007D2B91 /* StickerTargetSheet.swift in Sources */,
				EC509293259482F4007D2B91 /* DiceKeyView.swift in Sources */,
				EC5092A3259482F4007D2B91 /* AppMainView.swift in Sources */,
				EC5092CD259482F5007D2B91 /* TransferDie.swift in Sources */,
				EC5092AF259482F5007D2B91 /* NavigationBar.swift in Sources */,
				EC50920925948124007D2B91 /* EncryptedDiceKeyFileAccessor.swift in Sources */,
				EC5091ED259480BE007D2B91 /* GlobalState.swift in Sources */,
				EC50921D25948124007D2B91 /* ApiRequest.swift in Sources */,
			);
			runOnlyForDeploymentPostprocessing = 0;
		};
		EC561288258B827300A056B8 /* Sources */ = {
			isa = PBXSourcesBuildPhase;
			buildActionMask = 2147483647;
			files = (
				EC5092BA259482F5007D2B91 /* DerivationRecipeBuilders.swift in Sources */,
				EC5092362594818F007D2B91 /* Size.swift in Sources */,
				EC50921425948124007D2B91 /* Derivables.swift in Sources */,
				EC5092D2259482F5007D2B91 /* App.swift in Sources */,
				EC5092382594818F007D2B91 /* Color.swift in Sources */,
				EC50921225948124007D2B91 /* FaceSpecification.swift in Sources */,
				EC50922025948124007D2B91 /* ApiInterfaces.swift in Sources */,
				EC5092B6259482F5007D2B91 /* StepFooter.swift in Sources */,
				EC509296259482F4007D2B91 /* DieView.swift in Sources */,
				EC5092302594818F007D2B91 /* UIWindow+Orientation.swift in Sources */,
				EC50921025948124007D2B91 /* DiceKey.swift in Sources */,
				EC5092B8259482F5007D2B91 /* RoundedTextButton.swift in Sources */,
				EC5092BC259482F5007D2B91 /* DerivationRecipeMenu.swift in Sources */,
				EC509292259482F4007D2B91 /* DiceKeyCenterFaceOnlyView.swift in Sources */,
				EC5092A2259482F4007D2B91 /* DiceKeyPresent.swift in Sources */,
				EC5092C0259482F5007D2B91 /* BackupToStickeysIntroduction.swift in Sources */,
				EC50920E25948124007D2B91 /* FaceRead.swift in Sources */,
				EC5092342594818F007D2B91 /* Properties.swift in Sources */,
				EC50921C25948124007D2B91 /* WebBasedApplicationIdentity.swift in Sources */,
				EC5092CC259482F5007D2B91 /* BackupToDiceKeysKitIntroduction.swift in Sources */,
				EC50920825948124007D2B91 /* DiceKeyMedium.swift in Sources */,
				EC50929E259482F4007D2B91 /* ScanDiceKey.swift in Sources */,
				EC5092C2259482F5007D2B91 /* TransferSticker.swift in Sources */,
				EC5092C8259482F5007D2B91 /* ValidateBackup.swift in Sources */,
				EC50928E259482F4007D2B91 /* KeyScanningIllustration.swift in Sources */,
				EC5092D0259482F5007D2B91 /* DiceKeyCopyInProgress.swift in Sources */,
				EC5092A8259482F5007D2B91 /* DiceKeyStorageOptions.swift in Sources */,
				EC5092AC259482F5007D2B91 /* DiceKeyWithDerivedValue.swift in Sources */,
				EC5092BE259482F5007D2B91 /* StickerSheetForFace.swift in Sources */,
				EC5092C6259482F5007D2B91 /* StickerSheet.swift in Sources */,
				EC5091F0259480BE007D2B91 /* UnlockedDiceKeyState.swift in Sources */,
				EC50921A25948124007D2B91 /* PermissionChecks.swift in Sources */,
				EC5092B2259482F5007D2B91 /* Instruction.swift in Sources */,
				EC509298259482F4007D2B91 /* DerivedFromDiceKey.swift in Sources */,
				EC5092322594818F007D2B91 /* View.swift in Sources */,
				EC5092AE259482F5007D2B91 /* AssemblyInstructions.swift in Sources */,
				EC50921625948124007D2B91 /* DerivationOptions.swift in Sources */,
				EC50921825948124007D2B91 /* UnsealingInstructions.swift in Sources */,
				EC5092CA259482F5007D2B91 /* BackupDiceKey.swift in Sources */,
				EC509290259482F4007D2B91 /* Funnel.swift in Sources */,
				EC50920C25948124007D2B91 /* Face.swift in Sources */,
				EC5092A6259482F5007D2B91 /* SeedHardwareSecurityKey.swift in Sources */,
				EC5092B4259482F5007D2B91 /* ChildSizeReader.swift in Sources */,
				EC5091F2259480BE007D2B91 /* ObservableObjectUpdatingOnAllChangesToUserDefaults.swift in Sources */,
				EC5092C4259482F5007D2B91 /* StickerTargetSheet.swift in Sources */,
				EC509294259482F4007D2B91 /* DiceKeyView.swift in Sources */,
				EC5092A4259482F4007D2B91 /* AppMainView.swift in Sources */,
				EC5092CE259482F5007D2B91 /* TransferDie.swift in Sources */,
				EC50920A25948124007D2B91 /* EncryptedDiceKeyFileAccessor.swift in Sources */,
				EC5091EE259480BE007D2B91 /* GlobalState.swift in Sources */,
				EC50921E25948124007D2B91 /* ApiRequest.swift in Sources */,
			);
			runOnlyForDeploymentPostprocessing = 0;
		};
		EC561290258B827300A056B8 /* Sources */ = {
			isa = PBXSourcesBuildPhase;
			buildActionMask = 2147483647;
			files = (
				EC561299258B827300A056B8 /* Tests_iOS.swift in Sources */,
			);
			runOnlyForDeploymentPostprocessing = 0;
		};
		EC56129B258B827300A056B8 /* Sources */ = {
			isa = PBXSourcesBuildPhase;
			buildActionMask = 2147483647;
			files = (
				EC5612A4258B827300A056B8 /* Tests_macOS.swift in Sources */,
			);
			runOnlyForDeploymentPostprocessing = 0;
		};
/* End PBXSourcesBuildPhase section */

/* Begin PBXTargetDependency section */
		EC561296258B827300A056B8 /* PBXTargetDependency */ = {
			isa = PBXTargetDependency;
			target = EC561283258B827300A056B8 /* DiceKeys (iOS) */;
			targetProxy = EC561295258B827300A056B8 /* PBXContainerItemProxy */;
		};
		EC5612A1258B827300A056B8 /* PBXTargetDependency */ = {
			isa = PBXTargetDependency;
			target = EC56128B258B827300A056B8 /* DiceKeys (macOS) */;
			targetProxy = EC5612A0258B827300A056B8 /* PBXContainerItemProxy */;
		};
/* End PBXTargetDependency section */

/* Begin XCBuildConfiguration section */
		EC5612AC258B827300A056B8 /* Debug */ = {
			isa = XCBuildConfiguration;
			buildSettings = {
				ALWAYS_SEARCH_USER_PATHS = NO;
				CLANG_ANALYZER_NONNULL = YES;
				CLANG_ANALYZER_NUMBER_OBJECT_CONVERSION = YES_AGGRESSIVE;
				CLANG_CXX_LANGUAGE_STANDARD = "gnu++14";
				CLANG_CXX_LIBRARY = "libc++";
				CLANG_ENABLE_MODULES = YES;
				CLANG_ENABLE_OBJC_ARC = YES;
				CLANG_ENABLE_OBJC_WEAK = YES;
				CLANG_WARN_BLOCK_CAPTURE_AUTORELEASING = YES;
				CLANG_WARN_BOOL_CONVERSION = YES;
				CLANG_WARN_COMMA = YES;
				CLANG_WARN_CONSTANT_CONVERSION = YES;
				CLANG_WARN_DEPRECATED_OBJC_IMPLEMENTATIONS = YES;
				CLANG_WARN_DIRECT_OBJC_ISA_USAGE = YES_ERROR;
				CLANG_WARN_DOCUMENTATION_COMMENTS = YES;
				CLANG_WARN_EMPTY_BODY = YES;
				CLANG_WARN_ENUM_CONVERSION = YES;
				CLANG_WARN_INFINITE_RECURSION = YES;
				CLANG_WARN_INT_CONVERSION = YES;
				CLANG_WARN_NON_LITERAL_NULL_CONVERSION = YES;
				CLANG_WARN_OBJC_IMPLICIT_RETAIN_SELF = YES;
				CLANG_WARN_OBJC_LITERAL_CONVERSION = YES;
				CLANG_WARN_OBJC_ROOT_CLASS = YES_ERROR;
				CLANG_WARN_QUOTED_INCLUDE_IN_FRAMEWORK_HEADER = YES;
				CLANG_WARN_RANGE_LOOP_ANALYSIS = YES;
				CLANG_WARN_STRICT_PROTOTYPES = YES;
				CLANG_WARN_SUSPICIOUS_MOVE = YES;
				CLANG_WARN_UNGUARDED_AVAILABILITY = YES_AGGRESSIVE;
				CLANG_WARN_UNREACHABLE_CODE = YES;
				CLANG_WARN__DUPLICATE_METHOD_MATCH = YES;
				COPY_PHASE_STRIP = NO;
				DEBUG_INFORMATION_FORMAT = dwarf;
				ENABLE_STRICT_OBJC_MSGSEND = YES;
				ENABLE_TESTABILITY = YES;
				GCC_C_LANGUAGE_STANDARD = gnu11;
				GCC_DYNAMIC_NO_PIC = NO;
				GCC_NO_COMMON_BLOCKS = YES;
				GCC_OPTIMIZATION_LEVEL = 0;
				GCC_PREPROCESSOR_DEFINITIONS = (
					"DEBUG=1",
					"$(inherited)",
				);
				GCC_WARN_64_TO_32_BIT_CONVERSION = YES;
				GCC_WARN_ABOUT_RETURN_TYPE = YES_ERROR;
				GCC_WARN_UNDECLARED_SELECTOR = YES;
				GCC_WARN_UNINITIALIZED_AUTOS = YES_AGGRESSIVE;
				GCC_WARN_UNUSED_FUNCTION = YES;
				GCC_WARN_UNUSED_VARIABLE = YES;
				MTL_ENABLE_DEBUG_INFO = INCLUDE_SOURCE;
				MTL_FAST_MATH = YES;
				ONLY_ACTIVE_ARCH = YES;
				SWIFT_ACTIVE_COMPILATION_CONDITIONS = DEBUG;
				SWIFT_OPTIMIZATION_LEVEL = "-Onone";
			};
			name = Debug;
		};
		EC5612AD258B827300A056B8 /* Release */ = {
			isa = XCBuildConfiguration;
			buildSettings = {
				ALWAYS_SEARCH_USER_PATHS = NO;
				CLANG_ANALYZER_NONNULL = YES;
				CLANG_ANALYZER_NUMBER_OBJECT_CONVERSION = YES_AGGRESSIVE;
				CLANG_CXX_LANGUAGE_STANDARD = "gnu++14";
				CLANG_CXX_LIBRARY = "libc++";
				CLANG_ENABLE_MODULES = YES;
				CLANG_ENABLE_OBJC_ARC = YES;
				CLANG_ENABLE_OBJC_WEAK = YES;
				CLANG_WARN_BLOCK_CAPTURE_AUTORELEASING = YES;
				CLANG_WARN_BOOL_CONVERSION = YES;
				CLANG_WARN_COMMA = YES;
				CLANG_WARN_CONSTANT_CONVERSION = YES;
				CLANG_WARN_DEPRECATED_OBJC_IMPLEMENTATIONS = YES;
				CLANG_WARN_DIRECT_OBJC_ISA_USAGE = YES_ERROR;
				CLANG_WARN_DOCUMENTATION_COMMENTS = YES;
				CLANG_WARN_EMPTY_BODY = YES;
				CLANG_WARN_ENUM_CONVERSION = YES;
				CLANG_WARN_INFINITE_RECURSION = YES;
				CLANG_WARN_INT_CONVERSION = YES;
				CLANG_WARN_NON_LITERAL_NULL_CONVERSION = YES;
				CLANG_WARN_OBJC_IMPLICIT_RETAIN_SELF = YES;
				CLANG_WARN_OBJC_LITERAL_CONVERSION = YES;
				CLANG_WARN_OBJC_ROOT_CLASS = YES_ERROR;
				CLANG_WARN_QUOTED_INCLUDE_IN_FRAMEWORK_HEADER = YES;
				CLANG_WARN_RANGE_LOOP_ANALYSIS = YES;
				CLANG_WARN_STRICT_PROTOTYPES = YES;
				CLANG_WARN_SUSPICIOUS_MOVE = YES;
				CLANG_WARN_UNGUARDED_AVAILABILITY = YES_AGGRESSIVE;
				CLANG_WARN_UNREACHABLE_CODE = YES;
				CLANG_WARN__DUPLICATE_METHOD_MATCH = YES;
				COPY_PHASE_STRIP = NO;
				DEBUG_INFORMATION_FORMAT = "dwarf-with-dsym";
				ENABLE_NS_ASSERTIONS = NO;
				ENABLE_STRICT_OBJC_MSGSEND = YES;
				GCC_C_LANGUAGE_STANDARD = gnu11;
				GCC_NO_COMMON_BLOCKS = YES;
				GCC_WARN_64_TO_32_BIT_CONVERSION = YES;
				GCC_WARN_ABOUT_RETURN_TYPE = YES_ERROR;
				GCC_WARN_UNDECLARED_SELECTOR = YES;
				GCC_WARN_UNINITIALIZED_AUTOS = YES_AGGRESSIVE;
				GCC_WARN_UNUSED_FUNCTION = YES;
				GCC_WARN_UNUSED_VARIABLE = YES;
				MTL_ENABLE_DEBUG_INFO = NO;
				MTL_FAST_MATH = YES;
				SWIFT_COMPILATION_MODE = wholemodule;
				SWIFT_OPTIMIZATION_LEVEL = "-O";
			};
			name = Release;
		};
		EC5612AF258B827300A056B8 /* Debug */ = {
			isa = XCBuildConfiguration;
			baseConfigurationReference = D6328E5B71C2EFE82AB1D100 /* Pods-DiceKeys (iOS).debug.xcconfig */;
			buildSettings = {
				ASSETCATALOG_COMPILER_APPICON_NAME = AppIcon;
				ASSETCATALOG_COMPILER_GLOBAL_ACCENT_COLOR_NAME = AccentColor;
				CODE_SIGN_STYLE = Automatic;
				ENABLE_PREVIEWS = YES;
				INFOPLIST_FILE = iOS/Info.plist;
				IPHONEOS_DEPLOYMENT_TARGET = 14.0;
				LD_RUNPATH_SEARCH_PATHS = (
					"$(inherited)",
					"@executable_path/Frameworks",
				);
				PRODUCT_BUNDLE_IDENTIFIER = com.dicekeys.app;
				PRODUCT_NAME = DiceKeys;
				SDKROOT = iphoneos;
				SWIFT_VERSION = 5.0;
				TARGETED_DEVICE_FAMILY = "1,2";
			};
			name = Debug;
		};
		EC5612B0258B827300A056B8 /* Release */ = {
			isa = XCBuildConfiguration;
			baseConfigurationReference = 14C38080E39571B13473B619 /* Pods-DiceKeys (iOS).release.xcconfig */;
			buildSettings = {
				ASSETCATALOG_COMPILER_APPICON_NAME = AppIcon;
				ASSETCATALOG_COMPILER_GLOBAL_ACCENT_COLOR_NAME = AccentColor;
				CODE_SIGN_STYLE = Automatic;
				ENABLE_PREVIEWS = YES;
				INFOPLIST_FILE = iOS/Info.plist;
				IPHONEOS_DEPLOYMENT_TARGET = 14.0;
				LD_RUNPATH_SEARCH_PATHS = (
					"$(inherited)",
					"@executable_path/Frameworks",
				);
				PRODUCT_BUNDLE_IDENTIFIER = com.dicekeys.app;
				PRODUCT_NAME = DiceKeys;
				SDKROOT = iphoneos;
				SWIFT_VERSION = 5.0;
				TARGETED_DEVICE_FAMILY = "1,2";
				VALIDATE_PRODUCT = YES;
			};
			name = Release;
		};
		EC5612B2258B827300A056B8 /* Debug */ = {
			isa = XCBuildConfiguration;
			baseConfigurationReference = B09CA29A4B28E9D780FE3E0E /* Pods-DiceKeys (macOS).debug.xcconfig */;
			buildSettings = {
				ASSETCATALOG_COMPILER_APPICON_NAME = AppIcon;
				ASSETCATALOG_COMPILER_GLOBAL_ACCENT_COLOR_NAME = AccentColor;
				CODE_SIGN_ENTITLEMENTS = macOS/macOS.entitlements;
				CODE_SIGN_STYLE = Automatic;
				COMBINE_HIDPI_IMAGES = YES;
				ENABLE_PREVIEWS = YES;
				EXCLUDED_ARCHS = "";
				INFOPLIST_FILE = macOS/Info.plist;
				LD_RUNPATH_SEARCH_PATHS = (
					"$(inherited)",
					"@executable_path/../Frameworks",
				);
				MACOSX_DEPLOYMENT_TARGET = 11.0;
				PRODUCT_BUNDLE_IDENTIFIER = com.dicekeys.app;
				PRODUCT_NAME = DiceKeys;
				SDKROOT = macosx;
				SWIFT_VERSION = 5.0;
			};
			name = Debug;
		};
		EC5612B3258B827300A056B8 /* Release */ = {
			isa = XCBuildConfiguration;
			baseConfigurationReference = A12F40698764C98F698C6350 /* Pods-DiceKeys (macOS).release.xcconfig */;
			buildSettings = {
				ASSETCATALOG_COMPILER_APPICON_NAME = AppIcon;
				ASSETCATALOG_COMPILER_GLOBAL_ACCENT_COLOR_NAME = AccentColor;
				CODE_SIGN_ENTITLEMENTS = macOS/macOS.entitlements;
				CODE_SIGN_STYLE = Automatic;
				COMBINE_HIDPI_IMAGES = YES;
				ENABLE_PREVIEWS = YES;
				EXCLUDED_ARCHS = "";
				INFOPLIST_FILE = macOS/Info.plist;
				LD_RUNPATH_SEARCH_PATHS = (
					"$(inherited)",
					"@executable_path/../Frameworks",
				);
				MACOSX_DEPLOYMENT_TARGET = 11.0;
				PRODUCT_BUNDLE_IDENTIFIER = com.dicekeys.app;
				PRODUCT_NAME = DiceKeys;
				SDKROOT = macosx;
				SWIFT_VERSION = 5.0;
			};
			name = Release;
		};
		EC5612B5258B827300A056B8 /* Debug */ = {
			isa = XCBuildConfiguration;
			buildSettings = {
				ALWAYS_EMBED_SWIFT_STANDARD_LIBRARIES = YES;
				CODE_SIGN_STYLE = Automatic;
				INFOPLIST_FILE = "Tests iOS/Info.plist";
				IPHONEOS_DEPLOYMENT_TARGET = 14.3;
				LD_RUNPATH_SEARCH_PATHS = (
					"$(inherited)",
					"@executable_path/Frameworks",
					"@loader_path/Frameworks",
				);
				PRODUCT_BUNDLE_IDENTIFIER = "com.dicekeys.Tests-iOS";
				PRODUCT_NAME = "$(TARGET_NAME)";
				SDKROOT = iphoneos;
				SWIFT_VERSION = 5.0;
				TARGETED_DEVICE_FAMILY = "1,2";
				TEST_TARGET_NAME = "DiceKeys (iOS)";
			};
			name = Debug;
		};
		EC5612B6258B827300A056B8 /* Release */ = {
			isa = XCBuildConfiguration;
			buildSettings = {
				ALWAYS_EMBED_SWIFT_STANDARD_LIBRARIES = YES;
				CODE_SIGN_STYLE = Automatic;
				INFOPLIST_FILE = "Tests iOS/Info.plist";
				IPHONEOS_DEPLOYMENT_TARGET = 14.3;
				LD_RUNPATH_SEARCH_PATHS = (
					"$(inherited)",
					"@executable_path/Frameworks",
					"@loader_path/Frameworks",
				);
				PRODUCT_BUNDLE_IDENTIFIER = "com.dicekeys.Tests-iOS";
				PRODUCT_NAME = "$(TARGET_NAME)";
				SDKROOT = iphoneos;
				SWIFT_VERSION = 5.0;
				TARGETED_DEVICE_FAMILY = "1,2";
				TEST_TARGET_NAME = "DiceKeys (iOS)";
				VALIDATE_PRODUCT = YES;
			};
			name = Release;
		};
		EC5612B8258B827300A056B8 /* Debug */ = {
			isa = XCBuildConfiguration;
			buildSettings = {
				ALWAYS_EMBED_SWIFT_STANDARD_LIBRARIES = YES;
				CODE_SIGN_STYLE = Automatic;
				COMBINE_HIDPI_IMAGES = YES;
				INFOPLIST_FILE = "Tests macOS/Info.plist";
				LD_RUNPATH_SEARCH_PATHS = (
					"$(inherited)",
					"@executable_path/../Frameworks",
					"@loader_path/../Frameworks",
				);
				MACOSX_DEPLOYMENT_TARGET = 11.0;
				PRODUCT_BUNDLE_IDENTIFIER = "com.dicekeys.Tests-macOS";
				PRODUCT_NAME = "$(TARGET_NAME)";
				SDKROOT = macosx;
				SWIFT_VERSION = 5.0;
				TEST_TARGET_NAME = "DiceKeys (macOS)";
			};
			name = Debug;
		};
		EC5612B9258B827300A056B8 /* Release */ = {
			isa = XCBuildConfiguration;
			buildSettings = {
				ALWAYS_EMBED_SWIFT_STANDARD_LIBRARIES = YES;
				CODE_SIGN_STYLE = Automatic;
				COMBINE_HIDPI_IMAGES = YES;
				INFOPLIST_FILE = "Tests macOS/Info.plist";
				LD_RUNPATH_SEARCH_PATHS = (
					"$(inherited)",
					"@executable_path/../Frameworks",
					"@loader_path/../Frameworks",
				);
				MACOSX_DEPLOYMENT_TARGET = 11.0;
				PRODUCT_BUNDLE_IDENTIFIER = "com.dicekeys.Tests-macOS";
				PRODUCT_NAME = "$(TARGET_NAME)";
				SDKROOT = macosx;
				SWIFT_VERSION = 5.0;
				TEST_TARGET_NAME = "DiceKeys (macOS)";
			};
			name = Release;
		};
/* End XCBuildConfiguration section */

/* Begin XCConfigurationList section */
		EC56127B258B827200A056B8 /* Build configuration list for PBXProject "DiceKeys" */ = {
			isa = XCConfigurationList;
			buildConfigurations = (
				EC5612AC258B827300A056B8 /* Debug */,
				EC5612AD258B827300A056B8 /* Release */,
			);
			defaultConfigurationIsVisible = 0;
			defaultConfigurationName = Release;
		};
		EC5612AE258B827300A056B8 /* Build configuration list for PBXNativeTarget "DiceKeys (iOS)" */ = {
			isa = XCConfigurationList;
			buildConfigurations = (
				EC5612AF258B827300A056B8 /* Debug */,
				EC5612B0258B827300A056B8 /* Release */,
			);
			defaultConfigurationIsVisible = 0;
			defaultConfigurationName = Release;
		};
		EC5612B1258B827300A056B8 /* Build configuration list for PBXNativeTarget "DiceKeys (macOS)" */ = {
			isa = XCConfigurationList;
			buildConfigurations = (
				EC5612B2258B827300A056B8 /* Debug */,
				EC5612B3258B827300A056B8 /* Release */,
			);
			defaultConfigurationIsVisible = 0;
			defaultConfigurationName = Release;
		};
		EC5612B4258B827300A056B8 /* Build configuration list for PBXNativeTarget "Tests iOS" */ = {
			isa = XCConfigurationList;
			buildConfigurations = (
				EC5612B5258B827300A056B8 /* Debug */,
				EC5612B6258B827300A056B8 /* Release */,
			);
			defaultConfigurationIsVisible = 0;
			defaultConfigurationName = Release;
		};
		EC5612B7258B827300A056B8 /* Build configuration list for PBXNativeTarget "Tests macOS" */ = {
			isa = XCConfigurationList;
			buildConfigurations = (
				EC5612B8258B827300A056B8 /* Debug */,
				EC5612B9258B827300A056B8 /* Release */,
			);
			defaultConfigurationIsVisible = 0;
			defaultConfigurationName = Release;
		};
/* End XCConfigurationList section */
	};
	rootObject = EC561278258B827200A056B8 /* Project object */;
}
