// !$*UTF8*$!
{
	archiveVersion = 1;
	classes = {
	};
	objectVersion = 50;
	objects = {

/* Begin PBXBuildFile section */
		6F3EE37325499EB7002602CD /* opencv2.framework in Frameworks */ = {isa = PBXBuildFile; fileRef = 6F3EE37225499EB7002602CD /* opencv2.framework */; };
		6F3EE3C025499F9B002602CD /* dicekey-from-human-readable-form.cpp in Sources */ = {isa = PBXBuildFile; fileRef = 6F3EE37F25499F9B002602CD /* dicekey-from-human-readable-form.cpp */; };
		6F3EE3C125499F9B002602CD /* dicekey.cpp in Sources */ = {isa = PBXBuildFile; fileRef = 6F3EE38125499F9B002602CD /* dicekey.cpp */; };
		6F3EE3C225499F9B002602CD /* dicekey-face-specification.cpp in Sources */ = {isa = PBXBuildFile; fileRef = 6F3EE38425499F9B002602CD /* dicekey-face-specification.cpp */; };
		6F3EE3C325499F9B002602CD /* face.cpp in Sources */ = {isa = PBXBuildFile; fileRef = 6F3EE38625499F9B002602CD /* face.cpp */; };
		6F3EE3C425499F9B002602CD /* assemble-dicekey.cpp in Sources */ = {isa = PBXBuildFile; fileRef = 6F3EE38C25499F9B002602CD /* assemble-dicekey.cpp */; };
		6F3EE3C625499F9B002602CD /* decode-die.cpp in Sources */ = {isa = PBXBuildFile; fileRef = 6F3EE38F25499F9B002602CD /* decode-die.cpp */; };
		6F3EE3C725499F9B002602CD /* inconsolata-700.cpp in Sources */ = {isa = PBXBuildFile; fileRef = 6F3EE39425499F9B002602CD /* inconsolata-700.cpp */; };
		6F3EE3C825499F9B002602CD /* face-read.cpp in Sources */ = {isa = PBXBuildFile; fileRef = 6F3EE39725499F9B002602CD /* face-read.cpp */; };
		6F3EE3C925499F9B002602CD /* find-faces.cpp in Sources */ = {isa = PBXBuildFile; fileRef = 6F3EE39925499F9B002602CD /* find-faces.cpp */; };
		6F3EE3CA25499F9B002602CD /* find-undoverlines.cpp in Sources */ = {isa = PBXBuildFile; fileRef = 6F3EE39B25499F9B002602CD /* find-undoverlines.cpp */; };
		6F3EE3CB25499F9B002602CD /* draw-rotated-rect.cpp in Sources */ = {isa = PBXBuildFile; fileRef = 6F3EE3A125499F9B002602CD /* draw-rotated-rect.cpp */; };
		6F3EE3CC25499F9B002602CD /* find-rectangles.cpp in Sources */ = {isa = PBXBuildFile; fileRef = 6F3EE3A325499F9B002602CD /* find-rectangles.cpp */; };
		6F3EE3CD25499F9B002602CD /* json.cpp in Sources */ = {isa = PBXBuildFile; fileRef = 6F3EE3A925499F9B002602CD /* json.cpp */; };
		6F3EE3CE25499F9B002602CD /* read-dicekey.cpp in Sources */ = {isa = PBXBuildFile; fileRef = 6F3EE3AB25499F9B002602CD /* read-dicekey.cpp */; };
		6F3EE3CF25499F9B002602CD /* read-face-characters.cpp in Sources */ = {isa = PBXBuildFile; fileRef = 6F3EE3AD25499F9B002602CD /* read-face-characters.cpp */; };
		6F3EE3D025499F9B002602CD /* read-faces.cpp in Sources */ = {isa = PBXBuildFile; fileRef = 6F3EE3AF25499F9B002602CD /* read-faces.cpp */; };
		6F3EE3D125499F9B002602CD /* simple-ocr.cpp in Sources */ = {isa = PBXBuildFile; fileRef = 6F3EE3B125499F9B002602CD /* simple-ocr.cpp */; };
		6F3EE3D225499F9B002602CD /* undoverline.cpp in Sources */ = {isa = PBXBuildFile; fileRef = 6F3EE3B325499F9B002602CD /* undoverline.cpp */; };
		6F3EE3D325499F9B002602CD /* validate-faces-read.cpp in Sources */ = {isa = PBXBuildFile; fileRef = 6F3EE3B925499F9B002602CD /* validate-faces-read.cpp */; };
		6F3EE3D425499F9B002602CD /* visualize-read-results.cpp in Sources */ = {isa = PBXBuildFile; fileRef = 6F3EE3BB25499F9B002602CD /* visualize-read-results.cpp */; };
		6F3EE3D525499F9B002602CD /* write-face-characters.cpp in Sources */ = {isa = PBXBuildFile; fileRef = 6F3EE3BD25499F9B002602CD /* write-face-characters.cpp */; };
		6F3EE3E32549A37D002602CD /* app.djinni in Resources */ = {isa = PBXBuildFile; fileRef = 6F3EE3E22549A37D002602CD /* app.djinni */; };
		6FAC6AAA25480DE000AA8249 /* AppDelegate.swift in Sources */ = {isa = PBXBuildFile; fileRef = 6FAC6AA925480DE000AA8249 /* AppDelegate.swift */; };
		6FAC6AAC25480DE000AA8249 /* SceneDelegate.swift in Sources */ = {isa = PBXBuildFile; fileRef = 6FAC6AAB25480DE000AA8249 /* SceneDelegate.swift */; };
		6FAC6AB125480DE000AA8249 /* Main.storyboard in Resources */ = {isa = PBXBuildFile; fileRef = 6FAC6AAF25480DE000AA8249 /* Main.storyboard */; };
		6FAC6AB325480DE200AA8249 /* Assets.xcassets in Resources */ = {isa = PBXBuildFile; fileRef = 6FAC6AB225480DE200AA8249 /* Assets.xcassets */; };
		6FAC6AB625480DE200AA8249 /* LaunchScreen.storyboard in Resources */ = {isa = PBXBuildFile; fileRef = 6FAC6AB425480DE200AA8249 /* LaunchScreen.storyboard */; };
		6FAC6AC125480DE200AA8249 /* DiceKeysTests.swift in Sources */ = {isa = PBXBuildFile; fileRef = 6FAC6AC025480DE200AA8249 /* DiceKeysTests.swift */; };
		6FAC6ACC25480DE200AA8249 /* DiceKeysUITests.swift in Sources */ = {isa = PBXBuildFile; fileRef = 6FAC6ACB25480DE200AA8249 /* DiceKeysUITests.swift */; };
		6FAC6ADE25480E6200AA8249 /* CaptureView.swift in Sources */ = {isa = PBXBuildFile; fileRef = 6FAC6ADD25480E6200AA8249 /* CaptureView.swift */; };
		6FAC6AE325480E7500AA8249 /* CameraController.swift in Sources */ = {isa = PBXBuildFile; fileRef = 6FAC6AE225480E7500AA8249 /* CameraController.swift */; };
		6FAC6AE825480E7F00AA8249 /* SessionManager.swift in Sources */ = {isa = PBXBuildFile; fileRef = 6FAC6AE725480E7F00AA8249 /* SessionManager.swift */; };
		6FAC6D75254867AA00AA8249 /* CameraViewModel.swift in Sources */ = {isa = PBXBuildFile; fileRef = 6FAC6D74254867AA00AA8249 /* CameraViewModel.swift */; };
		6FAC6DA925488BCB00AA8249 /* ObjCObject.m in Sources */ = {isa = PBXBuildFile; fileRef = 6FAC6DA825488BCB00AA8249 /* ObjCObject.m */; };
/* End PBXBuildFile section */

/* Begin PBXContainerItemProxy section */
		6FAC6ABD25480DE200AA8249 /* PBXContainerItemProxy */ = {
			isa = PBXContainerItemProxy;
			containerPortal = 6FAC6A9E25480DE000AA8249 /* Project object */;
			proxyType = 1;
			remoteGlobalIDString = 6FAC6AA525480DE000AA8249;
			remoteInfo = DiceKeys;
		};
		6FAC6AC825480DE200AA8249 /* PBXContainerItemProxy */ = {
			isa = PBXContainerItemProxy;
			containerPortal = 6FAC6A9E25480DE000AA8249 /* Project object */;
			proxyType = 1;
			remoteGlobalIDString = 6FAC6AA525480DE000AA8249;
			remoteInfo = DiceKeys;
		};
/* End PBXContainerItemProxy section */

/* Begin PBXFileReference section */
		6F3EE37225499EB7002602CD /* opencv2.framework */ = {isa = PBXFileReference; lastKnownFileType = wrapper.framework; name = opencv2.framework; path = ../../../ios/opencv2.framework; sourceTree = "<group>"; };
		6F3EE37E25499F9B002602CD /* CMakeLists.txt */ = {isa = PBXFileReference; fileEncoding = 4; lastKnownFileType = text; path = CMakeLists.txt; sourceTree = "<group>"; };
		6F3EE37F25499F9B002602CD /* dicekey-from-human-readable-form.cpp */ = {isa = PBXFileReference; fileEncoding = 4; lastKnownFileType = sourcecode.cpp.cpp; path = "dicekey-from-human-readable-form.cpp"; sourceTree = "<group>"; };
		6F3EE38025499F9B002602CD /* dicekey-from-human-readable-form.hpp */ = {isa = PBXFileReference; fileEncoding = 4; lastKnownFileType = sourcecode.cpp.h; path = "dicekey-from-human-readable-form.hpp"; sourceTree = "<group>"; };
		6F3EE38125499F9B002602CD /* dicekey.cpp */ = {isa = PBXFileReference; fileEncoding = 4; lastKnownFileType = sourcecode.cpp.cpp; path = dicekey.cpp; sourceTree = "<group>"; };
		6F3EE38225499F9B002602CD /* dicekey.hpp */ = {isa = PBXFileReference; fileEncoding = 4; lastKnownFileType = sourcecode.cpp.h; path = dicekey.hpp; sourceTree = "<group>"; };
		6F3EE38425499F9B002602CD /* dicekey-face-specification.cpp */ = {isa = PBXFileReference; fileEncoding = 4; lastKnownFileType = sourcecode.cpp.cpp; path = "dicekey-face-specification.cpp"; sourceTree = "<group>"; };
		6F3EE38525499F9B002602CD /* dicekey-face-specification.h */ = {isa = PBXFileReference; fileEncoding = 4; lastKnownFileType = sourcecode.c.h; path = "dicekey-face-specification.h"; sourceTree = "<group>"; };
		6F3EE38625499F9B002602CD /* face.cpp */ = {isa = PBXFileReference; fileEncoding = 4; lastKnownFileType = sourcecode.cpp.cpp; path = face.cpp; sourceTree = "<group>"; };
		6F3EE38725499F9B002602CD /* face.hpp */ = {isa = PBXFileReference; fileEncoding = 4; lastKnownFileType = sourcecode.cpp.h; path = face.hpp; sourceTree = "<group>"; };
		6F3EE38825499F9B002602CD /* lib-dicekey.hpp */ = {isa = PBXFileReference; fileEncoding = 4; lastKnownFileType = sourcecode.cpp.h; path = "lib-dicekey.hpp"; sourceTree = "<group>"; };
		6F3EE38A25499F9B002602CD /* json.hpp */ = {isa = PBXFileReference; fileEncoding = 4; lastKnownFileType = sourcecode.cpp.h; path = json.hpp; sourceTree = "<group>"; };
		6F3EE38C25499F9B002602CD /* assemble-dicekey.cpp */ = {isa = PBXFileReference; fileEncoding = 4; lastKnownFileType = sourcecode.cpp.cpp; path = "assemble-dicekey.cpp"; sourceTree = "<group>"; };
		6F3EE38D25499F9B002602CD /* assemble-dicekey.h */ = {isa = PBXFileReference; fileEncoding = 4; lastKnownFileType = sourcecode.c.h; path = "assemble-dicekey.h"; sourceTree = "<group>"; };
		6F3EE38E25499F9B002602CD /* CMakeLists.txt */ = {isa = PBXFileReference; fileEncoding = 4; lastKnownFileType = text; path = CMakeLists.txt; sourceTree = "<group>"; };
		6F3EE38F25499F9B002602CD /* decode-die.cpp */ = {isa = PBXFileReference; fileEncoding = 4; lastKnownFileType = sourcecode.cpp.cpp; path = "decode-die.cpp"; sourceTree = "<group>"; };
		6F3EE39025499F9B002602CD /* decode-face.h */ = {isa = PBXFileReference; fileEncoding = 4; lastKnownFileType = sourcecode.c.h; path = "decode-face.h"; sourceTree = "<group>"; };
		6F3EE39125499F9B002602CD /* dicekey-face-specification.h */ = {isa = PBXFileReference; fileEncoding = 4; lastKnownFileType = sourcecode.c.h; path = "dicekey-face-specification.h"; sourceTree = "<group>"; };
		6F3EE39225499F9B002602CD /* dicekey.hpp */ = {isa = PBXFileReference; fileEncoding = 4; lastKnownFileType = sourcecode.cpp.h; path = dicekey.hpp; sourceTree = "<group>"; };
		6F3EE39425499F9B002602CD /* inconsolata-700.cpp */ = {isa = PBXFileReference; fileEncoding = 4; lastKnownFileType = sourcecode.cpp.cpp; path = "inconsolata-700.cpp"; sourceTree = "<group>"; };
		6F3EE39525499F9B002602CD /* inconsolata-700.h */ = {isa = PBXFileReference; fileEncoding = 4; lastKnownFileType = sourcecode.c.h; path = "inconsolata-700.h"; sourceTree = "<group>"; };
		6F3EE39625499F9B002602CD /* ocr-font.h */ = {isa = PBXFileReference; fileEncoding = 4; lastKnownFileType = sourcecode.c.h; path = "ocr-font.h"; sourceTree = "<group>"; };
		6F3EE39725499F9B002602CD /* face-read.cpp */ = {isa = PBXFileReference; fileEncoding = 4; lastKnownFileType = sourcecode.cpp.cpp; path = "face-read.cpp"; sourceTree = "<group>"; };
		6F3EE39825499F9B002602CD /* face-read.h */ = {isa = PBXFileReference; fileEncoding = 4; lastKnownFileType = sourcecode.c.h; path = "face-read.h"; sourceTree = "<group>"; };
		6F3EE39925499F9B002602CD /* find-faces.cpp */ = {isa = PBXFileReference; fileEncoding = 4; lastKnownFileType = sourcecode.cpp.cpp; path = "find-faces.cpp"; sourceTree = "<group>"; };
		6F3EE39A25499F9B002602CD /* find-faces.h */ = {isa = PBXFileReference; fileEncoding = 4; lastKnownFileType = sourcecode.c.h; path = "find-faces.h"; sourceTree = "<group>"; };
		6F3EE39B25499F9B002602CD /* find-undoverlines.cpp */ = {isa = PBXFileReference; fileEncoding = 4; lastKnownFileType = sourcecode.cpp.cpp; path = "find-undoverlines.cpp"; sourceTree = "<group>"; };
		6F3EE39C25499F9B002602CD /* find-undoverlines.h */ = {isa = PBXFileReference; fileEncoding = 4; lastKnownFileType = sourcecode.c.h; path = "find-undoverlines.h"; sourceTree = "<group>"; };
		6F3EE39D25499F9B002602CD /* font.h */ = {isa = PBXFileReference; fileEncoding = 4; lastKnownFileType = sourcecode.c.h; path = font.h; sourceTree = "<group>"; };
		6F3EE39F25499F9B002602CD /* color.h */ = {isa = PBXFileReference; fileEncoding = 4; lastKnownFileType = sourcecode.c.h; path = color.h; sourceTree = "<group>"; };
		6F3EE3A025499F9B002602CD /* cv.h */ = {isa = PBXFileReference; fileEncoding = 4; lastKnownFileType = sourcecode.c.h; path = cv.h; sourceTree = "<group>"; };
		6F3EE3A125499F9B002602CD /* draw-rotated-rect.cpp */ = {isa = PBXFileReference; fileEncoding = 4; lastKnownFileType = sourcecode.cpp.cpp; path = "draw-rotated-rect.cpp"; sourceTree = "<group>"; };
		6F3EE3A225499F9B002602CD /* draw-rotated-rect.h */ = {isa = PBXFileReference; fileEncoding = 4; lastKnownFileType = sourcecode.c.h; path = "draw-rotated-rect.h"; sourceTree = "<group>"; };
		6F3EE3A325499F9B002602CD /* find-rectangles.cpp */ = {isa = PBXFileReference; fileEncoding = 4; lastKnownFileType = sourcecode.cpp.cpp; path = "find-rectangles.cpp"; sourceTree = "<group>"; };
		6F3EE3A425499F9B002602CD /* find-rectangles.h */ = {isa = PBXFileReference; fileEncoding = 4; lastKnownFileType = sourcecode.c.h; path = "find-rectangles.h"; sourceTree = "<group>"; };
		6F3EE3A525499F9B002602CD /* geometry.h */ = {isa = PBXFileReference; fileEncoding = 4; lastKnownFileType = sourcecode.c.h; path = geometry.h; sourceTree = "<group>"; };
		6F3EE3A625499F9B002602CD /* rectangle.h */ = {isa = PBXFileReference; fileEncoding = 4; lastKnownFileType = sourcecode.c.h; path = rectangle.h; sourceTree = "<group>"; };
		6F3EE3A725499F9B002602CD /* rotate.h */ = {isa = PBXFileReference; fileEncoding = 4; lastKnownFileType = sourcecode.c.h; path = rotate.h; sourceTree = "<group>"; };
		6F3EE3A825499F9B002602CD /* sample-point.h */ = {isa = PBXFileReference; fileEncoding = 4; lastKnownFileType = sourcecode.c.h; path = "sample-point.h"; sourceTree = "<group>"; };
		6F3EE3A925499F9B002602CD /* json.cpp */ = {isa = PBXFileReference; fileEncoding = 4; lastKnownFileType = sourcecode.cpp.cpp; path = json.cpp; sourceTree = "<group>"; };
		6F3EE3AA25499F9B002602CD /* json.h */ = {isa = PBXFileReference; fileEncoding = 4; lastKnownFileType = sourcecode.c.h; path = json.h; sourceTree = "<group>"; };
		6F3EE3AB25499F9B002602CD /* read-dicekey.cpp */ = {isa = PBXFileReference; fileEncoding = 4; lastKnownFileType = sourcecode.cpp.cpp; path = "read-dicekey.cpp"; sourceTree = "<group>"; };
		6F3EE3AC25499F9B002602CD /* read-dicekey.hpp */ = {isa = PBXFileReference; fileEncoding = 4; lastKnownFileType = sourcecode.cpp.h; path = "read-dicekey.hpp"; sourceTree = "<group>"; };
		6F3EE3AD25499F9B002602CD /* read-face-characters.cpp */ = {isa = PBXFileReference; fileEncoding = 4; lastKnownFileType = sourcecode.cpp.cpp; path = "read-face-characters.cpp"; sourceTree = "<group>"; };
		6F3EE3AE25499F9B002602CD /* read-face-characters.h */ = {isa = PBXFileReference; fileEncoding = 4; lastKnownFileType = sourcecode.c.h; path = "read-face-characters.h"; sourceTree = "<group>"; };
		6F3EE3AF25499F9B002602CD /* read-faces.cpp */ = {isa = PBXFileReference; fileEncoding = 4; lastKnownFileType = sourcecode.cpp.cpp; path = "read-faces.cpp"; sourceTree = "<group>"; };
		6F3EE3B025499F9B002602CD /* read-faces.h */ = {isa = PBXFileReference; fileEncoding = 4; lastKnownFileType = sourcecode.c.h; path = "read-faces.h"; sourceTree = "<group>"; };
		6F3EE3B125499F9B002602CD /* simple-ocr.cpp */ = {isa = PBXFileReference; fileEncoding = 4; lastKnownFileType = sourcecode.cpp.cpp; path = "simple-ocr.cpp"; sourceTree = "<group>"; };
		6F3EE3B225499F9B002602CD /* simple-ocr.h */ = {isa = PBXFileReference; fileEncoding = 4; lastKnownFileType = sourcecode.c.h; path = "simple-ocr.h"; sourceTree = "<group>"; };
		6F3EE3B325499F9B002602CD /* undoverline.cpp */ = {isa = PBXFileReference; fileEncoding = 4; lastKnownFileType = sourcecode.cpp.cpp; path = undoverline.cpp; sourceTree = "<group>"; };
		6F3EE3B425499F9B002602CD /* undoverline.h */ = {isa = PBXFileReference; fileEncoding = 4; lastKnownFileType = sourcecode.c.h; path = undoverline.h; sourceTree = "<group>"; };
		6F3EE3B625499F9B002602CD /* bit-operations.h */ = {isa = PBXFileReference; fileEncoding = 4; lastKnownFileType = sourcecode.c.h; path = "bit-operations.h"; sourceTree = "<group>"; };
		6F3EE3B725499F9B002602CD /* statistics.h */ = {isa = PBXFileReference; fileEncoding = 4; lastKnownFileType = sourcecode.c.h; path = statistics.h; sourceTree = "<group>"; };
		6F3EE3B825499F9B002602CD /* vfunctional.h */ = {isa = PBXFileReference; fileEncoding = 4; lastKnownFileType = sourcecode.c.h; path = vfunctional.h; sourceTree = "<group>"; };
		6F3EE3B925499F9B002602CD /* validate-faces-read.cpp */ = {isa = PBXFileReference; fileEncoding = 4; lastKnownFileType = sourcecode.cpp.cpp; path = "validate-faces-read.cpp"; sourceTree = "<group>"; };
		6F3EE3BA25499F9B002602CD /* validate-faces-read.h */ = {isa = PBXFileReference; fileEncoding = 4; lastKnownFileType = sourcecode.c.h; path = "validate-faces-read.h"; sourceTree = "<group>"; };
		6F3EE3BB25499F9B002602CD /* visualize-read-results.cpp */ = {isa = PBXFileReference; fileEncoding = 4; lastKnownFileType = sourcecode.cpp.cpp; path = "visualize-read-results.cpp"; sourceTree = "<group>"; };
		6F3EE3BC25499F9B002602CD /* visualize-read-results.h */ = {isa = PBXFileReference; fileEncoding = 4; lastKnownFileType = sourcecode.c.h; path = "visualize-read-results.h"; sourceTree = "<group>"; };
		6F3EE3BD25499F9B002602CD /* write-face-characters.cpp */ = {isa = PBXFileReference; fileEncoding = 4; lastKnownFileType = sourcecode.cpp.cpp; path = "write-face-characters.cpp"; sourceTree = "<group>"; };
		6F3EE3BE25499F9B002602CD /* write-face-characters.h */ = {isa = PBXFileReference; fileEncoding = 4; lastKnownFileType = sourcecode.c.h; path = "write-face-characters.h"; sourceTree = "<group>"; };
		6F3EE3E22549A37D002602CD /* app.djinni */ = {isa = PBXFileReference; fileEncoding = 4; lastKnownFileType = text; path = app.djinni; sourceTree = "<group>"; };
		6FAC6AA625480DE000AA8249 /* DiceKeys.app */ = {isa = PBXFileReference; explicitFileType = wrapper.application; includeInIndex = 0; path = DiceKeys.app; sourceTree = BUILT_PRODUCTS_DIR; };
		6FAC6AA925480DE000AA8249 /* AppDelegate.swift */ = {isa = PBXFileReference; lastKnownFileType = sourcecode.swift; path = AppDelegate.swift; sourceTree = "<group>"; };
		6FAC6AAB25480DE000AA8249 /* SceneDelegate.swift */ = {isa = PBXFileReference; lastKnownFileType = sourcecode.swift; path = SceneDelegate.swift; sourceTree = "<group>"; };
		6FAC6AB025480DE000AA8249 /* Base */ = {isa = PBXFileReference; lastKnownFileType = file.storyboard; name = Base; path = Base.lproj/Main.storyboard; sourceTree = "<group>"; };
		6FAC6AB225480DE200AA8249 /* Assets.xcassets */ = {isa = PBXFileReference; lastKnownFileType = folder.assetcatalog; path = Assets.xcassets; sourceTree = "<group>"; };
		6FAC6AB525480DE200AA8249 /* Base */ = {isa = PBXFileReference; lastKnownFileType = file.storyboard; name = Base; path = Base.lproj/LaunchScreen.storyboard; sourceTree = "<group>"; };
		6FAC6AB725480DE200AA8249 /* Info.plist */ = {isa = PBXFileReference; lastKnownFileType = text.plist.xml; path = Info.plist; sourceTree = "<group>"; };
		6FAC6ABC25480DE200AA8249 /* DiceKeysTests.xctest */ = {isa = PBXFileReference; explicitFileType = wrapper.cfbundle; includeInIndex = 0; path = DiceKeysTests.xctest; sourceTree = BUILT_PRODUCTS_DIR; };
		6FAC6AC025480DE200AA8249 /* DiceKeysTests.swift */ = {isa = PBXFileReference; lastKnownFileType = sourcecode.swift; path = DiceKeysTests.swift; sourceTree = "<group>"; };
		6FAC6AC225480DE200AA8249 /* Info.plist */ = {isa = PBXFileReference; lastKnownFileType = text.plist.xml; path = Info.plist; sourceTree = "<group>"; };
		6FAC6AC725480DE200AA8249 /* DiceKeysUITests.xctest */ = {isa = PBXFileReference; explicitFileType = wrapper.cfbundle; includeInIndex = 0; path = DiceKeysUITests.xctest; sourceTree = BUILT_PRODUCTS_DIR; };
		6FAC6ACB25480DE200AA8249 /* DiceKeysUITests.swift */ = {isa = PBXFileReference; lastKnownFileType = sourcecode.swift; path = DiceKeysUITests.swift; sourceTree = "<group>"; };
		6FAC6ACD25480DE200AA8249 /* Info.plist */ = {isa = PBXFileReference; lastKnownFileType = text.plist.xml; path = Info.plist; sourceTree = "<group>"; };
		6FAC6ADD25480E6200AA8249 /* CaptureView.swift */ = {isa = PBXFileReference; lastKnownFileType = sourcecode.swift; path = CaptureView.swift; sourceTree = "<group>"; };
		6FAC6AE225480E7500AA8249 /* CameraController.swift */ = {isa = PBXFileReference; lastKnownFileType = sourcecode.swift; path = CameraController.swift; sourceTree = "<group>"; };
		6FAC6AE725480E7F00AA8249 /* SessionManager.swift */ = {isa = PBXFileReference; lastKnownFileType = sourcecode.swift; path = SessionManager.swift; sourceTree = "<group>"; };
		6FAC6D74254867AA00AA8249 /* CameraViewModel.swift */ = {isa = PBXFileReference; lastKnownFileType = sourcecode.swift; path = CameraViewModel.swift; sourceTree = "<group>"; };
		6FAC6D852548873000AA8249 /* .swift-version */ = {isa = PBXFileReference; lastKnownFileType = text; path = ".swift-version"; sourceTree = "<group>"; };
		6FAC6D862548873000AA8249 /* .swiftlint.yml */ = {isa = PBXFileReference; lastKnownFileType = text.yaml; path = .swiftlint.yml; sourceTree = "<group>"; };
		6FAC6DA625488BCB00AA8249 /* DiceKeys-Bridging-Header.h */ = {isa = PBXFileReference; lastKnownFileType = sourcecode.c.h; path = "DiceKeys-Bridging-Header.h"; sourceTree = "<group>"; };
		6FAC6DA725488BCB00AA8249 /* ObjCObject.h */ = {isa = PBXFileReference; lastKnownFileType = sourcecode.c.h; path = ObjCObject.h; sourceTree = "<group>"; };
		6FAC6DA825488BCB00AA8249 /* ObjCObject.m */ = {isa = PBXFileReference; lastKnownFileType = sourcecode.c.objc; path = ObjCObject.m; sourceTree = "<group>"; };
/* End PBXFileReference section */

/* Begin PBXFrameworksBuildPhase section */
		6FAC6AA325480DE000AA8249 /* Frameworks */ = {
			isa = PBXFrameworksBuildPhase;
			buildActionMask = 2147483647;
			files = (
				6F3EE37325499EB7002602CD /* opencv2.framework in Frameworks */,
			);
			runOnlyForDeploymentPostprocessing = 0;
		};
		6FAC6AB925480DE200AA8249 /* Frameworks */ = {
			isa = PBXFrameworksBuildPhase;
			buildActionMask = 2147483647;
			files = (
			);
			runOnlyForDeploymentPostprocessing = 0;
		};
		6FAC6AC425480DE200AA8249 /* Frameworks */ = {
			isa = PBXFrameworksBuildPhase;
			buildActionMask = 2147483647;
			files = (
			);
			runOnlyForDeploymentPostprocessing = 0;
		};
/* End PBXFrameworksBuildPhase section */

/* Begin PBXGroup section */
		6F3EE31525499E99002602CD /* Dependencies */ = {
			isa = PBXGroup;
			children = (
				6F3EE37225499EB7002602CD /* opencv2.framework */,
				6F3EE38925499F9B002602CD /* includes */,
				6F3EE37D25499F9B002602CD /* lib-dicekey */,
				6F3EE38B25499F9B002602CD /* lib-read-dicekey */,
			);
			path = Dependencies;
			sourceTree = "<group>";
		};
		6F3EE37D25499F9B002602CD /* lib-dicekey */ = {
			isa = PBXGroup;
			children = (
				6F3EE37E25499F9B002602CD /* CMakeLists.txt */,
				6F3EE37F25499F9B002602CD /* dicekey-from-human-readable-form.cpp */,
				6F3EE38025499F9B002602CD /* dicekey-from-human-readable-form.hpp */,
				6F3EE38125499F9B002602CD /* dicekey.cpp */,
				6F3EE38225499F9B002602CD /* dicekey.hpp */,
				6F3EE38325499F9B002602CD /* externally-generated */,
				6F3EE38625499F9B002602CD /* face.cpp */,
				6F3EE38725499F9B002602CD /* face.hpp */,
				6F3EE38825499F9B002602CD /* lib-dicekey.hpp */,
			);
			name = "lib-dicekey";
			path = "../../../read-dicekey/lib-dicekey";
			sourceTree = "<group>";
		};
		6F3EE38325499F9B002602CD /* externally-generated */ = {
			isa = PBXGroup;
			children = (
				6F3EE38425499F9B002602CD /* dicekey-face-specification.cpp */,
				6F3EE38525499F9B002602CD /* dicekey-face-specification.h */,
			);
			path = "externally-generated";
			sourceTree = "<group>";
		};
		6F3EE38925499F9B002602CD /* includes */ = {
			isa = PBXGroup;
			children = (
				6F3EE38A25499F9B002602CD /* json.hpp */,
			);
			name = includes;
			path = "../../../read-dicekey/includes";
			sourceTree = "<group>";
		};
		6F3EE38B25499F9B002602CD /* lib-read-dicekey */ = {
			isa = PBXGroup;
			children = (
				6F3EE38C25499F9B002602CD /* assemble-dicekey.cpp */,
				6F3EE38D25499F9B002602CD /* assemble-dicekey.h */,
				6F3EE38E25499F9B002602CD /* CMakeLists.txt */,
				6F3EE38F25499F9B002602CD /* decode-die.cpp */,
				6F3EE39025499F9B002602CD /* decode-face.h */,
				6F3EE39125499F9B002602CD /* dicekey-face-specification.h */,
				6F3EE39225499F9B002602CD /* dicekey.hpp */,
				6F3EE39325499F9B002602CD /* externally-generated */,
				6F3EE39725499F9B002602CD /* face-read.cpp */,
				6F3EE39825499F9B002602CD /* face-read.h */,
				6F3EE39925499F9B002602CD /* find-faces.cpp */,
				6F3EE39A25499F9B002602CD /* find-faces.h */,
				6F3EE39B25499F9B002602CD /* find-undoverlines.cpp */,
				6F3EE39C25499F9B002602CD /* find-undoverlines.h */,
				6F3EE39D25499F9B002602CD /* font.h */,
				6F3EE39E25499F9B002602CD /* graphics */,
				6F3EE3A925499F9B002602CD /* json.cpp */,
				6F3EE3AA25499F9B002602CD /* json.h */,
				6F3EE3AB25499F9B002602CD /* read-dicekey.cpp */,
				6F3EE3AC25499F9B002602CD /* read-dicekey.hpp */,
				6F3EE3AD25499F9B002602CD /* read-face-characters.cpp */,
				6F3EE3AE25499F9B002602CD /* read-face-characters.h */,
				6F3EE3AF25499F9B002602CD /* read-faces.cpp */,
				6F3EE3B025499F9B002602CD /* read-faces.h */,
				6F3EE3B125499F9B002602CD /* simple-ocr.cpp */,
				6F3EE3B225499F9B002602CD /* simple-ocr.h */,
				6F3EE3B325499F9B002602CD /* undoverline.cpp */,
				6F3EE3B425499F9B002602CD /* undoverline.h */,
				6F3EE3B525499F9B002602CD /* utilities */,
				6F3EE3B925499F9B002602CD /* validate-faces-read.cpp */,
				6F3EE3BA25499F9B002602CD /* validate-faces-read.h */,
				6F3EE3BB25499F9B002602CD /* visualize-read-results.cpp */,
				6F3EE3BC25499F9B002602CD /* visualize-read-results.h */,
				6F3EE3BD25499F9B002602CD /* write-face-characters.cpp */,
				6F3EE3BE25499F9B002602CD /* write-face-characters.h */,
			);
			name = "lib-read-dicekey";
			path = "../../../read-dicekey/lib-read-dicekey";
			sourceTree = "<group>";
		};
		6F3EE39325499F9B002602CD /* externally-generated */ = {
			isa = PBXGroup;
			children = (
				6F3EE39425499F9B002602CD /* inconsolata-700.cpp */,
				6F3EE39525499F9B002602CD /* inconsolata-700.h */,
				6F3EE39625499F9B002602CD /* ocr-font.h */,
			);
			path = "externally-generated";
			sourceTree = "<group>";
		};
		6F3EE39E25499F9B002602CD /* graphics */ = {
			isa = PBXGroup;
			children = (
				6F3EE39F25499F9B002602CD /* color.h */,
				6F3EE3A025499F9B002602CD /* cv.h */,
				6F3EE3A125499F9B002602CD /* draw-rotated-rect.cpp */,
				6F3EE3A225499F9B002602CD /* draw-rotated-rect.h */,
				6F3EE3A325499F9B002602CD /* find-rectangles.cpp */,
				6F3EE3A425499F9B002602CD /* find-rectangles.h */,
				6F3EE3A525499F9B002602CD /* geometry.h */,
				6F3EE3A625499F9B002602CD /* rectangle.h */,
				6F3EE3A725499F9B002602CD /* rotate.h */,
				6F3EE3A825499F9B002602CD /* sample-point.h */,
			);
			path = graphics;
			sourceTree = "<group>";
		};
		6F3EE3B525499F9B002602CD /* utilities */ = {
			isa = PBXGroup;
			children = (
				6F3EE3B625499F9B002602CD /* bit-operations.h */,
				6F3EE3B725499F9B002602CD /* statistics.h */,
				6F3EE3B825499F9B002602CD /* vfunctional.h */,
			);
			path = utilities;
			sourceTree = "<group>";
		};
		6F3EE3DC2549A312002602CD /* idl */ = {
			isa = PBXGroup;
			children = (
				6F3EE3E22549A37D002602CD /* app.djinni */,
			);
			name = idl;
			path = ../idl;
			sourceTree = "<group>";
		};
		6FAC6A9D25480DE000AA8249 = {
			isa = PBXGroup;
			children = (
				6FAC6D852548873000AA8249 /* .swift-version */,
				6FAC6D862548873000AA8249 /* .swiftlint.yml */,
				6F3EE3DC2549A312002602CD /* idl */,
				6FAC6AA825480DE000AA8249 /* DiceKeys */,
				6FAC6ABF25480DE200AA8249 /* DiceKeysTests */,
				6FAC6ACA25480DE200AA8249 /* DiceKeysUITests */,
				6FAC6AA725480DE000AA8249 /* Products */,
			);
			sourceTree = "<group>";
		};
		6FAC6AA725480DE000AA8249 /* Products */ = {
			isa = PBXGroup;
			children = (
				6FAC6AA625480DE000AA8249 /* DiceKeys.app */,
				6FAC6ABC25480DE200AA8249 /* DiceKeysTests.xctest */,
				6FAC6AC725480DE200AA8249 /* DiceKeysUITests.xctest */,
			);
			name = Products;
			sourceTree = "<group>";
		};
		6FAC6AA825480DE000AA8249 /* DiceKeys */ = {
			isa = PBXGroup;
			children = (
				6F3EE31525499E99002602CD /* Dependencies */,
				6FAC6AB725480DE200AA8249 /* Info.plist */,
				6FAC6AA925480DE000AA8249 /* AppDelegate.swift */,
				6FAC6AAB25480DE000AA8249 /* SceneDelegate.swift */,
				6FAC6AB225480DE200AA8249 /* Assets.xcassets */,
				6FAC6D9F254889E100AA8249 /* Screens */,
				6FAC6D702548678400AA8249 /* Storyboards */,
				6FAC6DA725488BCB00AA8249 /* ObjCObject.h */,
				6FAC6DA825488BCB00AA8249 /* ObjCObject.m */,
				6FAC6DA625488BCB00AA8249 /* DiceKeys-Bridging-Header.h */,
			);
			path = DiceKeys;
			sourceTree = "<group>";
		};
		6FAC6ABF25480DE200AA8249 /* DiceKeysTests */ = {
			isa = PBXGroup;
			children = (
				6FAC6AC025480DE200AA8249 /* DiceKeysTests.swift */,
				6FAC6AC225480DE200AA8249 /* Info.plist */,
			);
			path = DiceKeysTests;
			sourceTree = "<group>";
		};
		6FAC6ACA25480DE200AA8249 /* DiceKeysUITests */ = {
			isa = PBXGroup;
			children = (
				6FAC6ACB25480DE200AA8249 /* DiceKeysUITests.swift */,
				6FAC6ACD25480DE200AA8249 /* Info.plist */,
			);
			path = DiceKeysUITests;
			sourceTree = "<group>";
		};
		6FAC6ADC25480DF800AA8249 /* Camera */ = {
			isa = PBXGroup;
			children = (
				6FAC6AE225480E7500AA8249 /* CameraController.swift */,
				6FAC6D74254867AA00AA8249 /* CameraViewModel.swift */,
				6FAC6ADD25480E6200AA8249 /* CaptureView.swift */,
				6FAC6AE725480E7F00AA8249 /* SessionManager.swift */,
			);
			path = Camera;
			sourceTree = "<group>";
		};
		6FAC6D702548678400AA8249 /* Storyboards */ = {
			isa = PBXGroup;
			children = (
				6FAC6AAF25480DE000AA8249 /* Main.storyboard */,
				6FAC6AB425480DE200AA8249 /* LaunchScreen.storyboard */,
			);
			path = Storyboards;
			sourceTree = "<group>";
		};
		6FAC6D9F254889E100AA8249 /* Screens */ = {
			isa = PBXGroup;
			children = (
				6FAC6ADC25480DF800AA8249 /* Camera */,
			);
			path = Screens;
			sourceTree = "<group>";
		};
/* End PBXGroup section */

/* Begin PBXNativeTarget section */
		6FAC6AA525480DE000AA8249 /* DiceKeys */ = {
			isa = PBXNativeTarget;
			buildConfigurationList = 6FAC6AD025480DE200AA8249 /* Build configuration list for PBXNativeTarget "DiceKeys" */;
			buildPhases = (
				6FAC6D8A2548886E00AA8249 /* Run Script: Swift Lint */,
				6FAC6AA225480DE000AA8249 /* Sources */,
				6FAC6AA325480DE000AA8249 /* Frameworks */,
				6FAC6AA425480DE000AA8249 /* Resources */,
			);
			buildRules = (
			);
			dependencies = (
			);
			name = DiceKeys;
			productName = DiceKeys;
			productReference = 6FAC6AA625480DE000AA8249 /* DiceKeys.app */;
			productType = "com.apple.product-type.application";
		};
		6FAC6ABB25480DE200AA8249 /* DiceKeysTests */ = {
			isa = PBXNativeTarget;
			buildConfigurationList = 6FAC6AD325480DE200AA8249 /* Build configuration list for PBXNativeTarget "DiceKeysTests" */;
			buildPhases = (
				6FAC6AB825480DE200AA8249 /* Sources */,
				6FAC6AB925480DE200AA8249 /* Frameworks */,
				6FAC6ABA25480DE200AA8249 /* Resources */,
			);
			buildRules = (
			);
			dependencies = (
				6FAC6ABE25480DE200AA8249 /* PBXTargetDependency */,
			);
			name = DiceKeysTests;
			productName = DiceKeysTests;
			productReference = 6FAC6ABC25480DE200AA8249 /* DiceKeysTests.xctest */;
			productType = "com.apple.product-type.bundle.unit-test";
		};
		6FAC6AC625480DE200AA8249 /* DiceKeysUITests */ = {
			isa = PBXNativeTarget;
			buildConfigurationList = 6FAC6AD625480DE200AA8249 /* Build configuration list for PBXNativeTarget "DiceKeysUITests" */;
			buildPhases = (
				6FAC6AC325480DE200AA8249 /* Sources */,
				6FAC6AC425480DE200AA8249 /* Frameworks */,
				6FAC6AC525480DE200AA8249 /* Resources */,
			);
			buildRules = (
			);
			dependencies = (
				6FAC6AC925480DE200AA8249 /* PBXTargetDependency */,
			);
			name = DiceKeysUITests;
			productName = DiceKeysUITests;
			productReference = 6FAC6AC725480DE200AA8249 /* DiceKeysUITests.xctest */;
			productType = "com.apple.product-type.bundle.ui-testing";
		};
/* End PBXNativeTarget section */

/* Begin PBXProject section */
		6FAC6A9E25480DE000AA8249 /* Project object */ = {
			isa = PBXProject;
			attributes = {
				LastSwiftUpdateCheck = 1200;
				LastUpgradeCheck = 1200;
				TargetAttributes = {
					6FAC6AA525480DE000AA8249 = {
						CreatedOnToolsVersion = 12.0.1;
						LastSwiftMigration = 1200;
					};
					6FAC6ABB25480DE200AA8249 = {
						CreatedOnToolsVersion = 12.0.1;
						TestTargetID = 6FAC6AA525480DE000AA8249;
					};
					6FAC6AC625480DE200AA8249 = {
						CreatedOnToolsVersion = 12.0.1;
						TestTargetID = 6FAC6AA525480DE000AA8249;
					};
				};
			};
			buildConfigurationList = 6FAC6AA125480DE000AA8249 /* Build configuration list for PBXProject "DiceKeys" */;
			compatibilityVersion = "Xcode 9.3";
			developmentRegion = en;
			hasScannedForEncodings = 0;
			knownRegions = (
				en,
				Base,
			);
			mainGroup = 6FAC6A9D25480DE000AA8249;
			productRefGroup = 6FAC6AA725480DE000AA8249 /* Products */;
			projectDirPath = "";
			projectRoot = "";
			targets = (
				6FAC6AA525480DE000AA8249 /* DiceKeys */,
				6FAC6ABB25480DE200AA8249 /* DiceKeysTests */,
				6FAC6AC625480DE200AA8249 /* DiceKeysUITests */,
			);
		};
/* End PBXProject section */

/* Begin PBXResourcesBuildPhase section */
		6FAC6AA425480DE000AA8249 /* Resources */ = {
			isa = PBXResourcesBuildPhase;
			buildActionMask = 2147483647;
			files = (
				6FAC6AB625480DE200AA8249 /* LaunchScreen.storyboard in Resources */,
				6F3EE3E32549A37D002602CD /* app.djinni in Resources */,
				6FAC6AB325480DE200AA8249 /* Assets.xcassets in Resources */,
				6FAC6AB125480DE000AA8249 /* Main.storyboard in Resources */,
			);
			runOnlyForDeploymentPostprocessing = 0;
		};
		6FAC6ABA25480DE200AA8249 /* Resources */ = {
			isa = PBXResourcesBuildPhase;
			buildActionMask = 2147483647;
			files = (
			);
			runOnlyForDeploymentPostprocessing = 0;
		};
		6FAC6AC525480DE200AA8249 /* Resources */ = {
			isa = PBXResourcesBuildPhase;
			buildActionMask = 2147483647;
			files = (
			);
			runOnlyForDeploymentPostprocessing = 0;
		};
/* End PBXResourcesBuildPhase section */

/* Begin PBXShellScriptBuildPhase section */
		6FAC6D8A2548886E00AA8249 /* Run Script: Swift Lint */ = {
			isa = PBXShellScriptBuildPhase;
			buildActionMask = 2147483647;
			files = (
			);
			inputFileListPaths = (
			);
			inputPaths = (
			);
			name = "Run Script: Swift Lint";
			outputFileListPaths = (
			);
			outputPaths = (
			);
			runOnlyForDeploymentPostprocessing = 0;
			shellPath = /bin/sh;
			shellScript = "if which swiftlint >/dev/null; then\n  swiftlint\nelse\n  echo \"warning: SwiftLint not installed, download from https://github.com/realm/SwiftLint\"\nfi\n";
		};
/* End PBXShellScriptBuildPhase section */

/* Begin PBXSourcesBuildPhase section */
		6FAC6AA225480DE000AA8249 /* Sources */ = {
			isa = PBXSourcesBuildPhase;
			buildActionMask = 2147483647;
			files = (
				6F3EE3C025499F9B002602CD /* dicekey-from-human-readable-form.cpp in Sources */,
				6F3EE3D225499F9B002602CD /* undoverline.cpp in Sources */,
				6F3EE3D425499F9B002602CD /* visualize-read-results.cpp in Sources */,
				6FAC6AAA25480DE000AA8249 /* AppDelegate.swift in Sources */,
				6F3EE3CE25499F9B002602CD /* read-dicekey.cpp in Sources */,
				6FAC6AE825480E7F00AA8249 /* SessionManager.swift in Sources */,
				6F3EE3CD25499F9B002602CD /* json.cpp in Sources */,
				6F3EE3D025499F9B002602CD /* read-faces.cpp in Sources */,
				6F3EE3CB25499F9B002602CD /* draw-rotated-rect.cpp in Sources */,
				6F3EE3C325499F9B002602CD /* face.cpp in Sources */,
				6F3EE3C825499F9B002602CD /* face-read.cpp in Sources */,
				6F3EE3C425499F9B002602CD /* assemble-dicekey.cpp in Sources */,
				6F3EE3C225499F9B002602CD /* dicekey-face-specification.cpp in Sources */,
				6FAC6D75254867AA00AA8249 /* CameraViewModel.swift in Sources */,
				6F3EE3D525499F9B002602CD /* write-face-characters.cpp in Sources */,
				6FAC6AAC25480DE000AA8249 /* SceneDelegate.swift in Sources */,
				6F3EE3C625499F9B002602CD /* decode-die.cpp in Sources */,
				6F3EE3CC25499F9B002602CD /* find-rectangles.cpp in Sources */,
				6F3EE3CF25499F9B002602CD /* read-face-characters.cpp in Sources */,
				6FAC6DA925488BCB00AA8249 /* ObjCObject.m in Sources */,
				6FAC6ADE25480E6200AA8249 /* CaptureView.swift in Sources */,
				6F3EE3D125499F9B002602CD /* simple-ocr.cpp in Sources */,
				6F3EE3D325499F9B002602CD /* validate-faces-read.cpp in Sources */,
				6F3EE3CA25499F9B002602CD /* find-undoverlines.cpp in Sources */,
				6FAC6AE325480E7500AA8249 /* CameraController.swift in Sources */,
				6F3EE3C125499F9B002602CD /* dicekey.cpp in Sources */,
				6F3EE3C725499F9B002602CD /* inconsolata-700.cpp in Sources */,
				6F3EE3C925499F9B002602CD /* find-faces.cpp in Sources */,
			);
			runOnlyForDeploymentPostprocessing = 0;
		};
		6FAC6AB825480DE200AA8249 /* Sources */ = {
			isa = PBXSourcesBuildPhase;
			buildActionMask = 2147483647;
			files = (
				6FAC6AC125480DE200AA8249 /* DiceKeysTests.swift in Sources */,
			);
			runOnlyForDeploymentPostprocessing = 0;
		};
		6FAC6AC325480DE200AA8249 /* Sources */ = {
			isa = PBXSourcesBuildPhase;
			buildActionMask = 2147483647;
			files = (
				6FAC6ACC25480DE200AA8249 /* DiceKeysUITests.swift in Sources */,
			);
			runOnlyForDeploymentPostprocessing = 0;
		};
/* End PBXSourcesBuildPhase section */

/* Begin PBXTargetDependency section */
		6FAC6ABE25480DE200AA8249 /* PBXTargetDependency */ = {
			isa = PBXTargetDependency;
			target = 6FAC6AA525480DE000AA8249 /* DiceKeys */;
			targetProxy = 6FAC6ABD25480DE200AA8249 /* PBXContainerItemProxy */;
		};
		6FAC6AC925480DE200AA8249 /* PBXTargetDependency */ = {
			isa = PBXTargetDependency;
			target = 6FAC6AA525480DE000AA8249 /* DiceKeys */;
			targetProxy = 6FAC6AC825480DE200AA8249 /* PBXContainerItemProxy */;
		};
/* End PBXTargetDependency section */

/* Begin PBXVariantGroup section */
		6FAC6AAF25480DE000AA8249 /* Main.storyboard */ = {
			isa = PBXVariantGroup;
			children = (
				6FAC6AB025480DE000AA8249 /* Base */,
			);
			name = Main.storyboard;
			sourceTree = "<group>";
		};
		6FAC6AB425480DE200AA8249 /* LaunchScreen.storyboard */ = {
			isa = PBXVariantGroup;
			children = (
				6FAC6AB525480DE200AA8249 /* Base */,
			);
			name = LaunchScreen.storyboard;
			sourceTree = "<group>";
		};
/* End PBXVariantGroup section */

/* Begin XCBuildConfiguration section */
		6FAC6ACE25480DE200AA8249 /* Debug */ = {
			isa = XCBuildConfiguration;
			buildSettings = {
				ALWAYS_SEARCH_USER_PATHS = NO;
				CLANG_ANALYZER_NONNULL = YES;
				CLANG_ANALYZER_NUMBER_OBJECT_CONVERSION = YES_AGGRESSIVE;
				CLANG_CXX_LANGUAGE_STANDARD = "gnu++14";
				CLANG_CXX_LIBRARY = "libc++";
				CLANG_ENABLE_MODULES = YES;
				CLANG_ENABLE_OBJC_ARC = YES;
				CLANG_ENABLE_OBJC_WEAK = YES;
				CLANG_WARN_BLOCK_CAPTURE_AUTORELEASING = YES;
				CLANG_WARN_BOOL_CONVERSION = YES;
				CLANG_WARN_COMMA = YES;
				CLANG_WARN_CONSTANT_CONVERSION = YES;
				CLANG_WARN_DEPRECATED_OBJC_IMPLEMENTATIONS = YES;
				CLANG_WARN_DIRECT_OBJC_ISA_USAGE = YES_ERROR;
				CLANG_WARN_DOCUMENTATION_COMMENTS = YES;
				CLANG_WARN_EMPTY_BODY = YES;
				CLANG_WARN_ENUM_CONVERSION = YES;
				CLANG_WARN_INFINITE_RECURSION = YES;
				CLANG_WARN_INT_CONVERSION = YES;
				CLANG_WARN_NON_LITERAL_NULL_CONVERSION = YES;
				CLANG_WARN_OBJC_IMPLICIT_RETAIN_SELF = YES;
				CLANG_WARN_OBJC_LITERAL_CONVERSION = YES;
				CLANG_WARN_OBJC_ROOT_CLASS = YES_ERROR;
				CLANG_WARN_QUOTED_INCLUDE_IN_FRAMEWORK_HEADER = YES;
				CLANG_WARN_RANGE_LOOP_ANALYSIS = YES;
				CLANG_WARN_STRICT_PROTOTYPES = YES;
				CLANG_WARN_SUSPICIOUS_MOVE = YES;
				CLANG_WARN_UNGUARDED_AVAILABILITY = YES_AGGRESSIVE;
				CLANG_WARN_UNREACHABLE_CODE = YES;
				CLANG_WARN__DUPLICATE_METHOD_MATCH = YES;
				COPY_PHASE_STRIP = NO;
				DEBUG_INFORMATION_FORMAT = dwarf;
				ENABLE_STRICT_OBJC_MSGSEND = YES;
				ENABLE_TESTABILITY = YES;
				GCC_C_LANGUAGE_STANDARD = gnu11;
				GCC_DYNAMIC_NO_PIC = NO;
				GCC_NO_COMMON_BLOCKS = YES;
				GCC_OPTIMIZATION_LEVEL = 0;
				GCC_PREPROCESSOR_DEFINITIONS = (
					"DEBUG=1",
					"$(inherited)",
				);
				GCC_WARN_64_TO_32_BIT_CONVERSION = YES;
				GCC_WARN_ABOUT_RETURN_TYPE = YES_ERROR;
				GCC_WARN_UNDECLARED_SELECTOR = YES;
				GCC_WARN_UNINITIALIZED_AUTOS = YES_AGGRESSIVE;
				GCC_WARN_UNUSED_FUNCTION = YES;
				GCC_WARN_UNUSED_VARIABLE = YES;
				IPHONEOS_DEPLOYMENT_TARGET = 14.0;
				MTL_ENABLE_DEBUG_INFO = INCLUDE_SOURCE;
				MTL_FAST_MATH = YES;
				ONLY_ACTIVE_ARCH = YES;
				SDKROOT = iphoneos;
				SWIFT_ACTIVE_COMPILATION_CONDITIONS = DEBUG;
				SWIFT_OPTIMIZATION_LEVEL = "-Onone";
			};
			name = Debug;
		};
		6FAC6ACF25480DE200AA8249 /* Release */ = {
			isa = XCBuildConfiguration;
			buildSettings = {
				ALWAYS_SEARCH_USER_PATHS = NO;
				CLANG_ANALYZER_NONNULL = YES;
				CLANG_ANALYZER_NUMBER_OBJECT_CONVERSION = YES_AGGRESSIVE;
				CLANG_CXX_LANGUAGE_STANDARD = "gnu++14";
				CLANG_CXX_LIBRARY = "libc++";
				CLANG_ENABLE_MODULES = YES;
				CLANG_ENABLE_OBJC_ARC = YES;
				CLANG_ENABLE_OBJC_WEAK = YES;
				CLANG_WARN_BLOCK_CAPTURE_AUTORELEASING = YES;
				CLANG_WARN_BOOL_CONVERSION = YES;
				CLANG_WARN_COMMA = YES;
				CLANG_WARN_CONSTANT_CONVERSION = YES;
				CLANG_WARN_DEPRECATED_OBJC_IMPLEMENTATIONS = YES;
				CLANG_WARN_DIRECT_OBJC_ISA_USAGE = YES_ERROR;
				CLANG_WARN_DOCUMENTATION_COMMENTS = YES;
				CLANG_WARN_EMPTY_BODY = YES;
				CLANG_WARN_ENUM_CONVERSION = YES;
				CLANG_WARN_INFINITE_RECURSION = YES;
				CLANG_WARN_INT_CONVERSION = YES;
				CLANG_WARN_NON_LITERAL_NULL_CONVERSION = YES;
				CLANG_WARN_OBJC_IMPLICIT_RETAIN_SELF = YES;
				CLANG_WARN_OBJC_LITERAL_CONVERSION = YES;
				CLANG_WARN_OBJC_ROOT_CLASS = YES_ERROR;
				CLANG_WARN_QUOTED_INCLUDE_IN_FRAMEWORK_HEADER = YES;
				CLANG_WARN_RANGE_LOOP_ANALYSIS = YES;
				CLANG_WARN_STRICT_PROTOTYPES = YES;
				CLANG_WARN_SUSPICIOUS_MOVE = YES;
				CLANG_WARN_UNGUARDED_AVAILABILITY = YES_AGGRESSIVE;
				CLANG_WARN_UNREACHABLE_CODE = YES;
				CLANG_WARN__DUPLICATE_METHOD_MATCH = YES;
				COPY_PHASE_STRIP = NO;
				DEBUG_INFORMATION_FORMAT = "dwarf-with-dsym";
				ENABLE_NS_ASSERTIONS = NO;
				ENABLE_STRICT_OBJC_MSGSEND = YES;
				GCC_C_LANGUAGE_STANDARD = gnu11;
				GCC_NO_COMMON_BLOCKS = YES;
				GCC_WARN_64_TO_32_BIT_CONVERSION = YES;
				GCC_WARN_ABOUT_RETURN_TYPE = YES_ERROR;
				GCC_WARN_UNDECLARED_SELECTOR = YES;
				GCC_WARN_UNINITIALIZED_AUTOS = YES_AGGRESSIVE;
				GCC_WARN_UNUSED_FUNCTION = YES;
				GCC_WARN_UNUSED_VARIABLE = YES;
				IPHONEOS_DEPLOYMENT_TARGET = 14.0;
				MTL_ENABLE_DEBUG_INFO = NO;
				MTL_FAST_MATH = YES;
				SDKROOT = iphoneos;
				SWIFT_COMPILATION_MODE = wholemodule;
				SWIFT_OPTIMIZATION_LEVEL = "-O";
				VALIDATE_PRODUCT = YES;
			};
			name = Release;
		};
		6FAC6AD125480DE200AA8249 /* Debug */ = {
			isa = XCBuildConfiguration;
			buildSettings = {
				ASSETCATALOG_COMPILER_APPICON_NAME = AppIcon;
				ASSETCATALOG_COMPILER_GLOBAL_ACCENT_COLOR_NAME = AccentColor;
				CLANG_ENABLE_MODULES = YES;
				CODE_SIGN_STYLE = Automatic;
				DEVELOPMENT_TEAM = M5HDTU7792;
				FRAMEWORK_SEARCH_PATHS = "\"$(SRCROOT)/../ios\"";
				INFOPLIST_FILE = DiceKeys/Info.plist;
				LD_RUNPATH_SEARCH_PATHS = (
					"$(inherited)",
					"@executable_path/Frameworks",
				);
				PRODUCT_BUNDLE_IDENTIFIER = com.dicekeys.DiceKeys;
				PRODUCT_NAME = "$(TARGET_NAME)";
				SWIFT_OBJC_BRIDGING_HEADER = "DiceKeys/DiceKeys-Bridging-Header.h";
				SWIFT_OPTIMIZATION_LEVEL = "-Onone";
				SWIFT_VERSION = 5.0;
				TARGETED_DEVICE_FAMILY = "1,2";
			};
			name = Debug;
		};
		6FAC6AD225480DE200AA8249 /* Release */ = {
			isa = XCBuildConfiguration;
			buildSettings = {
				ASSETCATALOG_COMPILER_APPICON_NAME = AppIcon;
				ASSETCATALOG_COMPILER_GLOBAL_ACCENT_COLOR_NAME = AccentColor;
				CLANG_ENABLE_MODULES = YES;
				CODE_SIGN_STYLE = Automatic;
				DEVELOPMENT_TEAM = M5HDTU7792;
				FRAMEWORK_SEARCH_PATHS = "\"$(SRCROOT)/../ios\"";
				INFOPLIST_FILE = DiceKeys/Info.plist;
				LD_RUNPATH_SEARCH_PATHS = (
					"$(inherited)",
					"@executable_path/Frameworks",
				);
				PRODUCT_BUNDLE_IDENTIFIER = com.dicekeys.DiceKeys;
				PRODUCT_NAME = "$(TARGET_NAME)";
				SWIFT_OBJC_BRIDGING_HEADER = "DiceKeys/DiceKeys-Bridging-Header.h";
				SWIFT_VERSION = 5.0;
				TARGETED_DEVICE_FAMILY = "1,2";
			};
			name = Release;
		};
		6FAC6AD425480DE200AA8249 /* Debug */ = {
			isa = XCBuildConfiguration;
			buildSettings = {
				ALWAYS_EMBED_SWIFT_STANDARD_LIBRARIES = YES;
				BUNDLE_LOADER = "$(TEST_HOST)";
				CODE_SIGN_STYLE = Automatic;
				DEVELOPMENT_TEAM = M5HDTU7792;
				INFOPLIST_FILE = DiceKeysTests/Info.plist;
				IPHONEOS_DEPLOYMENT_TARGET = 14.0;
				LD_RUNPATH_SEARCH_PATHS = (
					"$(inherited)",
					"@executable_path/Frameworks",
					"@loader_path/Frameworks",
				);
				PRODUCT_BUNDLE_IDENTIFIER = com.dicekeys.DiceKeysTests;
				PRODUCT_NAME = "$(TARGET_NAME)";
				SWIFT_VERSION = 5.0;
				TARGETED_DEVICE_FAMILY = "1,2";
				TEST_HOST = "$(BUILT_PRODUCTS_DIR)/DiceKeys.app/DiceKeys";
			};
			name = Debug;
		};
		6FAC6AD525480DE200AA8249 /* Release */ = {
			isa = XCBuildConfiguration;
			buildSettings = {
				ALWAYS_EMBED_SWIFT_STANDARD_LIBRARIES = YES;
				BUNDLE_LOADER = "$(TEST_HOST)";
				CODE_SIGN_STYLE = Automatic;
				DEVELOPMENT_TEAM = M5HDTU7792;
				INFOPLIST_FILE = DiceKeysTests/Info.plist;
				IPHONEOS_DEPLOYMENT_TARGET = 14.0;
				LD_RUNPATH_SEARCH_PATHS = (
					"$(inherited)",
					"@executable_path/Frameworks",
					"@loader_path/Frameworks",
				);
				PRODUCT_BUNDLE_IDENTIFIER = com.dicekeys.DiceKeysTests;
				PRODUCT_NAME = "$(TARGET_NAME)";
				SWIFT_VERSION = 5.0;
				TARGETED_DEVICE_FAMILY = "1,2";
				TEST_HOST = "$(BUILT_PRODUCTS_DIR)/DiceKeys.app/DiceKeys";
			};
			name = Release;
		};
		6FAC6AD725480DE200AA8249 /* Debug */ = {
			isa = XCBuildConfiguration;
			buildSettings = {
				ALWAYS_EMBED_SWIFT_STANDARD_LIBRARIES = YES;
				CODE_SIGN_STYLE = Automatic;
				DEVELOPMENT_TEAM = M5HDTU7792;
				INFOPLIST_FILE = DiceKeysUITests/Info.plist;
				LD_RUNPATH_SEARCH_PATHS = (
					"$(inherited)",
					"@executable_path/Frameworks",
					"@loader_path/Frameworks",
				);
				PRODUCT_BUNDLE_IDENTIFIER = com.dicekeys.DiceKeysUITests;
				PRODUCT_NAME = "$(TARGET_NAME)";
				SWIFT_VERSION = 5.0;
				TARGETED_DEVICE_FAMILY = "1,2";
				TEST_TARGET_NAME = DiceKeys;
			};
			name = Debug;
		};
		6FAC6AD825480DE200AA8249 /* Release */ = {
			isa = XCBuildConfiguration;
			buildSettings = {
				ALWAYS_EMBED_SWIFT_STANDARD_LIBRARIES = YES;
				CODE_SIGN_STYLE = Automatic;
				DEVELOPMENT_TEAM = M5HDTU7792;
				INFOPLIST_FILE = DiceKeysUITests/Info.plist;
				LD_RUNPATH_SEARCH_PATHS = (
					"$(inherited)",
					"@executable_path/Frameworks",
					"@loader_path/Frameworks",
				);
				PRODUCT_BUNDLE_IDENTIFIER = com.dicekeys.DiceKeysUITests;
				PRODUCT_NAME = "$(TARGET_NAME)";
				SWIFT_VERSION = 5.0;
				TARGETED_DEVICE_FAMILY = "1,2";
				TEST_TARGET_NAME = DiceKeys;
			};
			name = Release;
		};
/* End XCBuildConfiguration section */

/* Begin XCConfigurationList section */
		6FAC6AA125480DE000AA8249 /* Build configuration list for PBXProject "DiceKeys" */ = {
			isa = XCConfigurationList;
			buildConfigurations = (
				6FAC6ACE25480DE200AA8249 /* Debug */,
				6FAC6ACF25480DE200AA8249 /* Release */,
			);
			defaultConfigurationIsVisible = 0;
			defaultConfigurationName = Release;
		};
		6FAC6AD025480DE200AA8249 /* Build configuration list for PBXNativeTarget "DiceKeys" */ = {
			isa = XCConfigurationList;
			buildConfigurations = (
				6FAC6AD125480DE200AA8249 /* Debug */,
				6FAC6AD225480DE200AA8249 /* Release */,
			);
			defaultConfigurationIsVisible = 0;
			defaultConfigurationName = Release;
		};
		6FAC6AD325480DE200AA8249 /* Build configuration list for PBXNativeTarget "DiceKeysTests" */ = {
			isa = XCConfigurationList;
			buildConfigurations = (
				6FAC6AD425480DE200AA8249 /* Debug */,
				6FAC6AD525480DE200AA8249 /* Release */,
			);
			defaultConfigurationIsVisible = 0;
			defaultConfigurationName = Release;
		};
		6FAC6AD625480DE200AA8249 /* Build configuration list for PBXNativeTarget "DiceKeysUITests" */ = {
			isa = XCConfigurationList;
			buildConfigurations = (
				6FAC6AD725480DE200AA8249 /* Debug */,
				6FAC6AD825480DE200AA8249 /* Release */,
			);
			defaultConfigurationIsVisible = 0;
			defaultConfigurationName = Release;
		};
/* End XCConfigurationList section */
	};
	rootObject = 6FAC6A9E25480DE000AA8249 /* Project object */;
}
