PODS:
  - Djinni (4.4.1):
    - Djinni/objc (= 4.4.1)
  - Djinni/objc (4.4.1)
  - OpenCV2 (4.3.0)
  - ReadDiceKey (0.1.0):
    - Djinni (~> 4.4.1)
    - OpenCV2 (~> 4.3.0)
  - SeededCrypto (0.1.0)

DEPENDENCIES:
  - ReadDiceKey (from `https://github.com/dicekeys/read-dicekey-ios.git`)
  - SeededCrypto (from `https://github.com/dicekeys/seeded-crypto-ios.git`)

SPEC REPOS:
  trunk:
    - Djinni
    - OpenCV2

EXTERNAL SOURCES:
  ReadDiceKey:
    :git: https://github.com/dicekeys/read-dicekey-ios.git
    :submodules: true
  SeededCrypto:
    :git: https://github.com/dicekeys/seeded-crypto-ios.git
    :submodules: true

CHECKOUT OPTIONS:
  ReadDiceKey:
    :commit: dab4dfb5954b93337da752541c5fc9571b3815ae
    :git: https://github.com/dicekeys/read-dicekey-ios.git
    :submodules: true
  SeededCrypto:
    :commit: b7463512e22ab361f25712619af0ec3bd12266e3
    :git: https://github.com/dicekeys/seeded-crypto-ios.git
    :submodules: true

SPEC CHECKSUMS:
  Djinni: de170220fcf453440e0fa7c71582040aa095591d
  OpenCV2: ffe82e5cb5d16dc3fc01a5f4127b9a5b3cfc7d1b
  ReadDiceKey: 21039ccc3a6c428926c8d274640e86cd8a3c1319
  SeededCrypto: afa448f64435b0126193c8ff316151d65af30703

PODFILE CHECKSUM: fc25298c21b34a0120671b2d3a27cf271ad847a6

COCOAPODS: 1.10.0
